// !$*UTF8*$!
{
	archiveVersion = 1;
	classes = {
	};
	objectVersion = 46;
	objects = {

/* Begin PBXBuildFile section */
		72FF89A7FAD04AAEA02678DF /* libPods-Flamey.a in Frameworks */ = {isa = PBXBuildFile; fileRef = FBE3E9771FF341C28DF3B968 /* libPods-Flamey.a */; };
		CB0744981AAD6DC800DB722E /* FLTutorialHowView.m in Sources */ = {isa = PBXBuildFile; fileRef = CB0744971AAD6DC800DB722E /* FLTutorialHowView.m */; };
		CB07449C1AAD6DF100DB722E /* FLTutorialHowView.xib in Resources */ = {isa = PBXBuildFile; fileRef = CB07449B1AAD6DF100DB722E /* FLTutorialHowView.xib */; };
		CB1EE06E1A98639F00400611 /* FLContactViewController.m in Sources */ = {isa = PBXBuildFile; fileRef = CB1EE06D1A98639F00400611 /* FLContactViewController.m */; };
		CB1EE0711A98649300400611 /* FLContactViewController.xib in Resources */ = {isa = PBXBuildFile; fileRef = CB1EE0701A98649300400611 /* FLContactViewController.xib */; };
		CB1EE07B1A98B56500400611 /* FLTOSViewController.m in Sources */ = {isa = PBXBuildFile; fileRef = CB1EE0791A98B56500400611 /* FLTOSViewController.m */; };
		CB1EE07C1A98B56500400611 /* FLTOSViewController.xib in Resources */ = {isa = PBXBuildFile; fileRef = CB1EE07A1A98B56500400611 /* FLTOSViewController.xib */; };
		CB2A90B81A812027005AFB08 /* FLFilterViewHeader.xib in Resources */ = {isa = PBXBuildFile; fileRef = CB2A90B71A812027005AFB08 /* FLFilterViewHeader.xib */; };
		CB2EBE6E1A7DCB6800D76528 /* FLImageFilterViewController.m in Sources */ = {isa = PBXBuildFile; fileRef = CB2EBE6C1A7DCB6800D76528 /* FLImageFilterViewController.m */; };
		CB2EBE731A7DCE0E00D76528 /* FLFilterTableViewCell.m in Sources */ = {isa = PBXBuildFile; fileRef = CB2EBE711A7DCE0E00D76528 /* FLFilterTableViewCell.m */; };
		CB2EBE741A7DCE0E00D76528 /* FLFilterTableViewCell.xib in Resources */ = {isa = PBXBuildFile; fileRef = CB2EBE721A7DCE0E00D76528 /* FLFilterTableViewCell.xib */; };
		CB2EBE771A7DCED900D76528 /* FLFilterSlider.m in Sources */ = {isa = PBXBuildFile; fileRef = CB2EBE761A7DCED900D76528 /* FLFilterSlider.m */; };
		CB2EBE7B1A7DD98100D76528 /* FLToolsStore.m in Sources */ = {isa = PBXBuildFile; fileRef = CB2EBE7A1A7DD98100D76528 /* FLToolsStore.m */; };
		CB3B7CFF1A58374B005F6402 /* main.m in Sources */ = {isa = PBXBuildFile; fileRef = CB3B7CFE1A58374B005F6402 /* main.m */; };
		CB3B7D021A58374B005F6402 /* FLAppDelegate.m in Sources */ = {isa = PBXBuildFile; fileRef = CB3B7D011A58374B005F6402 /* FLAppDelegate.m */; };
		CB3B7D051A58374B005F6402 /* FLSelectedPhotosCollectionViewController.m in Sources */ = {isa = PBXBuildFile; fileRef = CB3B7D041A58374B005F6402 /* FLSelectedPhotosCollectionViewController.m */; };
		CB3B7D081A58374B005F6402 /* FLSettingsViewController.m in Sources */ = {isa = PBXBuildFile; fileRef = CB3B7D071A58374B005F6402 /* FLSettingsViewController.m */; };
		CB3B7D0B1A58374B005F6402 /* Main.storyboard in Resources */ = {isa = PBXBuildFile; fileRef = CB3B7D091A58374B005F6402 /* Main.storyboard */; };
		CB3B7D0D1A58374B005F6402 /* Images.xcassets in Resources */ = {isa = PBXBuildFile; fileRef = CB3B7D0C1A58374B005F6402 /* Images.xcassets */; };
		CB3B7D101A58374B005F6402 /* LaunchScreen.xib in Resources */ = {isa = PBXBuildFile; fileRef = CB3B7D0E1A58374B005F6402 /* LaunchScreen.xib */; };
		CB3B7D1C1A58374B005F6402 /* FlameyTests.m in Sources */ = {isa = PBXBuildFile; fileRef = CB3B7D1B1A58374B005F6402 /* FlameyTests.m */; };
		CB3B7D321A5860C7005F6402 /* FLLoginViewController.m in Sources */ = {isa = PBXBuildFile; fileRef = CB3B7D311A5860C7005F6402 /* FLLoginViewController.m */; };
		CB3B7D351A586674005F6402 /* FLSettings.m in Sources */ = {isa = PBXBuildFile; fileRef = CB3B7D341A586674005F6402 /* FLSettings.m */; };
		CB3B7D381A5867F7005F6402 /* FLErrorHandler.m in Sources */ = {isa = PBXBuildFile; fileRef = CB3B7D371A5867F7005F6402 /* FLErrorHandler.m */; };
		CB3C344B1AB7BB83006C8C60 /* FLLoginSlide.m in Sources */ = {isa = PBXBuildFile; fileRef = CB3C344A1AB7BB83006C8C60 /* FLLoginSlide.m */; };
		CB4268C71A7D596A00745A9F /* FLViewHelpers.m in Sources */ = {isa = PBXBuildFile; fileRef = CB4268C61A7D596900745A9F /* FLViewHelpers.m */; };
		CB4ABFE41AB4BF2D00ABD784 /* FLAnnotationNavViewController.m in Sources */ = {isa = PBXBuildFile; fileRef = CB4ABFE31AB4BF2D00ABD784 /* FLAnnotationNavViewController.m */; };
		CB4ABFE71AB4C29D00ABD784 /* FLTabBarViewController.m in Sources */ = {isa = PBXBuildFile; fileRef = CB4ABFE61AB4C29D00ABD784 /* FLTabBarViewController.m */; };
		CB524F711AB69848000C6228 /* FLLoginSlide.xib in Resources */ = {isa = PBXBuildFile; fileRef = CB524F701AB69848000C6228 /* FLLoginSlide.xib */; };
		CB5519651ABD547B00CD0C5E /* FLTutorialProcessView.m in Sources */ = {isa = PBXBuildFile; fileRef = CB5519641ABD547B00CD0C5E /* FLTutorialProcessView.m */; };
		CB5519671ABD548900CD0C5E /* FLTutorialProcessView.xib in Resources */ = {isa = PBXBuildFile; fileRef = CB5519661ABD548900CD0C5E /* FLTutorialProcessView.xib */; };
		CB6BC4BF1AA57720006D34EF /* FLLoginView.m in Sources */ = {isa = PBXBuildFile; fileRef = CB6BC4BE1AA57720006D34EF /* FLLoginView.m */; };
		CB6BC4C31AA59467006D34EF /* FLTutorialViewController.m in Sources */ = {isa = PBXBuildFile; fileRef = CB6BC4C21AA59467006D34EF /* FLTutorialViewController.m */; };
		CB6CFF281A6C858C00ACD39A /* FLPhoto.m in Sources */ = {isa = PBXBuildFile; fileRef = CB6CFF271A6C858C00ACD39A /* FLPhoto.m */; };
		CB6F8CFC1A6B478F00429133 /* FLFacebookAlbumTableViewController.m in Sources */ = {isa = PBXBuildFile; fileRef = CB6F8CFB1A6B478F00429133 /* FLFacebookAlbumTableViewController.m */; };
		CB6F8CFF1A6B538000429133 /* FLFacebookPhotoPickerViewController.m in Sources */ = {isa = PBXBuildFile; fileRef = CB6F8CFE1A6B538000429133 /* FLFacebookPhotoPickerViewController.m */; };
		CB6F8D081A6C83B700429133 /* FLSelectedPhotoStore.m in Sources */ = {isa = PBXBuildFile; fileRef = CB6F8D071A6C83B700429133 /* FLSelectedPhotoStore.m */; };
		CB7EF47D1A807BA20084666E /* FLFiltersStore.m in Sources */ = {isa = PBXBuildFile; fileRef = CB7EF47C1A807BA20084666E /* FLFiltersStore.m */; };
		CB902F9C1A8DC5D0003D2950 /* FLFacebookUploadModalViewController.m in Sources */ = {isa = PBXBuildFile; fileRef = CB902F9B1A8DC5D0003D2950 /* FLFacebookUploadModalViewController.m */; };
		CB902F9F1A8DC836003D2950 /* FLProcessedImagesStore.m in Sources */ = {isa = PBXBuildFile; fileRef = CB902F9E1A8DC836003D2950 /* FLProcessedImagesStore.m */; };
		CB93248B1ABE97E800DB05D5 /* FLUser.m in Sources */ = {isa = PBXBuildFile; fileRef = CB93248A1ABE97E800DB05D5 /* FLUser.m */; };
		CB9C1D121ABBCB6A002C7FF9 /* FLTutorialResultView.m in Sources */ = {isa = PBXBuildFile; fileRef = CB9C1D111ABBCB6A002C7FF9 /* FLTutorialResultView.m */; };
		CB9C1D141ABBCBA5002C7FF9 /* FLTutorialResultView.xib in Resources */ = {isa = PBXBuildFile; fileRef = CB9C1D131ABBCBA5002C7FF9 /* FLTutorialResultView.xib */; };
		CBA10DA11A7CABD3001DF13B /* FLFacebookPhotoCollectionViewCell.m in Sources */ = {isa = PBXBuildFile; fileRef = CBA10D9F1A7CABD3001DF13B /* FLFacebookPhotoCollectionViewCell.m */; };
		CBA10DA21A7CABD3001DF13B /* FLFacebookPhotoCollectionViewCell.xib in Resources */ = {isa = PBXBuildFile; fileRef = CBA10DA01A7CABD3001DF13B /* FLFacebookPhotoCollectionViewCell.xib */; };
		CBA780E51A911E8500CE9D84 /* FLAnnotationTableViewCell.m in Sources */ = {isa = PBXBuildFile; fileRef = CBA780E31A911E8500CE9D84 /* FLAnnotationTableViewCell.m */; };
		CBA780E61A911E8500CE9D84 /* FLAnnotationTableViewCell.xib in Resources */ = {isa = PBXBuildFile; fileRef = CBA780E41A911E8500CE9D84 /* FLAnnotationTableViewCell.xib */; };
		CBA780EA1A9123C200CE9D84 /* FLAnnotationStore.m in Sources */ = {isa = PBXBuildFile; fileRef = CBA780E91A9123C200CE9D84 /* FLAnnotationStore.m */; };
		CBD126BC1A8BCEFD00BED835 /* FLImageAnnotationViewController.m in Sources */ = {isa = PBXBuildFile; fileRef = CBD126BB1A8BCEFD00BED835 /* FLImageAnnotationViewController.m */; };
		CBDDEF7F1AA8242700FF4E8D /* FLTutorialSolutionView.xib in Resources */ = {isa = PBXBuildFile; fileRef = CBDDEF7E1AA8242700FF4E8D /* FLTutorialSolutionView.xib */; };
		CBDDEF821AA825C400FF4E8D /* FLTutorialSolutionView.m in Sources */ = {isa = PBXBuildFile; fileRef = CBDDEF811AA825C400FF4E8D /* FLTutorialSolutionView.m */; };
		CBDDEF851AABB71F00FF4E8D /* FLSelectionCollectionEmptyMessageView.m in Sources */ = {isa = PBXBuildFile; fileRef = CBDDEF841AABB71F00FF4E8D /* FLSelectionCollectionEmptyMessageView.m */; };
		CBDDEF871AABB73200FF4E8D /* FLSelectionCollectionEmptyMessageView.xib in Resources */ = {isa = PBXBuildFile; fileRef = CBDDEF861AABB73200FF4E8D /* FLSelectionCollectionEmptyMessageView.xib */; };
		CBDF2CAF1AAC1CA100151BD5 /* FLAnnotationTableEmptyMessageView.m in Sources */ = {isa = PBXBuildFile; fileRef = CBDF2CAE1AAC1CA100151BD5 /* FLAnnotationTableEmptyMessageView.m */; };
		CBEC72F81A7D494100F8D0AE /* CollectionViewHelpers.m in Sources */ = {isa = PBXBuildFile; fileRef = CBEC72F71A7D494100F8D0AE /* CollectionViewHelpers.m */; };
		CBEE45DE1ABBEE1100C42FE2 /* Rochester-Regular.ttf in Resources */ = {isa = PBXBuildFile; fileRef = CBEE45DD1ABBEE1100C42FE2 /* Rochester-Regular.ttf */; };
		CBEE93371AA2B98E00BA44FD /* FLAnnotationTableEmptyMessageView.xib in Resources */ = {isa = PBXBuildFile; fileRef = CBEE93361AA2B98E00BA44FD /* FLAnnotationTableEmptyMessageView.xib */; };
		CBFB80D71A59B3E8001982A6 /* FLPhotoCollectionViewCell.m in Sources */ = {isa = PBXBuildFile; fileRef = CBFB80D51A59B3E8001982A6 /* FLPhotoCollectionViewCell.m */; };
		CBFB80D81A59B3E8001982A6 /* FLPhotoCollectionViewCell.xib in Resources */ = {isa = PBXBuildFile; fileRef = CBFB80D61A59B3E8001982A6 /* FLPhotoCollectionViewCell.xib */; };
/* End PBXBuildFile section */

/* Begin PBXContainerItemProxy section */
		CB3B7D161A58374B005F6402 /* PBXContainerItemProxy */ = {
			isa = PBXContainerItemProxy;
			containerPortal = CB3B7CF11A58374B005F6402 /* Project object */;
			proxyType = 1;
			remoteGlobalIDString = CB3B7CF81A58374B005F6402;
			remoteInfo = Flamey;
		};
/* End PBXContainerItemProxy section */

/* Begin PBXFileReference section */
		74538D7B189EE09795B7515B /* Pods-Flamey.release.xcconfig */ = {isa = PBXFileReference; includeInIndex = 1; lastKnownFileType = text.xcconfig; name = "Pods-Flamey.release.xcconfig"; path = "Pods/Target Support Files/Pods-Flamey/Pods-Flamey.release.xcconfig"; sourceTree = "<group>"; };
		B972D952EEE5CAB86BF19038 /* Pods-Flamey.debug.xcconfig */ = {isa = PBXFileReference; includeInIndex = 1; lastKnownFileType = text.xcconfig; name = "Pods-Flamey.debug.xcconfig"; path = "Pods/Target Support Files/Pods-Flamey/Pods-Flamey.debug.xcconfig"; sourceTree = "<group>"; };
		CB0744961AAD6DC800DB722E /* FLTutorialHowView.h */ = {isa = PBXFileReference; fileEncoding = 4; lastKnownFileType = sourcecode.c.h; path = FLTutorialHowView.h; sourceTree = "<group>"; };
		CB0744971AAD6DC800DB722E /* FLTutorialHowView.m */ = {isa = PBXFileReference; fileEncoding = 4; lastKnownFileType = sourcecode.c.objc; path = FLTutorialHowView.m; sourceTree = "<group>"; };
		CB07449B1AAD6DF100DB722E /* FLTutorialHowView.xib */ = {isa = PBXFileReference; fileEncoding = 4; lastKnownFileType = file.xib; path = FLTutorialHowView.xib; sourceTree = "<group>"; };
		CB1EE06C1A98639F00400611 /* FLContactViewController.h */ = {isa = PBXFileReference; fileEncoding = 4; lastKnownFileType = sourcecode.c.h; path = FLContactViewController.h; sourceTree = "<group>"; };
		CB1EE06D1A98639F00400611 /* FLContactViewController.m */ = {isa = PBXFileReference; fileEncoding = 4; lastKnownFileType = sourcecode.c.objc; path = FLContactViewController.m; sourceTree = "<group>"; };
		CB1EE0701A98649300400611 /* FLContactViewController.xib */ = {isa = PBXFileReference; fileEncoding = 4; lastKnownFileType = file.xib; path = FLContactViewController.xib; sourceTree = "<group>"; };
		CB1EE0781A98B56500400611 /* FLTOSViewController.h */ = {isa = PBXFileReference; fileEncoding = 4; lastKnownFileType = sourcecode.c.h; path = FLTOSViewController.h; sourceTree = "<group>"; };
		CB1EE0791A98B56500400611 /* FLTOSViewController.m */ = {isa = PBXFileReference; fileEncoding = 4; lastKnownFileType = sourcecode.c.objc; path = FLTOSViewController.m; sourceTree = "<group>"; };
		CB1EE07A1A98B56500400611 /* FLTOSViewController.xib */ = {isa = PBXFileReference; fileEncoding = 4; lastKnownFileType = file.xib; path = FLTOSViewController.xib; sourceTree = "<group>"; };
		CB2A90B71A812027005AFB08 /* FLFilterViewHeader.xib */ = {isa = PBXFileReference; fileEncoding = 4; lastKnownFileType = file.xib; path = FLFilterViewHeader.xib; sourceTree = "<group>"; };
		CB2EBE6B1A7DCB6800D76528 /* FLImageFilterViewController.h */ = {isa = PBXFileReference; fileEncoding = 4; lastKnownFileType = sourcecode.c.h; path = FLImageFilterViewController.h; sourceTree = "<group>"; };
		CB2EBE6C1A7DCB6800D76528 /* FLImageFilterViewController.m */ = {isa = PBXFileReference; fileEncoding = 4; lastKnownFileType = sourcecode.c.objc; path = FLImageFilterViewController.m; sourceTree = "<group>"; };
		CB2EBE701A7DCE0E00D76528 /* FLFilterTableViewCell.h */ = {isa = PBXFileReference; fileEncoding = 4; lastKnownFileType = sourcecode.c.h; path = FLFilterTableViewCell.h; sourceTree = "<group>"; };
		CB2EBE711A7DCE0E00D76528 /* FLFilterTableViewCell.m */ = {isa = PBXFileReference; fileEncoding = 4; lastKnownFileType = sourcecode.c.objc; path = FLFilterTableViewCell.m; sourceTree = "<group>"; };
		CB2EBE721A7DCE0E00D76528 /* FLFilterTableViewCell.xib */ = {isa = PBXFileReference; fileEncoding = 4; lastKnownFileType = file.xib; path = FLFilterTableViewCell.xib; sourceTree = "<group>"; };
		CB2EBE751A7DCED900D76528 /* FLFilterSlider.h */ = {isa = PBXFileReference; fileEncoding = 4; lastKnownFileType = sourcecode.c.h; path = FLFilterSlider.h; sourceTree = "<group>"; };
		CB2EBE761A7DCED900D76528 /* FLFilterSlider.m */ = {isa = PBXFileReference; fileEncoding = 4; lastKnownFileType = sourcecode.c.objc; path = FLFilterSlider.m; sourceTree = "<group>"; };
		CB2EBE781A7DD93600D76528 /* FLFilterHelpers.h */ = {isa = PBXFileReference; lastKnownFileType = sourcecode.c.h; path = FLFilterHelpers.h; sourceTree = "<group>"; };
		CB2EBE791A7DD98100D76528 /* FLToolsStore.h */ = {isa = PBXFileReference; fileEncoding = 4; lastKnownFileType = sourcecode.c.h; path = FLToolsStore.h; sourceTree = "<group>"; };
		CB2EBE7A1A7DD98100D76528 /* FLToolsStore.m */ = {isa = PBXFileReference; fileEncoding = 4; lastKnownFileType = sourcecode.c.objc; path = FLToolsStore.m; sourceTree = "<group>"; };
		CB2EBE811A7DDB5400D76528 /* FLStyleConstants.h */ = {isa = PBXFileReference; lastKnownFileType = sourcecode.c.h; path = FLStyleConstants.h; sourceTree = "<group>"; };
		CB2EBE821A7DDB9400D76528 /* FLComponentConstants.h */ = {isa = PBXFileReference; lastKnownFileType = sourcecode.c.h; path = FLComponentConstants.h; sourceTree = "<group>"; };
		CB3B7CF91A58374B005F6402 /* Flamey.app */ = {isa = PBXFileReference; explicitFileType = wrapper.application; includeInIndex = 0; path = Flamey.app; sourceTree = BUILT_PRODUCTS_DIR; };
		CB3B7CFD1A58374B005F6402 /* Info.plist */ = {isa = PBXFileReference; lastKnownFileType = text.plist.xml; path = Info.plist; sourceTree = "<group>"; };
		CB3B7CFE1A58374B005F6402 /* main.m */ = {isa = PBXFileReference; lastKnownFileType = sourcecode.c.objc; path = main.m; sourceTree = "<group>"; };
		CB3B7D001A58374B005F6402 /* FLAppDelegate.h */ = {isa = PBXFileReference; lastKnownFileType = sourcecode.c.h; path = FLAppDelegate.h; sourceTree = "<group>"; };
		CB3B7D011A58374B005F6402 /* FLAppDelegate.m */ = {isa = PBXFileReference; lastKnownFileType = sourcecode.c.objc; path = FLAppDelegate.m; sourceTree = "<group>"; };
		CB3B7D031A58374B005F6402 /* FLSelectedPhotosCollectionViewController.h */ = {isa = PBXFileReference; lastKnownFileType = sourcecode.c.h; path = FLSelectedPhotosCollectionViewController.h; sourceTree = "<group>"; };
		CB3B7D041A58374B005F6402 /* FLSelectedPhotosCollectionViewController.m */ = {isa = PBXFileReference; lastKnownFileType = sourcecode.c.objc; path = FLSelectedPhotosCollectionViewController.m; sourceTree = "<group>"; };
		CB3B7D061A58374B005F6402 /* FLSettingsViewController.h */ = {isa = PBXFileReference; lastKnownFileType = sourcecode.c.h; path = FLSettingsViewController.h; sourceTree = "<group>"; };
		CB3B7D071A58374B005F6402 /* FLSettingsViewController.m */ = {isa = PBXFileReference; lastKnownFileType = sourcecode.c.objc; path = FLSettingsViewController.m; sourceTree = "<group>"; };
		CB3B7D0A1A58374B005F6402 /* Base */ = {isa = PBXFileReference; lastKnownFileType = file.storyboard; name = Base; path = Base.lproj/Main.storyboard; sourceTree = "<group>"; };
		CB3B7D0C1A58374B005F6402 /* Images.xcassets */ = {isa = PBXFileReference; lastKnownFileType = folder.assetcatalog; path = Images.xcassets; sourceTree = "<group>"; };
		CB3B7D0F1A58374B005F6402 /* Base */ = {isa = PBXFileReference; lastKnownFileType = file.xib; name = Base; path = Base.lproj/LaunchScreen.xib; sourceTree = "<group>"; };
		CB3B7D151A58374B005F6402 /* FlameyTests.xctest */ = {isa = PBXFileReference; explicitFileType = wrapper.cfbundle; includeInIndex = 0; path = FlameyTests.xctest; sourceTree = BUILT_PRODUCTS_DIR; };
		CB3B7D1A1A58374B005F6402 /* Info.plist */ = {isa = PBXFileReference; lastKnownFileType = text.plist.xml; path = Info.plist; sourceTree = "<group>"; };
		CB3B7D1B1A58374B005F6402 /* FlameyTests.m */ = {isa = PBXFileReference; lastKnownFileType = sourcecode.c.objc; path = FlameyTests.m; sourceTree = "<group>"; };
		CB3B7D301A5860C7005F6402 /* FLLoginViewController.h */ = {isa = PBXFileReference; fileEncoding = 4; lastKnownFileType = sourcecode.c.h; path = FLLoginViewController.h; sourceTree = "<group>"; };
		CB3B7D311A5860C7005F6402 /* FLLoginViewController.m */ = {isa = PBXFileReference; fileEncoding = 4; lastKnownFileType = sourcecode.c.objc; path = FLLoginViewController.m; sourceTree = "<group>"; };
		CB3B7D331A586674005F6402 /* FLSettings.h */ = {isa = PBXFileReference; fileEncoding = 4; lastKnownFileType = sourcecode.c.h; path = FLSettings.h; sourceTree = "<group>"; };
		CB3B7D341A586674005F6402 /* FLSettings.m */ = {isa = PBXFileReference; fileEncoding = 4; lastKnownFileType = sourcecode.c.objc; path = FLSettings.m; sourceTree = "<group>"; };
		CB3B7D361A5867F7005F6402 /* FLErrorHandler.h */ = {isa = PBXFileReference; fileEncoding = 4; lastKnownFileType = sourcecode.c.h; path = FLErrorHandler.h; sourceTree = "<group>"; };
		CB3B7D371A5867F7005F6402 /* FLErrorHandler.m */ = {isa = PBXFileReference; fileEncoding = 4; lastKnownFileType = sourcecode.c.objc; path = FLErrorHandler.m; sourceTree = "<group>"; };
		CB3C34491AB7BB83006C8C60 /* FLLoginSlide.h */ = {isa = PBXFileReference; fileEncoding = 4; lastKnownFileType = sourcecode.c.h; path = FLLoginSlide.h; sourceTree = "<group>"; };
		CB3C344A1AB7BB83006C8C60 /* FLLoginSlide.m */ = {isa = PBXFileReference; fileEncoding = 4; lastKnownFileType = sourcecode.c.objc; path = FLLoginSlide.m; sourceTree = "<group>"; };
		CB4268C51A7D596900745A9F /* FLViewHelpers.h */ = {isa = PBXFileReference; fileEncoding = 4; lastKnownFileType = sourcecode.c.h; path = FLViewHelpers.h; sourceTree = "<group>"; };
		CB4268C61A7D596900745A9F /* FLViewHelpers.m */ = {isa = PBXFileReference; fileEncoding = 4; lastKnownFileType = sourcecode.c.objc; path = FLViewHelpers.m; sourceTree = "<group>"; };
		CB4ABFE21AB4BF2D00ABD784 /* FLAnnotationNavViewController.h */ = {isa = PBXFileReference; fileEncoding = 4; lastKnownFileType = sourcecode.c.h; path = FLAnnotationNavViewController.h; sourceTree = "<group>"; };
		CB4ABFE31AB4BF2D00ABD784 /* FLAnnotationNavViewController.m */ = {isa = PBXFileReference; fileEncoding = 4; lastKnownFileType = sourcecode.c.objc; path = FLAnnotationNavViewController.m; sourceTree = "<group>"; };
		CB4ABFE51AB4C29D00ABD784 /* FLTabBarViewController.h */ = {isa = PBXFileReference; fileEncoding = 4; lastKnownFileType = sourcecode.c.h; path = FLTabBarViewController.h; sourceTree = "<group>"; };
		CB4ABFE61AB4C29D00ABD784 /* FLTabBarViewController.m */ = {isa = PBXFileReference; fileEncoding = 4; lastKnownFileType = sourcecode.c.objc; path = FLTabBarViewController.m; sourceTree = "<group>"; };
		CB524F701AB69848000C6228 /* FLLoginSlide.xib */ = {isa = PBXFileReference; fileEncoding = 4; lastKnownFileType = file.xib; path = FLLoginSlide.xib; sourceTree = "<group>"; };
		CB5519631ABD547B00CD0C5E /* FLTutorialProcessView.h */ = {isa = PBXFileReference; fileEncoding = 4; lastKnownFileType = sourcecode.c.h; path = FLTutorialProcessView.h; sourceTree = "<group>"; };
		CB5519641ABD547B00CD0C5E /* FLTutorialProcessView.m */ = {isa = PBXFileReference; fileEncoding = 4; lastKnownFileType = sourcecode.c.objc; path = FLTutorialProcessView.m; sourceTree = "<group>"; };
		CB5519661ABD548900CD0C5E /* FLTutorialProcessView.xib */ = {isa = PBXFileReference; fileEncoding = 4; lastKnownFileType = file.xib; path = FLTutorialProcessView.xib; sourceTree = "<group>"; };
		CB6BC4BD1AA57720006D34EF /* FLLoginView.h */ = {isa = PBXFileReference; fileEncoding = 4; lastKnownFileType = sourcecode.c.h; path = FLLoginView.h; sourceTree = "<group>"; };
		CB6BC4BE1AA57720006D34EF /* FLLoginView.m */ = {isa = PBXFileReference; fileEncoding = 4; lastKnownFileType = sourcecode.c.objc; path = FLLoginView.m; sourceTree = "<group>"; };
		CB6BC4C11AA59467006D34EF /* FLTutorialViewController.h */ = {isa = PBXFileReference; fileEncoding = 4; lastKnownFileType = sourcecode.c.h; path = FLTutorialViewController.h; sourceTree = "<group>"; };
		CB6BC4C21AA59467006D34EF /* FLTutorialViewController.m */ = {isa = PBXFileReference; fileEncoding = 4; lastKnownFileType = sourcecode.c.objc; path = FLTutorialViewController.m; sourceTree = "<group>"; };
		CB6CFF261A6C858C00ACD39A /* FLPhoto.h */ = {isa = PBXFileReference; fileEncoding = 4; lastKnownFileType = sourcecode.c.h; path = FLPhoto.h; sourceTree = "<group>"; };
		CB6CFF271A6C858C00ACD39A /* FLPhoto.m */ = {isa = PBXFileReference; fileEncoding = 4; lastKnownFileType = sourcecode.c.objc; path = FLPhoto.m; sourceTree = "<group>"; };
		CB6F8CFA1A6B478F00429133 /* FLFacebookAlbumTableViewController.h */ = {isa = PBXFileReference; fileEncoding = 4; lastKnownFileType = sourcecode.c.h; path = FLFacebookAlbumTableViewController.h; sourceTree = "<group>"; };
		CB6F8CFB1A6B478F00429133 /* FLFacebookAlbumTableViewController.m */ = {isa = PBXFileReference; fileEncoding = 4; lastKnownFileType = sourcecode.c.objc; path = FLFacebookAlbumTableViewController.m; sourceTree = "<group>"; };
		CB6F8CFD1A6B538000429133 /* FLFacebookPhotoPickerViewController.h */ = {isa = PBXFileReference; fileEncoding = 4; lastKnownFileType = sourcecode.c.h; path = FLFacebookPhotoPickerViewController.h; sourceTree = "<group>"; };
		CB6F8CFE1A6B538000429133 /* FLFacebookPhotoPickerViewController.m */ = {isa = PBXFileReference; fileEncoding = 4; lastKnownFileType = sourcecode.c.objc; path = FLFacebookPhotoPickerViewController.m; sourceTree = "<group>"; };
		CB6F8D061A6C83B700429133 /* FLSelectedPhotoStore.h */ = {isa = PBXFileReference; fileEncoding = 4; lastKnownFileType = sourcecode.c.h; path = FLSelectedPhotoStore.h; sourceTree = "<group>"; };
		CB6F8D071A6C83B700429133 /* FLSelectedPhotoStore.m */ = {isa = PBXFileReference; fileEncoding = 4; lastKnownFileType = sourcecode.c.objc; path = FLSelectedPhotoStore.m; sourceTree = "<group>"; };
		CB7EF47B1A807BA20084666E /* FLFiltersStore.h */ = {isa = PBXFileReference; fileEncoding = 4; lastKnownFileType = sourcecode.c.h; path = FLFiltersStore.h; sourceTree = "<group>"; };
		CB7EF47C1A807BA20084666E /* FLFiltersStore.m */ = {isa = PBXFileReference; fileEncoding = 4; lastKnownFileType = sourcecode.c.objc; path = FLFiltersStore.m; sourceTree = "<group>"; };
		CB7EF4951A8087110084666E /* Walkway_Black.ttf */ = {isa = PBXFileReference; lastKnownFileType = file; path = Walkway_Black.ttf; sourceTree = "<group>"; };
		CB7EF4961A8087110084666E /* Walkway_Bold.ttf */ = {isa = PBXFileReference; lastKnownFileType = file; path = Walkway_Bold.ttf; sourceTree = "<group>"; };
		CB7EF4971A8087110084666E /* Walkway_Oblique_Black.ttf */ = {isa = PBXFileReference; lastKnownFileType = file; path = Walkway_Oblique_Black.ttf; sourceTree = "<group>"; };
		CB7EF4981A8087110084666E /* Walkway_Oblique_Bold.ttf */ = {isa = PBXFileReference; lastKnownFileType = file; path = Walkway_Oblique_Bold.ttf; sourceTree = "<group>"; };
		CB7EF4991A8087110084666E /* Walkway_Oblique_SemiBold.ttf */ = {isa = PBXFileReference; lastKnownFileType = file; path = Walkway_Oblique_SemiBold.ttf; sourceTree = "<group>"; };
		CB7EF49A1A8087120084666E /* Walkway_Oblique_UltraBold.ttf */ = {isa = PBXFileReference; lastKnownFileType = file; path = Walkway_Oblique_UltraBold.ttf; sourceTree = "<group>"; };
		CB7EF49B1A8087120084666E /* Walkway_Oblique.ttf */ = {isa = PBXFileReference; lastKnownFileType = file; path = Walkway_Oblique.ttf; sourceTree = "<group>"; };
		CB7EF49C1A8087120084666E /* Walkway_SemiBold.ttf */ = {isa = PBXFileReference; lastKnownFileType = file; path = Walkway_SemiBold.ttf; sourceTree = "<group>"; };
		CB7EF49D1A8087120084666E /* Walkway_UltraBold.ttf */ = {isa = PBXFileReference; lastKnownFileType = file; path = Walkway_UltraBold.ttf; sourceTree = "<group>"; };
		CB902F9A1A8DC5D0003D2950 /* FLFacebookUploadModalViewController.h */ = {isa = PBXFileReference; fileEncoding = 4; lastKnownFileType = sourcecode.c.h; path = FLFacebookUploadModalViewController.h; sourceTree = "<group>"; };
		CB902F9B1A8DC5D0003D2950 /* FLFacebookUploadModalViewController.m */ = {isa = PBXFileReference; fileEncoding = 4; lastKnownFileType = sourcecode.c.objc; path = FLFacebookUploadModalViewController.m; sourceTree = "<group>"; };
		CB902F9D1A8DC836003D2950 /* FLProcessedImagesStore.h */ = {isa = PBXFileReference; fileEncoding = 4; lastKnownFileType = sourcecode.c.h; path = FLProcessedImagesStore.h; sourceTree = "<group>"; };
		CB902F9E1A8DC836003D2950 /* FLProcessedImagesStore.m */ = {isa = PBXFileReference; fileEncoding = 4; lastKnownFileType = sourcecode.c.objc; path = FLProcessedImagesStore.m; sourceTree = "<group>"; };
		CB9324891ABE97E800DB05D5 /* FLUser.h */ = {isa = PBXFileReference; fileEncoding = 4; lastKnownFileType = sourcecode.c.h; path = FLUser.h; sourceTree = "<group>"; };
		CB93248A1ABE97E800DB05D5 /* FLUser.m */ = {isa = PBXFileReference; fileEncoding = 4; lastKnownFileType = sourcecode.c.objc; path = FLUser.m; sourceTree = "<group>"; };
		CB9C1D101ABBCB6A002C7FF9 /* FLTutorialResultView.h */ = {isa = PBXFileReference; fileEncoding = 4; lastKnownFileType = sourcecode.c.h; path = FLTutorialResultView.h; sourceTree = "<group>"; };
		CB9C1D111ABBCB6A002C7FF9 /* FLTutorialResultView.m */ = {isa = PBXFileReference; fileEncoding = 4; lastKnownFileType = sourcecode.c.objc; path = FLTutorialResultView.m; sourceTree = "<group>"; };
		CB9C1D131ABBCBA5002C7FF9 /* FLTutorialResultView.xib */ = {isa = PBXFileReference; fileEncoding = 4; lastKnownFileType = file.xib; path = FLTutorialResultView.xib; sourceTree = "<group>"; };
		CBA10D9E1A7CABD3001DF13B /* FLFacebookPhotoCollectionViewCell.h */ = {isa = PBXFileReference; fileEncoding = 4; lastKnownFileType = sourcecode.c.h; path = FLFacebookPhotoCollectionViewCell.h; sourceTree = "<group>"; };
		CBA10D9F1A7CABD3001DF13B /* FLFacebookPhotoCollectionViewCell.m */ = {isa = PBXFileReference; fileEncoding = 4; lastKnownFileType = sourcecode.c.objc; path = FLFacebookPhotoCollectionViewCell.m; sourceTree = "<group>"; };
		CBA10DA01A7CABD3001DF13B /* FLFacebookPhotoCollectionViewCell.xib */ = {isa = PBXFileReference; fileEncoding = 4; lastKnownFileType = file.xib; path = FLFacebookPhotoCollectionViewCell.xib; sourceTree = "<group>"; };
		CBA780E21A911E8500CE9D84 /* FLAnnotationTableViewCell.h */ = {isa = PBXFileReference; fileEncoding = 4; lastKnownFileType = sourcecode.c.h; path = FLAnnotationTableViewCell.h; sourceTree = "<group>"; };
		CBA780E31A911E8500CE9D84 /* FLAnnotationTableViewCell.m */ = {isa = PBXFileReference; fileEncoding = 4; lastKnownFileType = sourcecode.c.objc; path = FLAnnotationTableViewCell.m; sourceTree = "<group>"; };
		CBA780E41A911E8500CE9D84 /* FLAnnotationTableViewCell.xib */ = {isa = PBXFileReference; fileEncoding = 4; lastKnownFileType = file.xib; path = FLAnnotationTableViewCell.xib; sourceTree = "<group>"; };
		CBA780E81A9123C200CE9D84 /* FLAnnotationStore.h */ = {isa = PBXFileReference; fileEncoding = 4; lastKnownFileType = sourcecode.c.h; path = FLAnnotationStore.h; sourceTree = "<group>"; };
		CBA780E91A9123C200CE9D84 /* FLAnnotationStore.m */ = {isa = PBXFileReference; fileEncoding = 4; lastKnownFileType = sourcecode.c.objc; path = FLAnnotationStore.m; sourceTree = "<group>"; };
		CBD126BA1A8BCEFD00BED835 /* FLImageAnnotationViewController.h */ = {isa = PBXFileReference; fileEncoding = 4; lastKnownFileType = sourcecode.c.h; path = FLImageAnnotationViewController.h; sourceTree = "<group>"; };
		CBD126BB1A8BCEFD00BED835 /* FLImageAnnotationViewController.m */ = {isa = PBXFileReference; fileEncoding = 4; lastKnownFileType = sourcecode.c.objc; path = FLImageAnnotationViewController.m; sourceTree = "<group>"; };
		CBDDEF7E1AA8242700FF4E8D /* FLTutorialSolutionView.xib */ = {isa = PBXFileReference; fileEncoding = 4; lastKnownFileType = file.xib; path = FLTutorialSolutionView.xib; sourceTree = "<group>"; };
		CBDDEF801AA825C400FF4E8D /* FLTutorialSolutionView.h */ = {isa = PBXFileReference; fileEncoding = 4; lastKnownFileType = sourcecode.c.h; path = FLTutorialSolutionView.h; sourceTree = "<group>"; };
		CBDDEF811AA825C400FF4E8D /* FLTutorialSolutionView.m */ = {isa = PBXFileReference; fileEncoding = 4; lastKnownFileType = sourcecode.c.objc; path = FLTutorialSolutionView.m; sourceTree = "<group>"; };
		CBDDEF831AABB71F00FF4E8D /* FLSelectionCollectionEmptyMessageView.h */ = {isa = PBXFileReference; fileEncoding = 4; lastKnownFileType = sourcecode.c.h; path = FLSelectionCollectionEmptyMessageView.h; sourceTree = "<group>"; };
		CBDDEF841AABB71F00FF4E8D /* FLSelectionCollectionEmptyMessageView.m */ = {isa = PBXFileReference; fileEncoding = 4; lastKnownFileType = sourcecode.c.objc; path = FLSelectionCollectionEmptyMessageView.m; sourceTree = "<group>"; };
		CBDDEF861AABB73200FF4E8D /* FLSelectionCollectionEmptyMessageView.xib */ = {isa = PBXFileReference; fileEncoding = 4; lastKnownFileType = file.xib; path = FLSelectionCollectionEmptyMessageView.xib; sourceTree = "<group>"; };
		CBDF2CAD1AAC1CA100151BD5 /* FLAnnotationTableEmptyMessageView.h */ = {isa = PBXFileReference; fileEncoding = 4; lastKnownFileType = sourcecode.c.h; path = FLAnnotationTableEmptyMessageView.h; sourceTree = "<group>"; };
		CBDF2CAE1AAC1CA100151BD5 /* FLAnnotationTableEmptyMessageView.m */ = {isa = PBXFileReference; fileEncoding = 4; lastKnownFileType = sourcecode.c.objc; path = FLAnnotationTableEmptyMessageView.m; sourceTree = "<group>"; };
		CBEC72F61A7D494100F8D0AE /* CollectionViewHelpers.h */ = {isa = PBXFileReference; fileEncoding = 4; lastKnownFileType = sourcecode.c.h; path = CollectionViewHelpers.h; sourceTree = "<group>"; };
		CBEC72F71A7D494100F8D0AE /* CollectionViewHelpers.m */ = {isa = PBXFileReference; fileEncoding = 4; lastKnownFileType = sourcecode.c.objc; path = CollectionViewHelpers.m; sourceTree = "<group>"; };
		CBEE45DD1ABBEE1100C42FE2 /* Rochester-Regular.ttf */ = {isa = PBXFileReference; lastKnownFileType = file; path = "Rochester-Regular.ttf"; sourceTree = "<group>"; };
		CBEE93361AA2B98E00BA44FD /* FLAnnotationTableEmptyMessageView.xib */ = {isa = PBXFileReference; fileEncoding = 4; lastKnownFileType = file.xib; path = FLAnnotationTableEmptyMessageView.xib; sourceTree = "<group>"; };
		CBFB80D41A59B3E8001982A6 /* FLPhotoCollectionViewCell.h */ = {isa = PBXFileReference; fileEncoding = 4; lastKnownFileType = sourcecode.c.h; path = FLPhotoCollectionViewCell.h; sourceTree = "<group>"; };
		CBFB80D51A59B3E8001982A6 /* FLPhotoCollectionViewCell.m */ = {isa = PBXFileReference; fileEncoding = 4; lastKnownFileType = sourcecode.c.objc; path = FLPhotoCollectionViewCell.m; sourceTree = "<group>"; };
		CBFB80D61A59B3E8001982A6 /* FLPhotoCollectionViewCell.xib */ = {isa = PBXFileReference; fileEncoding = 4; lastKnownFileType = file.xib; path = FLPhotoCollectionViewCell.xib; sourceTree = "<group>"; };
		CBFBFE811A58826B006657CD /* Bolts.framework */ = {isa = PBXFileReference; lastKnownFileType = wrapper.framework; path = Bolts.framework; sourceTree = "<group>"; };
		CBFBFE821A58826B006657CD /* FacebookSDK.framework */ = {isa = PBXFileReference; lastKnownFileType = wrapper.framework; path = FacebookSDK.framework; sourceTree = "<group>"; };
		CBFBFE831A58826B006657CD /* FBAudienceNetwork.framework */ = {isa = PBXFileReference; lastKnownFileType = wrapper.framework; path = FBAudienceNetwork.framework; sourceTree = "<group>"; };
		CBFBFE841A58826B006657CD /* FBAudienceNetwork.README.txt */ = {isa = PBXFileReference; lastKnownFileType = text; path = FBAudienceNetwork.README.txt; sourceTree = "<group>"; };
		CBFBFE851A58826B006657CD /* LICENSE */ = {isa = PBXFileReference; lastKnownFileType = text; path = LICENSE; sourceTree = "<group>"; };
		CBFBFE861A58826B006657CD /* README.txt */ = {isa = PBXFileReference; lastKnownFileType = text; path = README.txt; sourceTree = "<group>"; };
		FBE3E9771FF341C28DF3B968 /* libPods-Flamey.a */ = {isa = PBXFileReference; explicitFileType = archive.ar; includeInIndex = 0; path = "libPods-Flamey.a"; sourceTree = BUILT_PRODUCTS_DIR; };
/* End PBXFileReference section */

/* Begin PBXFrameworksBuildPhase section */
		CB3B7CF61A58374B005F6402 /* Frameworks */ = {
			isa = PBXFrameworksBuildPhase;
			buildActionMask = 2147483647;
			files = (
				72FF89A7FAD04AAEA02678DF /* libPods-Flamey.a in Frameworks */,
			);
			runOnlyForDeploymentPostprocessing = 0;
		};
		CB3B7D121A58374B005F6402 /* Frameworks */ = {
			isa = PBXFrameworksBuildPhase;
			buildActionMask = 2147483647;
			files = (
			);
			runOnlyForDeploymentPostprocessing = 0;
		};
/* End PBXFrameworksBuildPhase section */

/* Begin PBXGroup section */
		103802F0C21E42BBE560C8C2 /* Pods */ = {
			isa = PBXGroup;
			children = (
				B972D952EEE5CAB86BF19038 /* Pods-Flamey.debug.xcconfig */,
				74538D7B189EE09795B7515B /* Pods-Flamey.release.xcconfig */,
			);
			name = Pods;
			sourceTree = "<group>";
		};
		8653CABC8D15495390A3E34D /* Frameworks */ = {
			isa = PBXGroup;
			children = (
				CBFBFE801A58826B006657CD /* FacebookSDK */,
				FBE3E9771FF341C28DF3B968 /* libPods-Flamey.a */,
			);
			name = Frameworks;
			sourceTree = "<group>";
		};
		CB1EE06F1A98647A00400611 /* Contact */ = {
			isa = PBXGroup;
			children = (
				CB1EE06C1A98639F00400611 /* FLContactViewController.h */,
				CB1EE0701A98649300400611 /* FLContactViewController.xib */,
				CB1EE06D1A98639F00400611 /* FLContactViewController.m */,
			);
			name = Contact;
			sourceTree = "<group>";
		};
		CB1EE0771A98B4B800400611 /* TOS */ = {
			isa = PBXGroup;
			children = (
				CB1EE0781A98B56500400611 /* FLTOSViewController.h */,
				CB1EE0791A98B56500400611 /* FLTOSViewController.m */,
				CB1EE07A1A98B56500400611 /* FLTOSViewController.xib */,
			);
			name = TOS;
			sourceTree = "<group>";
		};
		CB2EBE6A1A7DCB2300D76528 /* Filters */ = {
			isa = PBXGroup;
			children = (
				CB2EBE6B1A7DCB6800D76528 /* FLImageFilterViewController.h */,
				CB2EBE6C1A7DCB6800D76528 /* FLImageFilterViewController.m */,
				CB2EBE701A7DCE0E00D76528 /* FLFilterTableViewCell.h */,
				CB2EBE711A7DCE0E00D76528 /* FLFilterTableViewCell.m */,
				CB2EBE721A7DCE0E00D76528 /* FLFilterTableViewCell.xib */,
				CB2EBE751A7DCED900D76528 /* FLFilterSlider.h */,
				CB2EBE761A7DCED900D76528 /* FLFilterSlider.m */,
				CB2A90B71A812027005AFB08 /* FLFilterViewHeader.xib */,
			);
			name = Filters;
			sourceTree = "<group>";
		};
		CB3B7CF01A58374B005F6402 = {
			isa = PBXGroup;
			children = (
				CB3B7CFB1A58374B005F6402 /* Flamey */,
				CB3B7D181A58374B005F6402 /* FlameyTests */,
				CB3B7CFA1A58374B005F6402 /* Products */,
				8653CABC8D15495390A3E34D /* Frameworks */,
				103802F0C21E42BBE560C8C2 /* Pods */,
			);
			sourceTree = "<group>";
		};
		CB3B7CFA1A58374B005F6402 /* Products */ = {
			isa = PBXGroup;
			children = (
				CB3B7CF91A58374B005F6402 /* Flamey.app */,
				CB3B7D151A58374B005F6402 /* FlameyTests.xctest */,
			);
			name = Products;
			sourceTree = "<group>";
		};
		CB3B7CFB1A58374B005F6402 /* Flamey */ = {
			isa = PBXGroup;
			children = (
				CB6BC4C01AA5943B006D34EF /* Tutorial */,
				CB902FA01A8DCB28003D2950 /* UploadImages */,
				CB7EF4931A8086FF0084666E /* Assets */,
				CB2EBE6A1A7DCB2300D76528 /* Filters */,
				CBEC72F51A7D492800F8D0AE /* Helpers */,
				CB6CFF251A6C852800ACD39A /* Models */,
				CB6F8D051A6C837200429133 /* Stores */,
				CB3B7D2F1A5860A5005F6402 /* Login */,
				CB3B7D001A58374B005F6402 /* FLAppDelegate.h */,
				CBF5B64E1A7CA234000F07AF /* FLSelectedPhotos */,
				CBF5B64D1A7CA1AB000F07AF /* FacebookAlbumTable */,
				CBF5B64C1A7CA195000F07AF /* FacebookPhotoPicker */,
				CB3B7D011A58374B005F6402 /* FLAppDelegate.m */,
				CBF5B6511A7CA293000F07AF /* Settings */,
				CB3B7D091A58374B005F6402 /* Main.storyboard */,
				CB3B7D0C1A58374B005F6402 /* Images.xcassets */,
				CB3B7D0E1A58374B005F6402 /* LaunchScreen.xib */,
				CB3B7CFC1A58374B005F6402 /* Supporting Files */,
				CBF5B6521A7CA2B5000F07AF /* Utils */,
				CBD126BD1A8BCF0C00BED835 /* AnnotateImage */,
				CB4ABFE51AB4C29D00ABD784 /* FLTabBarViewController.h */,
				CB4ABFE61AB4C29D00ABD784 /* FLTabBarViewController.m */,
			);
			path = Flamey;
			sourceTree = "<group>";
		};
		CB3B7CFC1A58374B005F6402 /* Supporting Files */ = {
			isa = PBXGroup;
			children = (
				CB3B7CFD1A58374B005F6402 /* Info.plist */,
				CB3B7CFE1A58374B005F6402 /* main.m */,
			);
			name = "Supporting Files";
			sourceTree = "<group>";
		};
		CB3B7D181A58374B005F6402 /* FlameyTests */ = {
			isa = PBXGroup;
			children = (
				CB3B7D1B1A58374B005F6402 /* FlameyTests.m */,
				CB3B7D191A58374B005F6402 /* Supporting Files */,
			);
			path = FlameyTests;
			sourceTree = "<group>";
		};
		CB3B7D191A58374B005F6402 /* Supporting Files */ = {
			isa = PBXGroup;
			children = (
				CB3B7D1A1A58374B005F6402 /* Info.plist */,
			);
			name = "Supporting Files";
			sourceTree = "<group>";
		};
		CB3B7D2F1A5860A5005F6402 /* Login */ = {
			isa = PBXGroup;
			children = (
				CB3B7D301A5860C7005F6402 /* FLLoginViewController.h */,
				CB3B7D311A5860C7005F6402 /* FLLoginViewController.m */,
				CB6BC4BD1AA57720006D34EF /* FLLoginView.h */,
				CB6BC4BE1AA57720006D34EF /* FLLoginView.m */,
				CB524F701AB69848000C6228 /* FLLoginSlide.xib */,
				CB3C34491AB7BB83006C8C60 /* FLLoginSlide.h */,
				CB3C344A1AB7BB83006C8C60 /* FLLoginSlide.m */,
			);
			name = Login;
			sourceTree = "<group>";
		};
		CB6BC4C01AA5943B006D34EF /* Tutorial */ = {
			isa = PBXGroup;
			children = (
				CB6BC4C11AA59467006D34EF /* FLTutorialViewController.h */,
				CB6BC4C21AA59467006D34EF /* FLTutorialViewController.m */,
				CBDDEF7E1AA8242700FF4E8D /* FLTutorialSolutionView.xib */,
				CBDDEF801AA825C400FF4E8D /* FLTutorialSolutionView.h */,
				CBDDEF811AA825C400FF4E8D /* FLTutorialSolutionView.m */,
				CB0744961AAD6DC800DB722E /* FLTutorialHowView.h */,
				CB07449B1AAD6DF100DB722E /* FLTutorialHowView.xib */,
				CB0744971AAD6DC800DB722E /* FLTutorialHowView.m */,
				CB9C1D101ABBCB6A002C7FF9 /* FLTutorialResultView.h */,
				CB9C1D111ABBCB6A002C7FF9 /* FLTutorialResultView.m */,
				CB9C1D131ABBCBA5002C7FF9 /* FLTutorialResultView.xib */,
				CB5519631ABD547B00CD0C5E /* FLTutorialProcessView.h */,
				CB5519641ABD547B00CD0C5E /* FLTutorialProcessView.m */,
				CB5519661ABD548900CD0C5E /* FLTutorialProcessView.xib */,
			);
			name = Tutorial;
			sourceTree = "<group>";
		};
		CB6CFF251A6C852800ACD39A /* Models */ = {
			isa = PBXGroup;
			children = (
				CB6CFF261A6C858C00ACD39A /* FLPhoto.h */,
				CB6CFF271A6C858C00ACD39A /* FLPhoto.m */,
				CB9324891ABE97E800DB05D5 /* FLUser.h */,
				CB93248A1ABE97E800DB05D5 /* FLUser.m */,
			);
			name = Models;
			sourceTree = "<group>";
		};
		CB6F8D051A6C837200429133 /* Stores */ = {
			isa = PBXGroup;
			children = (
				CB6F8D061A6C83B700429133 /* FLSelectedPhotoStore.h */,
				CB6F8D071A6C83B700429133 /* FLSelectedPhotoStore.m */,
				CB2EBE791A7DD98100D76528 /* FLToolsStore.h */,
				CB2EBE7A1A7DD98100D76528 /* FLToolsStore.m */,
				CB7EF47B1A807BA20084666E /* FLFiltersStore.h */,
				CB7EF47C1A807BA20084666E /* FLFiltersStore.m */,
				CB902F9D1A8DC836003D2950 /* FLProcessedImagesStore.h */,
				CB902F9E1A8DC836003D2950 /* FLProcessedImagesStore.m */,
				CBA780E81A9123C200CE9D84 /* FLAnnotationStore.h */,
				CBA780E91A9123C200CE9D84 /* FLAnnotationStore.m */,
			);
			name = Stores;
			sourceTree = "<group>";
		};
		CB7EF4931A8086FF0084666E /* Assets */ = {
			isa = PBXGroup;
			children = (
				CB7EF4941A8087050084666E /* Fonts */,
			);
			name = Assets;
			sourceTree = "<group>";
		};
		CB7EF4941A8087050084666E /* Fonts */ = {
			isa = PBXGroup;
			children = (
				CBEE45DD1ABBEE1100C42FE2 /* Rochester-Regular.ttf */,
				CB7EF4951A8087110084666E /* Walkway_Black.ttf */,
				CB7EF4961A8087110084666E /* Walkway_Bold.ttf */,
				CB7EF4971A8087110084666E /* Walkway_Oblique_Black.ttf */,
				CB7EF4981A8087110084666E /* Walkway_Oblique_Bold.ttf */,
				CB7EF4991A8087110084666E /* Walkway_Oblique_SemiBold.ttf */,
				CB7EF49A1A8087120084666E /* Walkway_Oblique_UltraBold.ttf */,
				CB7EF49B1A8087120084666E /* Walkway_Oblique.ttf */,
				CB7EF49C1A8087120084666E /* Walkway_SemiBold.ttf */,
				CB7EF49D1A8087120084666E /* Walkway_UltraBold.ttf */,
			);
			name = Fonts;
			sourceTree = "<group>";
		};
		CB902FA01A8DCB28003D2950 /* UploadImages */ = {
			isa = PBXGroup;
			children = (
				CB902F9A1A8DC5D0003D2950 /* FLFacebookUploadModalViewController.h */,
				CB902F9B1A8DC5D0003D2950 /* FLFacebookUploadModalViewController.m */,
			);
			name = UploadImages;
			sourceTree = "<group>";
		};
		CBD126BD1A8BCF0C00BED835 /* AnnotateImage */ = {
			isa = PBXGroup;
			children = (
				CBD126BA1A8BCEFD00BED835 /* FLImageAnnotationViewController.h */,
				CBD126BB1A8BCEFD00BED835 /* FLImageAnnotationViewController.m */,
				CBA780E21A911E8500CE9D84 /* FLAnnotationTableViewCell.h */,
				CBA780E31A911E8500CE9D84 /* FLAnnotationTableViewCell.m */,
				CBA780E41A911E8500CE9D84 /* FLAnnotationTableViewCell.xib */,
				CBEE93361AA2B98E00BA44FD /* FLAnnotationTableEmptyMessageView.xib */,
				CBDF2CAD1AAC1CA100151BD5 /* FLAnnotationTableEmptyMessageView.h */,
				CBDF2CAE1AAC1CA100151BD5 /* FLAnnotationTableEmptyMessageView.m */,
				CB4ABFE21AB4BF2D00ABD784 /* FLAnnotationNavViewController.h */,
				CB4ABFE31AB4BF2D00ABD784 /* FLAnnotationNavViewController.m */,
			);
			name = AnnotateImage;
			sourceTree = "<group>";
		};
		CBEC72F51A7D492800F8D0AE /* Helpers */ = {
			isa = PBXGroup;
			children = (
				CBEC72F61A7D494100F8D0AE /* CollectionViewHelpers.h */,
				CBEC72F71A7D494100F8D0AE /* CollectionViewHelpers.m */,
				CB4268C51A7D596900745A9F /* FLViewHelpers.h */,
				CB4268C61A7D596900745A9F /* FLViewHelpers.m */,
				CB2EBE781A7DD93600D76528 /* FLFilterHelpers.h */,
				CB2EBE811A7DDB5400D76528 /* FLStyleConstants.h */,
				CB2EBE821A7DDB9400D76528 /* FLComponentConstants.h */,
			);
			name = Helpers;
			sourceTree = "<group>";
		};
		CBF5B64C1A7CA195000F07AF /* FacebookPhotoPicker */ = {
			isa = PBXGroup;
			children = (
				CB6F8CFD1A6B538000429133 /* FLFacebookPhotoPickerViewController.h */,
				CB6F8CFE1A6B538000429133 /* FLFacebookPhotoPickerViewController.m */,
				CBF5B6501A7CA288000F07AF /* Cell */,
			);
			name = FacebookPhotoPicker;
			sourceTree = "<group>";
		};
		CBF5B64D1A7CA1AB000F07AF /* FacebookAlbumTable */ = {
			isa = PBXGroup;
			children = (
				CB6F8CFA1A6B478F00429133 /* FLFacebookAlbumTableViewController.h */,
				CB6F8CFB1A6B478F00429133 /* FLFacebookAlbumTableViewController.m */,
			);
			name = FacebookAlbumTable;
			sourceTree = "<group>";
		};
		CBF5B64E1A7CA234000F07AF /* FLSelectedPhotos */ = {
			isa = PBXGroup;
			children = (
				CB3B7D031A58374B005F6402 /* FLSelectedPhotosCollectionViewController.h */,
				CB3B7D041A58374B005F6402 /* FLSelectedPhotosCollectionViewController.m */,
				CBF5B64F1A7CA26A000F07AF /* Cell */,
				CBDDEF831AABB71F00FF4E8D /* FLSelectionCollectionEmptyMessageView.h */,
				CBDDEF841AABB71F00FF4E8D /* FLSelectionCollectionEmptyMessageView.m */,
				CBDDEF861AABB73200FF4E8D /* FLSelectionCollectionEmptyMessageView.xib */,
			);
			name = FLSelectedPhotos;
			sourceTree = "<group>";
		};
		CBF5B64F1A7CA26A000F07AF /* Cell */ = {
			isa = PBXGroup;
			children = (
				CBFB80D61A59B3E8001982A6 /* FLPhotoCollectionViewCell.xib */,
				CBFB80D41A59B3E8001982A6 /* FLPhotoCollectionViewCell.h */,
				CBFB80D51A59B3E8001982A6 /* FLPhotoCollectionViewCell.m */,
			);
			name = Cell;
			sourceTree = "<group>";
		};
		CBF5B6501A7CA288000F07AF /* Cell */ = {
			isa = PBXGroup;
			children = (
				CBA10D9E1A7CABD3001DF13B /* FLFacebookPhotoCollectionViewCell.h */,
				CBA10D9F1A7CABD3001DF13B /* FLFacebookPhotoCollectionViewCell.m */,
				CBA10DA01A7CABD3001DF13B /* FLFacebookPhotoCollectionViewCell.xib */,
			);
			name = Cell;
			sourceTree = "<group>";
		};
		CBF5B6511A7CA293000F07AF /* Settings */ = {
			isa = PBXGroup;
			children = (
				CB1EE0771A98B4B800400611 /* TOS */,
				CB1EE06F1A98647A00400611 /* Contact */,
				CB3B7D061A58374B005F6402 /* FLSettingsViewController.h */,
				CB3B7D071A58374B005F6402 /* FLSettingsViewController.m */,
			);
			name = Settings;
			sourceTree = "<group>";
		};
		CBF5B6521A7CA2B5000F07AF /* Utils */ = {
			isa = PBXGroup;
			children = (
				CB3B7D361A5867F7005F6402 /* FLErrorHandler.h */,
				CB3B7D371A5867F7005F6402 /* FLErrorHandler.m */,
				CB3B7D331A586674005F6402 /* FLSettings.h */,
				CB3B7D341A586674005F6402 /* FLSettings.m */,
			);
			name = Utils;
			sourceTree = "<group>";
		};
		CBFBFE801A58826B006657CD /* FacebookSDK */ = {
			isa = PBXGroup;
			children = (
				CBFBFE811A58826B006657CD /* Bolts.framework */,
				CBFBFE821A58826B006657CD /* FacebookSDK.framework */,
				CBFBFE831A58826B006657CD /* FBAudienceNetwork.framework */,
				CBFBFE841A58826B006657CD /* FBAudienceNetwork.README.txt */,
				CBFBFE851A58826B006657CD /* LICENSE */,
				CBFBFE861A58826B006657CD /* README.txt */,
			);
			name = FacebookSDK;
			path = ../../../../../../Documents/FacebookSDK;
			sourceTree = "<group>";
		};
/* End PBXGroup section */

/* Begin PBXNativeTarget section */
		CB3B7CF81A58374B005F6402 /* Flamey */ = {
			isa = PBXNativeTarget;
			buildConfigurationList = CB3B7D1F1A58374B005F6402 /* Build configuration list for PBXNativeTarget "Flamey" */;
			buildPhases = (
				76BD728EBF3041788079E323 /* Check Pods Manifest.lock */,
				CB3B7CF51A58374B005F6402 /* Sources */,
				CB3B7CF61A58374B005F6402 /* Frameworks */,
				CB3B7CF71A58374B005F6402 /* Resources */,
				D75166FA41094543B4615782 /* Copy Pods Resources */,
			);
			buildRules = (
			);
			dependencies = (
			);
			name = Flamey;
			productName = Flamey;
			productReference = CB3B7CF91A58374B005F6402 /* Flamey.app */;
			productType = "com.apple.product-type.application";
		};
		CB3B7D141A58374B005F6402 /* FlameyTests */ = {
			isa = PBXNativeTarget;
			buildConfigurationList = CB3B7D221A58374B005F6402 /* Build configuration list for PBXNativeTarget "FlameyTests" */;
			buildPhases = (
				CB3B7D111A58374B005F6402 /* Sources */,
				CB3B7D121A58374B005F6402 /* Frameworks */,
				CB3B7D131A58374B005F6402 /* Resources */,
			);
			buildRules = (
			);
			dependencies = (
				CB3B7D171A58374B005F6402 /* PBXTargetDependency */,
			);
			name = FlameyTests;
			productName = FlameyTests;
			productReference = CB3B7D151A58374B005F6402 /* FlameyTests.xctest */;
			productType = "com.apple.product-type.bundle.unit-test";
		};
/* End PBXNativeTarget section */

/* Begin PBXProject section */
		CB3B7CF11A58374B005F6402 /* Project object */ = {
			isa = PBXProject;
			attributes = {
				LastUpgradeCheck = 0610;
				ORGANIZATIONNAME = REPL;
				TargetAttributes = {
					CB3B7CF81A58374B005F6402 = {
						CreatedOnToolsVersion = 6.1.1;
					};
					CB3B7D141A58374B005F6402 = {
						CreatedOnToolsVersion = 6.1.1;
						TestTargetID = CB3B7CF81A58374B005F6402;
					};
				};
			};
			buildConfigurationList = CB3B7CF41A58374B005F6402 /* Build configuration list for PBXProject "Flamey" */;
			compatibilityVersion = "Xcode 3.2";
			developmentRegion = English;
			hasScannedForEncodings = 0;
			knownRegions = (
				en,
				Base,
			);
			mainGroup = CB3B7CF01A58374B005F6402;
			productRefGroup = CB3B7CFA1A58374B005F6402 /* Products */;
			projectDirPath = "";
			projectRoot = "";
			targets = (
				CB3B7CF81A58374B005F6402 /* Flamey */,
				CB3B7D141A58374B005F6402 /* FlameyTests */,
			);
		};
/* End PBXProject section */

/* Begin PBXResourcesBuildPhase section */
		CB3B7CF71A58374B005F6402 /* Resources */ = {
			isa = PBXResourcesBuildPhase;
			buildActionMask = 2147483647;
			files = (
				CB3B7D0B1A58374B005F6402 /* Main.storyboard in Resources */,
				CBFB80D81A59B3E8001982A6 /* FLPhotoCollectionViewCell.xib in Resources */,
				CBDDEF7F1AA8242700FF4E8D /* FLTutorialSolutionView.xib in Resources */,
				CB3B7D101A58374B005F6402 /* LaunchScreen.xib in Resources */,
				CB3B7D0D1A58374B005F6402 /* Images.xcassets in Resources */,
				CB524F711AB69848000C6228 /* FLLoginSlide.xib in Resources */,
				CB07449C1AAD6DF100DB722E /* FLTutorialHowView.xib in Resources */,
				CBEE45DE1ABBEE1100C42FE2 /* Rochester-Regular.ttf in Resources */,
				CB2EBE741A7DCE0E00D76528 /* FLFilterTableViewCell.xib in Resources */,
				CBA10DA21A7CABD3001DF13B /* FLFacebookPhotoCollectionViewCell.xib in Resources */,
				CB5519671ABD548900CD0C5E /* FLTutorialProcessView.xib in Resources */,
				CB9C1D141ABBCBA5002C7FF9 /* FLTutorialResultView.xib in Resources */,
				CBA780E61A911E8500CE9D84 /* FLAnnotationTableViewCell.xib in Resources */,
				CB2A90B81A812027005AFB08 /* FLFilterViewHeader.xib in Resources */,
				CBEE93371AA2B98E00BA44FD /* FLAnnotationTableEmptyMessageView.xib in Resources */,
				CB1EE0711A98649300400611 /* FLContactViewController.xib in Resources */,
				CBDDEF871AABB73200FF4E8D /* FLSelectionCollectionEmptyMessageView.xib in Resources */,
				CB1EE07C1A98B56500400611 /* FLTOSViewController.xib in Resources */,
			);
			runOnlyForDeploymentPostprocessing = 0;
		};
		CB3B7D131A58374B005F6402 /* Resources */ = {
			isa = PBXResourcesBuildPhase;
			buildActionMask = 2147483647;
			files = (
			);
			runOnlyForDeploymentPostprocessing = 0;
		};
/* End PBXResourcesBuildPhase section */

/* Begin PBXShellScriptBuildPhase section */
		76BD728EBF3041788079E323 /* Check Pods Manifest.lock */ = {
			isa = PBXShellScriptBuildPhase;
			buildActionMask = 2147483647;
			files = (
			);
			inputPaths = (
			);
			name = "Check Pods Manifest.lock";
			outputPaths = (
			);
			runOnlyForDeploymentPostprocessing = 0;
			shellPath = /bin/sh;
			shellScript = "diff \"${PODS_ROOT}/../Podfile.lock\" \"${PODS_ROOT}/Manifest.lock\" > /dev/null\nif [[ $? != 0 ]] ; then\n    cat << EOM\nerror: The sandbox is not in sync with the Podfile.lock. Run 'pod install' or update your CocoaPods installation.\nEOM\n    exit 1\nfi\n";
			showEnvVarsInLog = 0;
		};
		D75166FA41094543B4615782 /* Copy Pods Resources */ = {
			isa = PBXShellScriptBuildPhase;
			buildActionMask = 2147483647;
			files = (
			);
			inputPaths = (
			);
			name = "Copy Pods Resources";
			outputPaths = (
			);
			runOnlyForDeploymentPostprocessing = 0;
			shellPath = /bin/sh;
			shellScript = "\"${SRCROOT}/Pods/Target Support Files/Pods-Flamey/Pods-Flamey-resources.sh\"\n";
			showEnvVarsInLog = 0;
		};
/* End PBXShellScriptBuildPhase section */

/* Begin PBXSourcesBuildPhase section */
		CB3B7CF51A58374B005F6402 /* Sources */ = {
			isa = PBXSourcesBuildPhase;
			buildActionMask = 2147483647;
			files = (
				CB9C1D121ABBCB6A002C7FF9 /* FLTutorialResultView.m in Sources */,
				CB6CFF281A6C858C00ACD39A /* FLPhoto.m in Sources */,
				CB3C344B1AB7BB83006C8C60 /* FLLoginSlide.m in Sources */,
				CB0744981AAD6DC800DB722E /* FLTutorialHowView.m in Sources */,
				CB3B7D081A58374B005F6402 /* FLSettingsViewController.m in Sources */,
				CB2EBE6E1A7DCB6800D76528 /* FLImageFilterViewController.m in Sources */,
				CB7EF47D1A807BA20084666E /* FLFiltersStore.m in Sources */,
				CB6F8CFC1A6B478F00429133 /* FLFacebookAlbumTableViewController.m in Sources */,
				CBFB80D71A59B3E8001982A6 /* FLPhotoCollectionViewCell.m in Sources */,
				CB4ABFE41AB4BF2D00ABD784 /* FLAnnotationNavViewController.m in Sources */,
				CBA780E51A911E8500CE9D84 /* FLAnnotationTableViewCell.m in Sources */,
				CB1EE06E1A98639F00400611 /* FLContactViewController.m in Sources */,
				CB3B7D021A58374B005F6402 /* FLAppDelegate.m in Sources */,
				CB902F9F1A8DC836003D2950 /* FLProcessedImagesStore.m in Sources */,
				CB2EBE7B1A7DD98100D76528 /* FLToolsStore.m in Sources */,
				CB6BC4C31AA59467006D34EF /* FLTutorialViewController.m in Sources */,
				CBDDEF821AA825C400FF4E8D /* FLTutorialSolutionView.m in Sources */,
				CB3B7D351A586674005F6402 /* FLSettings.m in Sources */,
				CB6F8CFF1A6B538000429133 /* FLFacebookPhotoPickerViewController.m in Sources */,
				CBDDEF851AABB71F00FF4E8D /* FLSelectionCollectionEmptyMessageView.m in Sources */,
				CB2EBE771A7DCED900D76528 /* FLFilterSlider.m in Sources */,
				CB3B7D381A5867F7005F6402 /* FLErrorHandler.m in Sources */,
				CB5519651ABD547B00CD0C5E /* FLTutorialProcessView.m in Sources */,
				CBDF2CAF1AAC1CA100151BD5 /* FLAnnotationTableEmptyMessageView.m in Sources */,
				CB3B7D051A58374B005F6402 /* FLSelectedPhotosCollectionViewController.m in Sources */,
				CBA10DA11A7CABD3001DF13B /* FLFacebookPhotoCollectionViewCell.m in Sources */,
				CB1EE07B1A98B56500400611 /* FLTOSViewController.m in Sources */,
				CB6BC4BF1AA57720006D34EF /* FLLoginView.m in Sources */,
				CBEC72F81A7D494100F8D0AE /* CollectionViewHelpers.m in Sources */,
				CBD126BC1A8BCEFD00BED835 /* FLImageAnnotationViewController.m in Sources */,
				CB3B7CFF1A58374B005F6402 /* main.m in Sources */,
				CB4ABFE71AB4C29D00ABD784 /* FLTabBarViewController.m in Sources */,
				CB4268C71A7D596A00745A9F /* FLViewHelpers.m in Sources */,
				CB3B7D321A5860C7005F6402 /* FLLoginViewController.m in Sources */,
				CB2EBE731A7DCE0E00D76528 /* FLFilterTableViewCell.m in Sources */,
				CB6F8D081A6C83B700429133 /* FLSelectedPhotoStore.m in Sources */,
				CB902F9C1A8DC5D0003D2950 /* FLFacebookUploadModalViewController.m in Sources */,
				CB93248B1ABE97E800DB05D5 /* FLUser.m in Sources */,
				CBA780EA1A9123C200CE9D84 /* FLAnnotationStore.m in Sources */,
			);
			runOnlyForDeploymentPostprocessing = 0;
		};
		CB3B7D111A58374B005F6402 /* Sources */ = {
			isa = PBXSourcesBuildPhase;
			buildActionMask = 2147483647;
			files = (
				CB3B7D1C1A58374B005F6402 /* FlameyTests.m in Sources */,
			);
			runOnlyForDeploymentPostprocessing = 0;
		};
/* End PBXSourcesBuildPhase section */

/* Begin PBXTargetDependency section */
		CB3B7D171A58374B005F6402 /* PBXTargetDependency */ = {
			isa = PBXTargetDependency;
			target = CB3B7CF81A58374B005F6402 /* Flamey */;
			targetProxy = CB3B7D161A58374B005F6402 /* PBXContainerItemProxy */;
		};
/* End PBXTargetDependency section */

/* Begin PBXVariantGroup section */
		CB3B7D091A58374B005F6402 /* Main.storyboard */ = {
			isa = PBXVariantGroup;
			children = (
				CB3B7D0A1A58374B005F6402 /* Base */,
			);
			name = Main.storyboard;
			sourceTree = "<group>";
		};
		CB3B7D0E1A58374B005F6402 /* LaunchScreen.xib */ = {
			isa = PBXVariantGroup;
			children = (
				CB3B7D0F1A58374B005F6402 /* Base */,
			);
			name = LaunchScreen.xib;
			sourceTree = "<group>";
		};
/* End PBXVariantGroup section */

/* Begin XCBuildConfiguration section */
		CB3B7D1D1A58374B005F6402 /* Debug */ = {
			isa = XCBuildConfiguration;
			buildSettings = {
				ALWAYS_SEARCH_USER_PATHS = NO;
				CLANG_CXX_LANGUAGE_STANDARD = "gnu++0x";
				CLANG_CXX_LIBRARY = "libc++";
				CLANG_ENABLE_MODULES = YES;
				CLANG_ENABLE_OBJC_ARC = YES;
				CLANG_WARN_BOOL_CONVERSION = YES;
				CLANG_WARN_CONSTANT_CONVERSION = YES;
				CLANG_WARN_DIRECT_OBJC_ISA_USAGE = YES_ERROR;
				CLANG_WARN_EMPTY_BODY = YES;
				CLANG_WARN_ENUM_CONVERSION = YES;
				CLANG_WARN_INT_CONVERSION = YES;
				CLANG_WARN_OBJC_ROOT_CLASS = YES_ERROR;
				CLANG_WARN_UNREACHABLE_CODE = YES;
				CLANG_WARN__DUPLICATE_METHOD_MATCH = YES;
				"CODE_SIGN_IDENTITY[sdk=iphoneos*]" = "iPhone Developer";
				COPY_PHASE_STRIP = NO;
				ENABLE_STRICT_OBJC_MSGSEND = YES;
				GCC_C_LANGUAGE_STANDARD = gnu99;
				GCC_DYNAMIC_NO_PIC = NO;
				GCC_OPTIMIZATION_LEVEL = 0;
				GCC_PREPROCESSOR_DEFINITIONS = (
					"DEBUG=1",
					"$(inherited)",
				);
				GCC_SYMBOLS_PRIVATE_EXTERN = NO;
				GCC_WARN_64_TO_32_BIT_CONVERSION = YES;
				GCC_WARN_ABOUT_RETURN_TYPE = YES_ERROR;
				GCC_WARN_UNDECLARED_SELECTOR = YES;
				GCC_WARN_UNINITIALIZED_AUTOS = YES_AGGRESSIVE;
				GCC_WARN_UNUSED_FUNCTION = YES;
				GCC_WARN_UNUSED_VARIABLE = YES;
				IPHONEOS_DEPLOYMENT_TARGET = 8.1;
				MTL_ENABLE_DEBUG_INFO = YES;
				ONLY_ACTIVE_ARCH = YES;
				SDKROOT = iphoneos;
			};
			name = Debug;
		};
		CB3B7D1E1A58374B005F6402 /* Release */ = {
			isa = XCBuildConfiguration;
			buildSettings = {
				ALWAYS_SEARCH_USER_PATHS = NO;
				CLANG_CXX_LANGUAGE_STANDARD = "gnu++0x";
				CLANG_CXX_LIBRARY = "libc++";
				CLANG_ENABLE_MODULES = YES;
				CLANG_ENABLE_OBJC_ARC = YES;
				CLANG_WARN_BOOL_CONVERSION = YES;
				CLANG_WARN_CONSTANT_CONVERSION = YES;
				CLANG_WARN_DIRECT_OBJC_ISA_USAGE = YES_ERROR;
				CLANG_WARN_EMPTY_BODY = YES;
				CLANG_WARN_ENUM_CONVERSION = YES;
				CLANG_WARN_INT_CONVERSION = YES;
				CLANG_WARN_OBJC_ROOT_CLASS = YES_ERROR;
				CLANG_WARN_UNREACHABLE_CODE = YES;
				CLANG_WARN__DUPLICATE_METHOD_MATCH = YES;
				"CODE_SIGN_IDENTITY[sdk=iphoneos*]" = "iPhone Developer";
				COPY_PHASE_STRIP = YES;
				ENABLE_NS_ASSERTIONS = NO;
				ENABLE_STRICT_OBJC_MSGSEND = YES;
				GCC_C_LANGUAGE_STANDARD = gnu99;
				GCC_WARN_64_TO_32_BIT_CONVERSION = YES;
				GCC_WARN_ABOUT_RETURN_TYPE = YES_ERROR;
				GCC_WARN_UNDECLARED_SELECTOR = YES;
				GCC_WARN_UNINITIALIZED_AUTOS = YES_AGGRESSIVE;
				GCC_WARN_UNUSED_FUNCTION = YES;
				GCC_WARN_UNUSED_VARIABLE = YES;
				IPHONEOS_DEPLOYMENT_TARGET = 8.1;
				MTL_ENABLE_DEBUG_INFO = NO;
				SDKROOT = iphoneos;
				VALIDATE_PRODUCT = YES;
			};
			name = Release;
		};
		CB3B7D201A58374B005F6402 /* Debug */ = {
			isa = XCBuildConfiguration;
			baseConfigurationReference = B972D952EEE5CAB86BF19038 /* Pods-Flamey.debug.xcconfig */;
			buildSettings = {
				ASSETCATALOG_COMPILER_APPICON_NAME = AppIcon;
				FRAMEWORK_SEARCH_PATHS = (
					"$(inherited)",
					/Users/shanerogers/Documents/FacebookSDK,
				);
				INFOPLIST_FILE = Flamey/Info.plist;
				IPHONEOS_DEPLOYMENT_TARGET = 8.1;
				LD_RUNPATH_SEARCH_PATHS = "$(inherited) @executable_path/Frameworks";
				PRODUCT_NAME = "$(TARGET_NAME)";
			};
			name = Debug;
		};
		CB3B7D211A58374B005F6402 /* Release */ = {
			isa = XCBuildConfiguration;
			baseConfigurationReference = 74538D7B189EE09795B7515B /* Pods-Flamey.release.xcconfig */;
			buildSettings = {
				ASSETCATALOG_COMPILER_APPICON_NAME = AppIcon;
				FRAMEWORK_SEARCH_PATHS = (
					"$(inherited)",
					/Users/shanerogers/Documents/FacebookSDK,
				);
				INFOPLIST_FILE = Flamey/Info.plist;
				IPHONEOS_DEPLOYMENT_TARGET = 8.1;
				LD_RUNPATH_SEARCH_PATHS = "$(inherited) @executable_path/Frameworks";
				PRODUCT_NAME = "$(TARGET_NAME)";
			};
			name = Release;
		};
		CB3B7D231A58374B005F6402 /* Debug */ = {
			isa = XCBuildConfiguration;
			buildSettings = {
				BUNDLE_LOADER = "$(TEST_HOST)";
				FRAMEWORK_SEARCH_PATHS = (
					"$(SDKROOT)/Developer/Library/Frameworks",
					"$(inherited)",
				);
				GCC_PREPROCESSOR_DEFINITIONS = (
					"DEBUG=1",
					"$(inherited)",
				);
				INFOPLIST_FILE = FlameyTests/Info.plist;
				LD_RUNPATH_SEARCH_PATHS = "$(inherited) @executable_path/Frameworks @loader_path/Frameworks";
				PRODUCT_NAME = "$(TARGET_NAME)";
				TEST_HOST = "$(BUILT_PRODUCTS_DIR)/Flamey.app/Flamey";
			};
			name = Debug;
		};
		CB3B7D241A58374B005F6402 /* Release */ = {
			isa = XCBuildConfiguration;
			buildSettings = {
				BUNDLE_LOADER = "$(TEST_HOST)";
				FRAMEWORK_SEARCH_PATHS = (
					"$(SDKROOT)/Developer/Library/Frameworks",
					"$(inherited)",
				);
				INFOPLIST_FILE = FlameyTests/Info.plist;
				LD_RUNPATH_SEARCH_PATHS = "$(inherited) @executable_path/Frameworks @loader_path/Frameworks";
				PRODUCT_NAME = "$(TARGET_NAME)";
				TEST_HOST = "$(BUILT_PRODUCTS_DIR)/Flamey.app/Flamey";
			};
			name = Release;
		};
/* End XCBuildConfiguration section */

/* Begin XCConfigurationList section */
		CB3B7CF41A58374B005F6402 /* Build configuration list for PBXProject "Flamey" */ = {
			isa = XCConfigurationList;
			buildConfigurations = (
				CB3B7D1D1A58374B005F6402 /* Debug */,
				CB3B7D1E1A58374B005F6402 /* Release */,
			);
			defaultConfigurationIsVisible = 0;
			defaultConfigurationName = Release;
		};
		CB3B7D1F1A58374B005F6402 /* Build configuration list for PBXNativeTarget "Flamey" */ = {
			isa = XCConfigurationList;
			buildConfigurations = (
				CB3B7D201A58374B005F6402 /* Debug */,
				CB3B7D211A58374B005F6402 /* Release */,
			);
			defaultConfigurationIsVisible = 0;
			defaultConfigurationName = Release;
		};
		CB3B7D221A58374B005F6402 /* Build configuration list for PBXNativeTarget "FlameyTests" */ = {
			isa = XCConfigurationList;
			buildConfigurations = (
				CB3B7D231A58374B005F6402 /* Debug */,
				CB3B7D241A58374B005F6402 /* Release */,
			);
			defaultConfigurationIsVisible = 0;
			defaultConfigurationName = Release;
		};
/* End XCConfigurationList section */
	};
	rootObject = CB3B7CF11A58374B005F6402 /* Project object */;
}
