// !$*UTF8*$!
{
	archiveVersion = 1;
	classes = {
	};
	objectVersion = 46;
	objects = {

/* Begin PBXBuildFile section */
		105AA3A97C62B42D69A97607 /* libPods-Stndout.a in Frameworks */ = {isa = PBXBuildFile; fileRef = 5B38E8EDA9FCF7C3A0052D93 /* libPods-Stndout.a */; };
		CB3B7D1C1A58374B005F6402 /* FlameyTests.m in Sources */ = {isa = PBXBuildFile; fileRef = CB3B7D1B1A58374B005F6402 /* FlameyTests.m */; };
		CB5972AE1AD1C6FF00DAE5A1 /* Crashlytics.framework in Frameworks */ = {isa = PBXBuildFile; fileRef = CB5972AC1AD1C6FF00DAE5A1 /* Crashlytics.framework */; };
		CB5972AF1AD1C6FF00DAE5A1 /* Fabric.framework in Frameworks */ = {isa = PBXBuildFile; fileRef = CB5972AD1AD1C6FF00DAE5A1 /* Fabric.framework */; };
		CB6879E81AD9D6FD00FCADA1 /* FBLFeedbackTabBarController.m in Sources */ = {isa = PBXBuildFile; fileRef = CB6879E61AD9D6FD00FCADA1 /* FBLFeedbackTabBarController.m */; };
		CB6879E91AD9D6FD00FCADA1 /* FBLFeedbackTabBarController.xib in Resources */ = {isa = PBXBuildFile; fileRef = CB6879E71AD9D6FD00FCADA1 /* FBLFeedbackTabBarController.xib */; };
		CB6879EE1AD9DEC400FCADA1 /* FBLChatsViewController.m in Sources */ = {isa = PBXBuildFile; fileRef = CB6879EC1AD9DEC400FCADA1 /* FBLChatsViewController.m */; };
		CB6879EF1AD9DEC400FCADA1 /* FBLChatsViewController.xib in Resources */ = {isa = PBXBuildFile; fileRef = CB6879ED1AD9DEC400FCADA1 /* FBLChatsViewController.xib */; };
		CB6879F41AD9DEDF00FCADA1 /* FBLGroupsViewController.m in Sources */ = {isa = PBXBuildFile; fileRef = CB6879F21AD9DEDF00FCADA1 /* FBLGroupsViewController.m */; };
		CB6879F51AD9DEDF00FCADA1 /* FBLGroupsViewController.xib in Resources */ = {isa = PBXBuildFile; fileRef = CB6879F31AD9DEDF00FCADA1 /* FBLGroupsViewController.xib */; };
		CB6879FD1AD9DF1300FCADA1 /* FBLProfileViewController.m in Sources */ = {isa = PBXBuildFile; fileRef = CB6879FB1AD9DF1300FCADA1 /* FBLProfileViewController.m */; };
		CB6879FE1AD9DF1300FCADA1 /* FBLProfileViewController.xib in Resources */ = {isa = PBXBuildFile; fileRef = CB6879FC1AD9DF1300FCADA1 /* FBLProfileViewController.xib */; };
		CB687A021AD9FDA800FCADA1 /* FBLChatViewController.m in Sources */ = {isa = PBXBuildFile; fileRef = CB687A011AD9FDA800FCADA1 /* FBLChatViewController.m */; };
		CB687A071ADA079700FCADA1 /* FBLMessageController.m in Sources */ = {isa = PBXBuildFile; fileRef = CB687A061ADA079700FCADA1 /* FBLMessageController.m */; };
		CB687A0A1ADA08D500FCADA1 /* FBLPushNotificationController.m in Sources */ = {isa = PBXBuildFile; fileRef = CB687A091ADA08D500FCADA1 /* FBLPushNotificationController.m */; };
		CB687A0E1ADA0F2C00FCADA1 /* FBLCameraUtil.m in Sources */ = {isa = PBXBuildFile; fileRef = CB687A0D1ADA0F2C00FCADA1 /* FBLCameraUtil.m */; };
		CB687A101ADA0FE800FCADA1 /* MobileCoreServices.framework in Frameworks */ = {isa = PBXBuildFile; fileRef = CB687A0F1ADA0FE800FCADA1 /* MobileCoreServices.framework */; };
		CB6FE8B91AD0B7FF00AD0BD2 /* LaunchScreen.xib in Resources */ = {isa = PBXBuildFile; fileRef = CB6FE8261AD0B7FF00AD0BD2 /* LaunchScreen.xib */; };
		CB6FE8BA1AD0B7FF00AD0BD2 /* Main.storyboard in Resources */ = {isa = PBXBuildFile; fileRef = CB6FE8281AD0B7FF00AD0BD2 /* Main.storyboard */; };
		CB6FE8BB1AD0B7FF00AD0BD2 /* CollectionViewHelpers.m in Sources */ = {isa = PBXBuildFile; fileRef = CB6FE82B1AD0B7FF00AD0BD2 /* CollectionViewHelpers.m */; };
		CB6FE8BC1AD0B7FF00AD0BD2 /* FLAnnotationInstructionsViewController.m in Sources */ = {isa = PBXBuildFile; fileRef = CB6FE82D1AD0B7FF00AD0BD2 /* FLAnnotationInstructionsViewController.m */; };
		CB6FE8BD1AD0B7FF00AD0BD2 /* FLAnnotationNavViewController.m in Sources */ = {isa = PBXBuildFile; fileRef = CB6FE82F1AD0B7FF00AD0BD2 /* FLAnnotationNavViewController.m */; };
		CB6FE8BE1AD0B7FF00AD0BD2 /* FLAnnotationStore.m in Sources */ = {isa = PBXBuildFile; fileRef = CB6FE8311AD0B7FF00AD0BD2 /* FLAnnotationStore.m */; };
		CB6FE8BF1AD0B7FF00AD0BD2 /* FLAnnotationTableEmptyMessageView.m in Sources */ = {isa = PBXBuildFile; fileRef = CB6FE8331AD0B7FF00AD0BD2 /* FLAnnotationTableEmptyMessageView.m */; };
		CB6FE8C01AD0B7FF00AD0BD2 /* FLAnnotationTableEmptyMessageView.xib in Resources */ = {isa = PBXBuildFile; fileRef = CB6FE8341AD0B7FF00AD0BD2 /* FLAnnotationTableEmptyMessageView.xib */; };
		CB6FE8C11AD0B7FF00AD0BD2 /* FLAnnotationTableViewCell.m in Sources */ = {isa = PBXBuildFile; fileRef = CB6FE8361AD0B7FF00AD0BD2 /* FLAnnotationTableViewCell.m */; };
		CB6FE8C21AD0B7FF00AD0BD2 /* FLAnnotationTableViewCell.xib in Resources */ = {isa = PBXBuildFile; fileRef = CB6FE8371AD0B7FF00AD0BD2 /* FLAnnotationTableViewCell.xib */; };
		CB6FE8C31AD0B7FF00AD0BD2 /* FLAppDelegate.m in Sources */ = {isa = PBXBuildFile; fileRef = CB6FE8391AD0B7FF00AD0BD2 /* FLAppDelegate.m */; };
		CB6FE8C41AD0B7FF00AD0BD2 /* FLContactViewController.m in Sources */ = {isa = PBXBuildFile; fileRef = CB6FE83C1AD0B7FF00AD0BD2 /* FLContactViewController.m */; };
		CB6FE8C51AD0B7FF00AD0BD2 /* FLContactViewController.xib in Resources */ = {isa = PBXBuildFile; fileRef = CB6FE83D1AD0B7FF00AD0BD2 /* FLContactViewController.xib */; };
		CB6FE8C61AD0B7FF00AD0BD2 /* FLErrorHandler.m in Sources */ = {isa = PBXBuildFile; fileRef = CB6FE83F1AD0B7FF00AD0BD2 /* FLErrorHandler.m */; };
		CB6FE8C71AD0B7FF00AD0BD2 /* FLFacebookAlbumTableViewController.m in Sources */ = {isa = PBXBuildFile; fileRef = CB6FE8411AD0B7FF00AD0BD2 /* FLFacebookAlbumTableViewController.m */; };
		CB6FE8C81AD0B7FF00AD0BD2 /* FLFacebookPhotoCollectionViewCell.m in Sources */ = {isa = PBXBuildFile; fileRef = CB6FE8431AD0B7FF00AD0BD2 /* FLFacebookPhotoCollectionViewCell.m */; };
		CB6FE8C91AD0B7FF00AD0BD2 /* FLFacebookPhotoCollectionViewCell.xib in Resources */ = {isa = PBXBuildFile; fileRef = CB6FE8441AD0B7FF00AD0BD2 /* FLFacebookPhotoCollectionViewCell.xib */; };
		CB6FE8CA1AD0B7FF00AD0BD2 /* FLFacebookPhotoPickerViewController.m in Sources */ = {isa = PBXBuildFile; fileRef = CB6FE8461AD0B7FF00AD0BD2 /* FLFacebookPhotoPickerViewController.m */; };
		CB6FE8CB1AD0B7FF00AD0BD2 /* FLFacebookUploadModalViewController.m in Sources */ = {isa = PBXBuildFile; fileRef = CB6FE8481AD0B7FF00AD0BD2 /* FLFacebookUploadModalViewController.m */; };
		CB6FE8CC1AD0B7FF00AD0BD2 /* FLFilterSlider.m in Sources */ = {isa = PBXBuildFile; fileRef = CB6FE84B1AD0B7FF00AD0BD2 /* FLFilterSlider.m */; };
		CB6FE8CD1AD0B7FF00AD0BD2 /* FLFiltersPromptViewController.m in Sources */ = {isa = PBXBuildFile; fileRef = CB6FE84D1AD0B7FF00AD0BD2 /* FLFiltersPromptViewController.m */; };
		CB6FE8CE1AD0B7FF00AD0BD2 /* FLFiltersStore.m in Sources */ = {isa = PBXBuildFile; fileRef = CB6FE84F1AD0B7FF00AD0BD2 /* FLFiltersStore.m */; };
		CB6FE8CF1AD0B7FF00AD0BD2 /* FLFilterTableViewCell.m in Sources */ = {isa = PBXBuildFile; fileRef = CB6FE8511AD0B7FF00AD0BD2 /* FLFilterTableViewCell.m */; };
		CB6FE8D01AD0B7FF00AD0BD2 /* FLFilterTableViewCell.xib in Resources */ = {isa = PBXBuildFile; fileRef = CB6FE8521AD0B7FF00AD0BD2 /* FLFilterTableViewCell.xib */; };
		CB6FE8D11AD0B7FF00AD0BD2 /* FLFilterViewHeader.xib in Resources */ = {isa = PBXBuildFile; fileRef = CB6FE8531AD0B7FF00AD0BD2 /* FLFilterViewHeader.xib */; };
		CB6FE8D21AD0B7FF00AD0BD2 /* FLImageAnnotationViewController.m in Sources */ = {isa = PBXBuildFile; fileRef = CB6FE8551AD0B7FF00AD0BD2 /* FLImageAnnotationViewController.m */; };
		CB6FE8D31AD0B7FF00AD0BD2 /* FLImageFilterViewController.m in Sources */ = {isa = PBXBuildFile; fileRef = CB6FE8571AD0B7FF00AD0BD2 /* FLImageFilterViewController.m */; };
		CB6FE8D41AD0B7FF00AD0BD2 /* FLLoginSlide.m in Sources */ = {isa = PBXBuildFile; fileRef = CB6FE8591AD0B7FF00AD0BD2 /* FLLoginSlide.m */; };
		CB6FE8D51AD0B7FF00AD0BD2 /* FLLoginSlide.xib in Resources */ = {isa = PBXBuildFile; fileRef = CB6FE85A1AD0B7FF00AD0BD2 /* FLLoginSlide.xib */; };
		CB6FE8D61AD0B7FF00AD0BD2 /* FLLoginView.m in Sources */ = {isa = PBXBuildFile; fileRef = CB6FE85C1AD0B7FF00AD0BD2 /* FLLoginView.m */; };
		CB6FE8D71AD0B7FF00AD0BD2 /* FLLoginViewController.m in Sources */ = {isa = PBXBuildFile; fileRef = CB6FE85E1AD0B7FF00AD0BD2 /* FLLoginViewController.m */; };
		CB6FE8D81AD0B7FF00AD0BD2 /* FLPhoto.m in Sources */ = {isa = PBXBuildFile; fileRef = CB6FE8601AD0B7FF00AD0BD2 /* FLPhoto.m */; };
		CB6FE8D91AD0B7FF00AD0BD2 /* FLPhotoCollectionViewCell.m in Sources */ = {isa = PBXBuildFile; fileRef = CB6FE8621AD0B7FF00AD0BD2 /* FLPhotoCollectionViewCell.m */; };
		CB6FE8DA1AD0B7FF00AD0BD2 /* FLPhotoCollectionViewCell.xib in Resources */ = {isa = PBXBuildFile; fileRef = CB6FE8631AD0B7FF00AD0BD2 /* FLPhotoCollectionViewCell.xib */; };
		CB6FE8DB1AD0B7FF00AD0BD2 /* FLPrivacyViewController.m in Sources */ = {isa = PBXBuildFile; fileRef = CB6FE8651AD0B7FF00AD0BD2 /* FLPrivacyViewController.m */; };
		CB6FE8DC1AD0B7FF00AD0BD2 /* FLPrivacyViewController.xib in Resources */ = {isa = PBXBuildFile; fileRef = CB6FE8661AD0B7FF00AD0BD2 /* FLPrivacyViewController.xib */; };
		CB6FE8DD1AD0B7FF00AD0BD2 /* FLProcessedImagesStore.m in Sources */ = {isa = PBXBuildFile; fileRef = CB6FE8681AD0B7FF00AD0BD2 /* FLProcessedImagesStore.m */; };
		CB6FE8DE1AD0B7FF00AD0BD2 /* FLSelectedPhotosCollectionViewController.m in Sources */ = {isa = PBXBuildFile; fileRef = CB6FE86A1AD0B7FF00AD0BD2 /* FLSelectedPhotosCollectionViewController.m */; };
		CB6FE8DF1AD0B7FF00AD0BD2 /* FLSelectedPhotoStore.m in Sources */ = {isa = PBXBuildFile; fileRef = CB6FE86C1AD0B7FF00AD0BD2 /* FLSelectedPhotoStore.m */; };
		CB6FE8E01AD0B7FF00AD0BD2 /* FLSelectionCollectionEmptyMessageView.m in Sources */ = {isa = PBXBuildFile; fileRef = CB6FE86E1AD0B7FF00AD0BD2 /* FLSelectionCollectionEmptyMessageView.m */; };
		CB6FE8E11AD0B7FF00AD0BD2 /* FLSelectionCollectionEmptyMessageView.xib in Resources */ = {isa = PBXBuildFile; fileRef = CB6FE86F1AD0B7FF00AD0BD2 /* FLSelectionCollectionEmptyMessageView.xib */; };
		CB6FE8E21AD0B7FF00AD0BD2 /* FLSettings.m in Sources */ = {isa = PBXBuildFile; fileRef = CB6FE8711AD0B7FF00AD0BD2 /* FLSettings.m */; };
		CB6FE8E31AD0B7FF00AD0BD2 /* FLSettingsViewController.m in Sources */ = {isa = PBXBuildFile; fileRef = CB6FE8731AD0B7FF00AD0BD2 /* FLSettingsViewController.m */; };
		CB6FE8E41AD0B7FF00AD0BD2 /* FLTabBarViewController.m in Sources */ = {isa = PBXBuildFile; fileRef = CB6FE8761AD0B7FF00AD0BD2 /* FLTabBarViewController.m */; };
		CB6FE8E51AD0B7FF00AD0BD2 /* FLToolsStore.m in Sources */ = {isa = PBXBuildFile; fileRef = CB6FE8781AD0B7FF00AD0BD2 /* FLToolsStore.m */; };
		CB6FE8E61AD0B7FF00AD0BD2 /* FLTOSViewController.m in Sources */ = {isa = PBXBuildFile; fileRef = CB6FE87A1AD0B7FF00AD0BD2 /* FLTOSViewController.m */; };
		CB6FE8E71AD0B7FF00AD0BD2 /* FLTOSViewController.xib in Resources */ = {isa = PBXBuildFile; fileRef = CB6FE87B1AD0B7FF00AD0BD2 /* FLTOSViewController.xib */; };
		CB6FE8E81AD0B7FF00AD0BD2 /* FLTutorialHowView.m in Sources */ = {isa = PBXBuildFile; fileRef = CB6FE87D1AD0B7FF00AD0BD2 /* FLTutorialHowView.m */; };
		CB6FE8E91AD0B7FF00AD0BD2 /* FLTutorialHowView.xib in Resources */ = {isa = PBXBuildFile; fileRef = CB6FE87E1AD0B7FF00AD0BD2 /* FLTutorialHowView.xib */; };
		CB6FE8EA1AD0B7FF00AD0BD2 /* FLTutorialProcessView.m in Sources */ = {isa = PBXBuildFile; fileRef = CB6FE8801AD0B7FF00AD0BD2 /* FLTutorialProcessView.m */; };
		CB6FE8EB1AD0B7FF00AD0BD2 /* FLTutorialProcessView.xib in Resources */ = {isa = PBXBuildFile; fileRef = CB6FE8811AD0B7FF00AD0BD2 /* FLTutorialProcessView.xib */; };
		CB6FE8EC1AD0B7FF00AD0BD2 /* FLTutorialResultView.m in Sources */ = {isa = PBXBuildFile; fileRef = CB6FE8831AD0B7FF00AD0BD2 /* FLTutorialResultView.m */; };
		CB6FE8ED1AD0B7FF00AD0BD2 /* FLTutorialResultView.xib in Resources */ = {isa = PBXBuildFile; fileRef = CB6FE8841AD0B7FF00AD0BD2 /* FLTutorialResultView.xib */; };
		CB6FE8EE1AD0B7FF00AD0BD2 /* FLTutorialSolutionView.m in Sources */ = {isa = PBXBuildFile; fileRef = CB6FE8861AD0B7FF00AD0BD2 /* FLTutorialSolutionView.m */; };
		CB6FE8EF1AD0B7FF00AD0BD2 /* FLTutorialSolutionView.xib in Resources */ = {isa = PBXBuildFile; fileRef = CB6FE8871AD0B7FF00AD0BD2 /* FLTutorialSolutionView.xib */; };
		CB6FE8F01AD0B7FF00AD0BD2 /* FLTutorialViewController.m in Sources */ = {isa = PBXBuildFile; fileRef = CB6FE8891AD0B7FF00AD0BD2 /* FLTutorialViewController.m */; };
		CB6FE8F11AD0B7FF00AD0BD2 /* FLUser.m in Sources */ = {isa = PBXBuildFile; fileRef = CB6FE88B1AD0B7FF00AD0BD2 /* FLUser.m */; };
		CB6FE8F21AD0B7FF00AD0BD2 /* FLViewHelpers.m in Sources */ = {isa = PBXBuildFile; fileRef = CB6FE88D1AD0B7FF00AD0BD2 /* FLViewHelpers.m */; };
		CB6FE8F31AD0B7FF00AD0BD2 /* Images.xcassets in Resources */ = {isa = PBXBuildFile; fileRef = CB6FE88E1AD0B7FF00AD0BD2 /* Images.xcassets */; };
		CB6FE8F51AD0B7FF00AD0BD2 /* main.m in Sources */ = {isa = PBXBuildFile; fileRef = CB6FE8901AD0B7FF00AD0BD2 /* main.m */; };
		CB6FE8F61AD0B7FF00AD0BD2 /* Rochester-Regular.ttf in Resources */ = {isa = PBXBuildFile; fileRef = CB6FE8911AD0B7FF00AD0BD2 /* Rochester-Regular.ttf */; };
		CB6FE8F71AD0B7FF00AD0BD2 /* AsyncButton.swift in Sources */ = {isa = PBXBuildFile; fileRef = CB6FE8931AD0B7FF00AD0BD2 /* AsyncButton.swift */; };
		CB6FE8F81AD0B7FF00AD0BD2 /* AsyncImageView.swift in Sources */ = {isa = PBXBuildFile; fileRef = CB6FE8941AD0B7FF00AD0BD2 /* AsyncImageView.swift */; };
		CB6FE8F91AD0B7FF00AD0BD2 /* BlurView.swift in Sources */ = {isa = PBXBuildFile; fileRef = CB6FE8951AD0B7FF00AD0BD2 /* BlurView.swift */; };
		CB6FE8FA1AD0B7FF00AD0BD2 /* DesignableButton.swift in Sources */ = {isa = PBXBuildFile; fileRef = CB6FE8961AD0B7FF00AD0BD2 /* DesignableButton.swift */; };
		CB6FE8FB1AD0B7FF00AD0BD2 /* DesignableImageView.swift in Sources */ = {isa = PBXBuildFile; fileRef = CB6FE8971AD0B7FF00AD0BD2 /* DesignableImageView.swift */; };
		CB6FE8FC1AD0B7FF00AD0BD2 /* DesignableLabel.swift in Sources */ = {isa = PBXBuildFile; fileRef = CB6FE8981AD0B7FF00AD0BD2 /* DesignableLabel.swift */; };
		CB6FE8FD1AD0B7FF00AD0BD2 /* DesignableTabBarController.swift in Sources */ = {isa = PBXBuildFile; fileRef = CB6FE8991AD0B7FF00AD0BD2 /* DesignableTabBarController.swift */; };
		CB6FE8FE1AD0B7FF00AD0BD2 /* DesignableTextField.swift in Sources */ = {isa = PBXBuildFile; fileRef = CB6FE89A1AD0B7FF00AD0BD2 /* DesignableTextField.swift */; };
		CB6FE8FF1AD0B7FF00AD0BD2 /* DesignableTextView.swift in Sources */ = {isa = PBXBuildFile; fileRef = CB6FE89B1AD0B7FF00AD0BD2 /* DesignableTextView.swift */; };
		CB6FE9001AD0B7FF00AD0BD2 /* DesignableView.swift in Sources */ = {isa = PBXBuildFile; fileRef = CB6FE89C1AD0B7FF00AD0BD2 /* DesignableView.swift */; };
		CB6FE9011AD0B7FF00AD0BD2 /* ImageLoader.swift in Sources */ = {isa = PBXBuildFile; fileRef = CB6FE89D1AD0B7FF00AD0BD2 /* ImageLoader.swift */; };
		CB6FE9021AD0B7FF00AD0BD2 /* Info.plist in Resources */ = {isa = PBXBuildFile; fileRef = CB6FE89E1AD0B7FF00AD0BD2 /* Info.plist */; };
		CB6FE9031AD0B7FF00AD0BD2 /* KeyboardLayoutConstraint.swift in Sources */ = {isa = PBXBuildFile; fileRef = CB6FE89F1AD0B7FF00AD0BD2 /* KeyboardLayoutConstraint.swift */; };
		CB6FE9041AD0B7FF00AD0BD2 /* LoadingView.swift in Sources */ = {isa = PBXBuildFile; fileRef = CB6FE8A01AD0B7FF00AD0BD2 /* LoadingView.swift */; };
		CB6FE9051AD0B7FF00AD0BD2 /* LoadingView.xib in Resources */ = {isa = PBXBuildFile; fileRef = CB6FE8A11AD0B7FF00AD0BD2 /* LoadingView.xib */; };
		CB6FE9061AD0B7FF00AD0BD2 /* Misc.swift in Sources */ = {isa = PBXBuildFile; fileRef = CB6FE8A21AD0B7FF00AD0BD2 /* Misc.swift */; };
		CB6FE9071AD0B7FF00AD0BD2 /* SoundPlayer.swift in Sources */ = {isa = PBXBuildFile; fileRef = CB6FE8A31AD0B7FF00AD0BD2 /* SoundPlayer.swift */; };
		CB6FE9081AD0B7FF00AD0BD2 /* Spring.swift in Sources */ = {isa = PBXBuildFile; fileRef = CB6FE8A51AD0B7FF00AD0BD2 /* Spring.swift */; };
		CB6FE9091AD0B7FF00AD0BD2 /* SpringAnimation.swift in Sources */ = {isa = PBXBuildFile; fileRef = CB6FE8A61AD0B7FF00AD0BD2 /* SpringAnimation.swift */; };
		CB6FE90A1AD0B7FF00AD0BD2 /* SpringButton.swift in Sources */ = {isa = PBXBuildFile; fileRef = CB6FE8A71AD0B7FF00AD0BD2 /* SpringButton.swift */; };
		CB6FE90B1AD0B7FF00AD0BD2 /* SpringImageView.swift in Sources */ = {isa = PBXBuildFile; fileRef = CB6FE8A81AD0B7FF00AD0BD2 /* SpringImageView.swift */; };
		CB6FE90C1AD0B7FF00AD0BD2 /* SpringLabel.swift in Sources */ = {isa = PBXBuildFile; fileRef = CB6FE8A91AD0B7FF00AD0BD2 /* SpringLabel.swift */; };
		CB6FE90D1AD0B7FF00AD0BD2 /* SpringTextField.swift in Sources */ = {isa = PBXBuildFile; fileRef = CB6FE8AA1AD0B7FF00AD0BD2 /* SpringTextField.swift */; };
		CB6FE90E1AD0B7FF00AD0BD2 /* SpringTextView.swift in Sources */ = {isa = PBXBuildFile; fileRef = CB6FE8AB1AD0B7FF00AD0BD2 /* SpringTextView.swift */; };
		CB6FE90F1AD0B7FF00AD0BD2 /* SpringView.swift in Sources */ = {isa = PBXBuildFile; fileRef = CB6FE8AC1AD0B7FF00AD0BD2 /* SpringView.swift */; };
		CB6FE9101AD0B7FF00AD0BD2 /* TransitionManager.swift in Sources */ = {isa = PBXBuildFile; fileRef = CB6FE8AD1AD0B7FF00AD0BD2 /* TransitionManager.swift */; };
		CB6FE9111AD0B7FF00AD0BD2 /* TransitionZoom.swift in Sources */ = {isa = PBXBuildFile; fileRef = CB6FE8AE1AD0B7FF00AD0BD2 /* TransitionZoom.swift */; };
		CB6FE9121AD0B7FF00AD0BD2 /* UnwindSegue.swift in Sources */ = {isa = PBXBuildFile; fileRef = CB6FE8AF1AD0B7FF00AD0BD2 /* UnwindSegue.swift */; };
		CB6FE9131AD0B7FF00AD0BD2 /* Walkway_Black.ttf in Resources */ = {isa = PBXBuildFile; fileRef = CB6FE8B01AD0B7FF00AD0BD2 /* Walkway_Black.ttf */; };
		CB6FE9141AD0B7FF00AD0BD2 /* Walkway_Bold.ttf in Resources */ = {isa = PBXBuildFile; fileRef = CB6FE8B11AD0B7FF00AD0BD2 /* Walkway_Bold.ttf */; };
		CB6FE9151AD0B7FF00AD0BD2 /* Walkway_Oblique.ttf in Resources */ = {isa = PBXBuildFile; fileRef = CB6FE8B21AD0B7FF00AD0BD2 /* Walkway_Oblique.ttf */; };
		CB6FE9161AD0B7FF00AD0BD2 /* Walkway_Oblique_Black.ttf in Resources */ = {isa = PBXBuildFile; fileRef = CB6FE8B31AD0B7FF00AD0BD2 /* Walkway_Oblique_Black.ttf */; };
		CB6FE9171AD0B7FF00AD0BD2 /* Walkway_Oblique_Bold.ttf in Resources */ = {isa = PBXBuildFile; fileRef = CB6FE8B41AD0B7FF00AD0BD2 /* Walkway_Oblique_Bold.ttf */; };
		CB6FE9181AD0B7FF00AD0BD2 /* Walkway_Oblique_SemiBold.ttf in Resources */ = {isa = PBXBuildFile; fileRef = CB6FE8B51AD0B7FF00AD0BD2 /* Walkway_Oblique_SemiBold.ttf */; };
		CB6FE9191AD0B7FF00AD0BD2 /* Walkway_Oblique_UltraBold.ttf in Resources */ = {isa = PBXBuildFile; fileRef = CB6FE8B61AD0B7FF00AD0BD2 /* Walkway_Oblique_UltraBold.ttf */; };
		CB6FE91A1AD0B7FF00AD0BD2 /* Walkway_SemiBold.ttf in Resources */ = {isa = PBXBuildFile; fileRef = CB6FE8B71AD0B7FF00AD0BD2 /* Walkway_SemiBold.ttf */; };
		CB6FE91B1AD0B7FF00AD0BD2 /* Walkway_UltraBold.ttf in Resources */ = {isa = PBXBuildFile; fileRef = CB6FE8B81AD0B7FF00AD0BD2 /* Walkway_UltraBold.ttf */; };
		CB7BD8571AC86BB90088F22D /* MessageUI.framework in Frameworks */ = {isa = PBXBuildFile; fileRef = CB7BD8561AC86BB90088F22D /* MessageUI.framework */; };
/* End PBXBuildFile section */

/* Begin PBXContainerItemProxy section */
		CB3B7D161A58374B005F6402 /* PBXContainerItemProxy */ = {
			isa = PBXContainerItemProxy;
			containerPortal = CB3B7CF11A58374B005F6402 /* Project object */;
			proxyType = 1;
			remoteGlobalIDString = CB3B7CF81A58374B005F6402;
			remoteInfo = Flamey;
		};
/* End PBXContainerItemProxy section */

/* Begin PBXFileReference section */
		067A9FC38B3101CE4C8B6339 /* Pods-Stndout.debug.xcconfig */ = {isa = PBXFileReference; includeInIndex = 1; lastKnownFileType = text.xcconfig; name = "Pods-Stndout.debug.xcconfig"; path = "Pods/Target Support Files/Pods-Stndout/Pods-Stndout.debug.xcconfig"; sourceTree = "<group>"; };
		3B003C3C13253F1D84B7E4B2 /* Pods-Stndout.release.xcconfig */ = {isa = PBXFileReference; includeInIndex = 1; lastKnownFileType = text.xcconfig; name = "Pods-Stndout.release.xcconfig"; path = "Pods/Target Support Files/Pods-Stndout/Pods-Stndout.release.xcconfig"; sourceTree = "<group>"; };
		5B38E8EDA9FCF7C3A0052D93 /* libPods-Stndout.a */ = {isa = PBXFileReference; explicitFileType = archive.ar; includeInIndex = 0; path = "libPods-Stndout.a"; sourceTree = BUILT_PRODUCTS_DIR; };
		CB3B7CF91A58374B005F6402 /* Stndout.app */ = {isa = PBXFileReference; explicitFileType = wrapper.application; includeInIndex = 0; path = Stndout.app; sourceTree = BUILT_PRODUCTS_DIR; };
		CB3B7D151A58374B005F6402 /* StndoutTests.xctest */ = {isa = PBXFileReference; explicitFileType = wrapper.cfbundle; includeInIndex = 0; path = StndoutTests.xctest; sourceTree = BUILT_PRODUCTS_DIR; };
		CB3B7D1A1A58374B005F6402 /* Info.plist */ = {isa = PBXFileReference; lastKnownFileType = text.plist.xml; path = Info.plist; sourceTree = "<group>"; };
		CB3B7D1B1A58374B005F6402 /* FlameyTests.m */ = {isa = PBXFileReference; lastKnownFileType = sourcecode.c.objc; path = FlameyTests.m; sourceTree = "<group>"; };
		CB5972AC1AD1C6FF00DAE5A1 /* Crashlytics.framework */ = {isa = PBXFileReference; lastKnownFileType = wrapper.framework; path = Crashlytics.framework; sourceTree = "<group>"; };
		CB5972AD1AD1C6FF00DAE5A1 /* Fabric.framework */ = {isa = PBXFileReference; lastKnownFileType = wrapper.framework; path = Fabric.framework; sourceTree = "<group>"; };
		CB6879E51AD9D6FD00FCADA1 /* FBLFeedbackTabBarController.h */ = {isa = PBXFileReference; fileEncoding = 4; lastKnownFileType = sourcecode.c.h; path = FBLFeedbackTabBarController.h; sourceTree = "<group>"; };
		CB6879E61AD9D6FD00FCADA1 /* FBLFeedbackTabBarController.m */ = {isa = PBXFileReference; fileEncoding = 4; lastKnownFileType = sourcecode.c.objc; path = FBLFeedbackTabBarController.m; sourceTree = "<group>"; };
		CB6879E71AD9D6FD00FCADA1 /* FBLFeedbackTabBarController.xib */ = {isa = PBXFileReference; fileEncoding = 4; lastKnownFileType = file.xib; path = FBLFeedbackTabBarController.xib; sourceTree = "<group>"; };
		CB6879EB1AD9DEC400FCADA1 /* FBLChatsViewController.h */ = {isa = PBXFileReference; fileEncoding = 4; lastKnownFileType = sourcecode.c.h; path = FBLChatsViewController.h; sourceTree = "<group>"; };
		CB6879EC1AD9DEC400FCADA1 /* FBLChatsViewController.m */ = {isa = PBXFileReference; fileEncoding = 4; lastKnownFileType = sourcecode.c.objc; path = FBLChatsViewController.m; sourceTree = "<group>"; };
		CB6879ED1AD9DEC400FCADA1 /* FBLChatsViewController.xib */ = {isa = PBXFileReference; fileEncoding = 4; lastKnownFileType = file.xib; path = FBLChatsViewController.xib; sourceTree = "<group>"; };
		CB6879F11AD9DEDF00FCADA1 /* FBLGroupsViewController.h */ = {isa = PBXFileReference; fileEncoding = 4; lastKnownFileType = sourcecode.c.h; path = FBLGroupsViewController.h; sourceTree = "<group>"; };
		CB6879F21AD9DEDF00FCADA1 /* FBLGroupsViewController.m */ = {isa = PBXFileReference; fileEncoding = 4; lastKnownFileType = sourcecode.c.objc; path = FBLGroupsViewController.m; sourceTree = "<group>"; };
		CB6879F31AD9DEDF00FCADA1 /* FBLGroupsViewController.xib */ = {isa = PBXFileReference; fileEncoding = 4; lastKnownFileType = file.xib; path = FBLGroupsViewController.xib; sourceTree = "<group>"; };
		CB6879FA1AD9DF1300FCADA1 /* FBLProfileViewController.h */ = {isa = PBXFileReference; fileEncoding = 4; lastKnownFileType = sourcecode.c.h; path = FBLProfileViewController.h; sourceTree = "<group>"; };
		CB6879FB1AD9DF1300FCADA1 /* FBLProfileViewController.m */ = {isa = PBXFileReference; fileEncoding = 4; lastKnownFileType = sourcecode.c.objc; path = FBLProfileViewController.m; sourceTree = "<group>"; };
		CB6879FC1AD9DF1300FCADA1 /* FBLProfileViewController.xib */ = {isa = PBXFileReference; fileEncoding = 4; lastKnownFileType = file.xib; path = FBLProfileViewController.xib; sourceTree = "<group>"; };
		CB687A001AD9FDA800FCADA1 /* FBLChatViewController.h */ = {isa = PBXFileReference; fileEncoding = 4; lastKnownFileType = sourcecode.c.h; path = FBLChatViewController.h; sourceTree = "<group>"; };
		CB687A011AD9FDA800FCADA1 /* FBLChatViewController.m */ = {isa = PBXFileReference; fileEncoding = 4; lastKnownFileType = sourcecode.c.objc; path = FBLChatViewController.m; sourceTree = "<group>"; };
		CB687A031ADA051600FCADA1 /* FBLAppConstants.h */ = {isa = PBXFileReference; lastKnownFileType = sourcecode.c.h; path = FBLAppConstants.h; sourceTree = "<group>"; };
		CB687A051ADA076B00FCADA1 /* FBLMessageController.h */ = {isa = PBXFileReference; lastKnownFileType = sourcecode.c.h; path = FBLMessageController.h; sourceTree = "<group>"; };
		CB687A061ADA079700FCADA1 /* FBLMessageController.m */ = {isa = PBXFileReference; fileEncoding = 4; lastKnownFileType = sourcecode.c.objc; path = FBLMessageController.m; sourceTree = "<group>"; };
		CB687A081ADA08A800FCADA1 /* FBLPushNotificationController.h */ = {isa = PBXFileReference; lastKnownFileType = sourcecode.c.h; path = FBLPushNotificationController.h; sourceTree = "<group>"; };
		CB687A091ADA08D500FCADA1 /* FBLPushNotificationController.m */ = {isa = PBXFileReference; fileEncoding = 4; lastKnownFileType = sourcecode.c.objc; path = FBLPushNotificationController.m; sourceTree = "<group>"; };
		CB687A0C1ADA0F1E00FCADA1 /* FBLCameraUtil.h */ = {isa = PBXFileReference; lastKnownFileType = sourcecode.c.h; path = FBLCameraUtil.h; sourceTree = "<group>"; };
		CB687A0D1ADA0F2C00FCADA1 /* FBLCameraUtil.m */ = {isa = PBXFileReference; fileEncoding = 4; lastKnownFileType = sourcecode.c.objc; path = FBLCameraUtil.m; sourceTree = "<group>"; };
		CB687A0F1ADA0FE800FCADA1 /* MobileCoreServices.framework */ = {isa = PBXFileReference; lastKnownFileType = wrapper.framework; name = MobileCoreServices.framework; path = System/Library/Frameworks/MobileCoreServices.framework; sourceTree = SDKROOT; };
		CB6FE8271AD0B7FF00AD0BD2 /* Base */ = {isa = PBXFileReference; lastKnownFileType = file.xib; name = Base; path = Base.lproj/LaunchScreen.xib; sourceTree = "<group>"; };
		CB6FE8291AD0B7FF00AD0BD2 /* Base */ = {isa = PBXFileReference; lastKnownFileType = file.storyboard; name = Base; path = Base.lproj/Main.storyboard; sourceTree = "<group>"; };
		CB6FE82A1AD0B7FF00AD0BD2 /* CollectionViewHelpers.h */ = {isa = PBXFileReference; fileEncoding = 4; lastKnownFileType = sourcecode.c.h; path = CollectionViewHelpers.h; sourceTree = "<group>"; };
		CB6FE82B1AD0B7FF00AD0BD2 /* CollectionViewHelpers.m */ = {isa = PBXFileReference; fileEncoding = 4; lastKnownFileType = sourcecode.c.objc; path = CollectionViewHelpers.m; sourceTree = "<group>"; };
		CB6FE82C1AD0B7FF00AD0BD2 /* FLAnnotationInstructionsViewController.h */ = {isa = PBXFileReference; fileEncoding = 4; lastKnownFileType = sourcecode.c.h; path = FLAnnotationInstructionsViewController.h; sourceTree = "<group>"; };
		CB6FE82D1AD0B7FF00AD0BD2 /* FLAnnotationInstructionsViewController.m */ = {isa = PBXFileReference; fileEncoding = 4; lastKnownFileType = sourcecode.c.objc; path = FLAnnotationInstructionsViewController.m; sourceTree = "<group>"; };
		CB6FE82E1AD0B7FF00AD0BD2 /* FLAnnotationNavViewController.h */ = {isa = PBXFileReference; fileEncoding = 4; lastKnownFileType = sourcecode.c.h; path = FLAnnotationNavViewController.h; sourceTree = "<group>"; };
		CB6FE82F1AD0B7FF00AD0BD2 /* FLAnnotationNavViewController.m */ = {isa = PBXFileReference; fileEncoding = 4; lastKnownFileType = sourcecode.c.objc; path = FLAnnotationNavViewController.m; sourceTree = "<group>"; };
		CB6FE8301AD0B7FF00AD0BD2 /* FLAnnotationStore.h */ = {isa = PBXFileReference; fileEncoding = 4; lastKnownFileType = sourcecode.c.h; path = FLAnnotationStore.h; sourceTree = "<group>"; };
		CB6FE8311AD0B7FF00AD0BD2 /* FLAnnotationStore.m */ = {isa = PBXFileReference; fileEncoding = 4; lastKnownFileType = sourcecode.c.objc; path = FLAnnotationStore.m; sourceTree = "<group>"; };
		CB6FE8321AD0B7FF00AD0BD2 /* FLAnnotationTableEmptyMessageView.h */ = {isa = PBXFileReference; fileEncoding = 4; lastKnownFileType = sourcecode.c.h; path = FLAnnotationTableEmptyMessageView.h; sourceTree = "<group>"; };
		CB6FE8331AD0B7FF00AD0BD2 /* FLAnnotationTableEmptyMessageView.m */ = {isa = PBXFileReference; fileEncoding = 4; lastKnownFileType = sourcecode.c.objc; path = FLAnnotationTableEmptyMessageView.m; sourceTree = "<group>"; };
		CB6FE8341AD0B7FF00AD0BD2 /* FLAnnotationTableEmptyMessageView.xib */ = {isa = PBXFileReference; fileEncoding = 4; lastKnownFileType = file.xib; path = FLAnnotationTableEmptyMessageView.xib; sourceTree = "<group>"; };
		CB6FE8351AD0B7FF00AD0BD2 /* FLAnnotationTableViewCell.h */ = {isa = PBXFileReference; fileEncoding = 4; lastKnownFileType = sourcecode.c.h; path = FLAnnotationTableViewCell.h; sourceTree = "<group>"; };
		CB6FE8361AD0B7FF00AD0BD2 /* FLAnnotationTableViewCell.m */ = {isa = PBXFileReference; fileEncoding = 4; lastKnownFileType = sourcecode.c.objc; path = FLAnnotationTableViewCell.m; sourceTree = "<group>"; };
		CB6FE8371AD0B7FF00AD0BD2 /* FLAnnotationTableViewCell.xib */ = {isa = PBXFileReference; fileEncoding = 4; lastKnownFileType = file.xib; path = FLAnnotationTableViewCell.xib; sourceTree = "<group>"; };
		CB6FE8381AD0B7FF00AD0BD2 /* FLAppDelegate.h */ = {isa = PBXFileReference; fileEncoding = 4; lastKnownFileType = sourcecode.c.h; path = FLAppDelegate.h; sourceTree = "<group>"; };
		CB6FE8391AD0B7FF00AD0BD2 /* FLAppDelegate.m */ = {isa = PBXFileReference; fileEncoding = 4; lastKnownFileType = sourcecode.c.objc; path = FLAppDelegate.m; sourceTree = "<group>"; };
		CB6FE83A1AD0B7FF00AD0BD2 /* FLComponentConstants.h */ = {isa = PBXFileReference; fileEncoding = 4; lastKnownFileType = sourcecode.c.h; path = FLComponentConstants.h; sourceTree = "<group>"; };
		CB6FE83B1AD0B7FF00AD0BD2 /* FLContactViewController.h */ = {isa = PBXFileReference; fileEncoding = 4; lastKnownFileType = sourcecode.c.h; path = FLContactViewController.h; sourceTree = "<group>"; };
		CB6FE83C1AD0B7FF00AD0BD2 /* FLContactViewController.m */ = {isa = PBXFileReference; fileEncoding = 4; lastKnownFileType = sourcecode.c.objc; path = FLContactViewController.m; sourceTree = "<group>"; };
		CB6FE83D1AD0B7FF00AD0BD2 /* FLContactViewController.xib */ = {isa = PBXFileReference; fileEncoding = 4; lastKnownFileType = file.xib; path = FLContactViewController.xib; sourceTree = "<group>"; };
		CB6FE83E1AD0B7FF00AD0BD2 /* FLErrorHandler.h */ = {isa = PBXFileReference; fileEncoding = 4; lastKnownFileType = sourcecode.c.h; path = FLErrorHandler.h; sourceTree = "<group>"; };
		CB6FE83F1AD0B7FF00AD0BD2 /* FLErrorHandler.m */ = {isa = PBXFileReference; fileEncoding = 4; lastKnownFileType = sourcecode.c.objc; path = FLErrorHandler.m; sourceTree = "<group>"; };
		CB6FE8401AD0B7FF00AD0BD2 /* FLFacebookAlbumTableViewController.h */ = {isa = PBXFileReference; fileEncoding = 4; lastKnownFileType = sourcecode.c.h; path = FLFacebookAlbumTableViewController.h; sourceTree = "<group>"; };
		CB6FE8411AD0B7FF00AD0BD2 /* FLFacebookAlbumTableViewController.m */ = {isa = PBXFileReference; fileEncoding = 4; lastKnownFileType = sourcecode.c.objc; path = FLFacebookAlbumTableViewController.m; sourceTree = "<group>"; };
		CB6FE8421AD0B7FF00AD0BD2 /* FLFacebookPhotoCollectionViewCell.h */ = {isa = PBXFileReference; fileEncoding = 4; lastKnownFileType = sourcecode.c.h; path = FLFacebookPhotoCollectionViewCell.h; sourceTree = "<group>"; };
		CB6FE8431AD0B7FF00AD0BD2 /* FLFacebookPhotoCollectionViewCell.m */ = {isa = PBXFileReference; fileEncoding = 4; lastKnownFileType = sourcecode.c.objc; path = FLFacebookPhotoCollectionViewCell.m; sourceTree = "<group>"; };
		CB6FE8441AD0B7FF00AD0BD2 /* FLFacebookPhotoCollectionViewCell.xib */ = {isa = PBXFileReference; fileEncoding = 4; lastKnownFileType = file.xib; path = FLFacebookPhotoCollectionViewCell.xib; sourceTree = "<group>"; };
		CB6FE8451AD0B7FF00AD0BD2 /* FLFacebookPhotoPickerViewController.h */ = {isa = PBXFileReference; fileEncoding = 4; lastKnownFileType = sourcecode.c.h; path = FLFacebookPhotoPickerViewController.h; sourceTree = "<group>"; };
		CB6FE8461AD0B7FF00AD0BD2 /* FLFacebookPhotoPickerViewController.m */ = {isa = PBXFileReference; fileEncoding = 4; lastKnownFileType = sourcecode.c.objc; path = FLFacebookPhotoPickerViewController.m; sourceTree = "<group>"; };
		CB6FE8471AD0B7FF00AD0BD2 /* FLFacebookUploadModalViewController.h */ = {isa = PBXFileReference; fileEncoding = 4; lastKnownFileType = sourcecode.c.h; path = FLFacebookUploadModalViewController.h; sourceTree = "<group>"; };
		CB6FE8481AD0B7FF00AD0BD2 /* FLFacebookUploadModalViewController.m */ = {isa = PBXFileReference; fileEncoding = 4; lastKnownFileType = sourcecode.c.objc; path = FLFacebookUploadModalViewController.m; sourceTree = "<group>"; };
		CB6FE8491AD0B7FF00AD0BD2 /* FLFilterHelpers.h */ = {isa = PBXFileReference; fileEncoding = 4; lastKnownFileType = sourcecode.c.h; path = FLFilterHelpers.h; sourceTree = "<group>"; };
		CB6FE84A1AD0B7FF00AD0BD2 /* FLFilterSlider.h */ = {isa = PBXFileReference; fileEncoding = 4; lastKnownFileType = sourcecode.c.h; path = FLFilterSlider.h; sourceTree = "<group>"; };
		CB6FE84B1AD0B7FF00AD0BD2 /* FLFilterSlider.m */ = {isa = PBXFileReference; fileEncoding = 4; lastKnownFileType = sourcecode.c.objc; path = FLFilterSlider.m; sourceTree = "<group>"; };
		CB6FE84C1AD0B7FF00AD0BD2 /* FLFiltersPromptViewController.h */ = {isa = PBXFileReference; fileEncoding = 4; lastKnownFileType = sourcecode.c.h; path = FLFiltersPromptViewController.h; sourceTree = "<group>"; };
		CB6FE84D1AD0B7FF00AD0BD2 /* FLFiltersPromptViewController.m */ = {isa = PBXFileReference; fileEncoding = 4; lastKnownFileType = sourcecode.c.objc; path = FLFiltersPromptViewController.m; sourceTree = "<group>"; };
		CB6FE84E1AD0B7FF00AD0BD2 /* FLFiltersStore.h */ = {isa = PBXFileReference; fileEncoding = 4; lastKnownFileType = sourcecode.c.h; path = FLFiltersStore.h; sourceTree = "<group>"; };
		CB6FE84F1AD0B7FF00AD0BD2 /* FLFiltersStore.m */ = {isa = PBXFileReference; fileEncoding = 4; lastKnownFileType = sourcecode.c.objc; path = FLFiltersStore.m; sourceTree = "<group>"; };
		CB6FE8501AD0B7FF00AD0BD2 /* FLFilterTableViewCell.h */ = {isa = PBXFileReference; fileEncoding = 4; lastKnownFileType = sourcecode.c.h; path = FLFilterTableViewCell.h; sourceTree = "<group>"; };
		CB6FE8511AD0B7FF00AD0BD2 /* FLFilterTableViewCell.m */ = {isa = PBXFileReference; fileEncoding = 4; lastKnownFileType = sourcecode.c.objc; path = FLFilterTableViewCell.m; sourceTree = "<group>"; };
		CB6FE8521AD0B7FF00AD0BD2 /* FLFilterTableViewCell.xib */ = {isa = PBXFileReference; fileEncoding = 4; lastKnownFileType = file.xib; path = FLFilterTableViewCell.xib; sourceTree = "<group>"; };
		CB6FE8531AD0B7FF00AD0BD2 /* FLFilterViewHeader.xib */ = {isa = PBXFileReference; fileEncoding = 4; lastKnownFileType = file.xib; path = FLFilterViewHeader.xib; sourceTree = "<group>"; };
		CB6FE8541AD0B7FF00AD0BD2 /* FLImageAnnotationViewController.h */ = {isa = PBXFileReference; fileEncoding = 4; lastKnownFileType = sourcecode.c.h; path = FLImageAnnotationViewController.h; sourceTree = "<group>"; };
		CB6FE8551AD0B7FF00AD0BD2 /* FLImageAnnotationViewController.m */ = {isa = PBXFileReference; fileEncoding = 4; lastKnownFileType = sourcecode.c.objc; path = FLImageAnnotationViewController.m; sourceTree = "<group>"; };
		CB6FE8561AD0B7FF00AD0BD2 /* FLImageFilterViewController.h */ = {isa = PBXFileReference; fileEncoding = 4; lastKnownFileType = sourcecode.c.h; path = FLImageFilterViewController.h; sourceTree = "<group>"; };
		CB6FE8571AD0B7FF00AD0BD2 /* FLImageFilterViewController.m */ = {isa = PBXFileReference; fileEncoding = 4; lastKnownFileType = sourcecode.c.objc; path = FLImageFilterViewController.m; sourceTree = "<group>"; };
		CB6FE8581AD0B7FF00AD0BD2 /* FLLoginSlide.h */ = {isa = PBXFileReference; fileEncoding = 4; lastKnownFileType = sourcecode.c.h; path = FLLoginSlide.h; sourceTree = "<group>"; };
		CB6FE8591AD0B7FF00AD0BD2 /* FLLoginSlide.m */ = {isa = PBXFileReference; fileEncoding = 4; lastKnownFileType = sourcecode.c.objc; path = FLLoginSlide.m; sourceTree = "<group>"; };
		CB6FE85A1AD0B7FF00AD0BD2 /* FLLoginSlide.xib */ = {isa = PBXFileReference; fileEncoding = 4; lastKnownFileType = file.xib; path = FLLoginSlide.xib; sourceTree = "<group>"; };
		CB6FE85B1AD0B7FF00AD0BD2 /* FLLoginView.h */ = {isa = PBXFileReference; fileEncoding = 4; lastKnownFileType = sourcecode.c.h; path = FLLoginView.h; sourceTree = "<group>"; };
		CB6FE85C1AD0B7FF00AD0BD2 /* FLLoginView.m */ = {isa = PBXFileReference; fileEncoding = 4; lastKnownFileType = sourcecode.c.objc; path = FLLoginView.m; sourceTree = "<group>"; };
		CB6FE85D1AD0B7FF00AD0BD2 /* FLLoginViewController.h */ = {isa = PBXFileReference; fileEncoding = 4; lastKnownFileType = sourcecode.c.h; path = FLLoginViewController.h; sourceTree = "<group>"; };
		CB6FE85E1AD0B7FF00AD0BD2 /* FLLoginViewController.m */ = {isa = PBXFileReference; fileEncoding = 4; lastKnownFileType = sourcecode.c.objc; path = FLLoginViewController.m; sourceTree = "<group>"; };
		CB6FE85F1AD0B7FF00AD0BD2 /* FLPhoto.h */ = {isa = PBXFileReference; fileEncoding = 4; lastKnownFileType = sourcecode.c.h; path = FLPhoto.h; sourceTree = "<group>"; };
		CB6FE8601AD0B7FF00AD0BD2 /* FLPhoto.m */ = {isa = PBXFileReference; fileEncoding = 4; lastKnownFileType = sourcecode.c.objc; path = FLPhoto.m; sourceTree = "<group>"; };
		CB6FE8611AD0B7FF00AD0BD2 /* FLPhotoCollectionViewCell.h */ = {isa = PBXFileReference; fileEncoding = 4; lastKnownFileType = sourcecode.c.h; path = FLPhotoCollectionViewCell.h; sourceTree = "<group>"; };
		CB6FE8621AD0B7FF00AD0BD2 /* FLPhotoCollectionViewCell.m */ = {isa = PBXFileReference; fileEncoding = 4; lastKnownFileType = sourcecode.c.objc; path = FLPhotoCollectionViewCell.m; sourceTree = "<group>"; };
		CB6FE8631AD0B7FF00AD0BD2 /* FLPhotoCollectionViewCell.xib */ = {isa = PBXFileReference; fileEncoding = 4; lastKnownFileType = file.xib; path = FLPhotoCollectionViewCell.xib; sourceTree = "<group>"; };
		CB6FE8641AD0B7FF00AD0BD2 /* FLPrivacyViewController.h */ = {isa = PBXFileReference; fileEncoding = 4; lastKnownFileType = sourcecode.c.h; path = FLPrivacyViewController.h; sourceTree = "<group>"; };
		CB6FE8651AD0B7FF00AD0BD2 /* FLPrivacyViewController.m */ = {isa = PBXFileReference; fileEncoding = 4; lastKnownFileType = sourcecode.c.objc; path = FLPrivacyViewController.m; sourceTree = "<group>"; };
		CB6FE8661AD0B7FF00AD0BD2 /* FLPrivacyViewController.xib */ = {isa = PBXFileReference; fileEncoding = 4; lastKnownFileType = file.xib; path = FLPrivacyViewController.xib; sourceTree = "<group>"; };
		CB6FE8671AD0B7FF00AD0BD2 /* FLProcessedImagesStore.h */ = {isa = PBXFileReference; fileEncoding = 4; lastKnownFileType = sourcecode.c.h; path = FLProcessedImagesStore.h; sourceTree = "<group>"; };
		CB6FE8681AD0B7FF00AD0BD2 /* FLProcessedImagesStore.m */ = {isa = PBXFileReference; fileEncoding = 4; lastKnownFileType = sourcecode.c.objc; path = FLProcessedImagesStore.m; sourceTree = "<group>"; };
		CB6FE8691AD0B7FF00AD0BD2 /* FLSelectedPhotosCollectionViewController.h */ = {isa = PBXFileReference; fileEncoding = 4; lastKnownFileType = sourcecode.c.h; path = FLSelectedPhotosCollectionViewController.h; sourceTree = "<group>"; };
		CB6FE86A1AD0B7FF00AD0BD2 /* FLSelectedPhotosCollectionViewController.m */ = {isa = PBXFileReference; fileEncoding = 4; lastKnownFileType = sourcecode.c.objc; path = FLSelectedPhotosCollectionViewController.m; sourceTree = "<group>"; };
		CB6FE86B1AD0B7FF00AD0BD2 /* FLSelectedPhotoStore.h */ = {isa = PBXFileReference; fileEncoding = 4; lastKnownFileType = sourcecode.c.h; path = FLSelectedPhotoStore.h; sourceTree = "<group>"; };
		CB6FE86C1AD0B7FF00AD0BD2 /* FLSelectedPhotoStore.m */ = {isa = PBXFileReference; fileEncoding = 4; lastKnownFileType = sourcecode.c.objc; path = FLSelectedPhotoStore.m; sourceTree = "<group>"; };
		CB6FE86D1AD0B7FF00AD0BD2 /* FLSelectionCollectionEmptyMessageView.h */ = {isa = PBXFileReference; fileEncoding = 4; lastKnownFileType = sourcecode.c.h; path = FLSelectionCollectionEmptyMessageView.h; sourceTree = "<group>"; };
		CB6FE86E1AD0B7FF00AD0BD2 /* FLSelectionCollectionEmptyMessageView.m */ = {isa = PBXFileReference; fileEncoding = 4; lastKnownFileType = sourcecode.c.objc; path = FLSelectionCollectionEmptyMessageView.m; sourceTree = "<group>"; };
		CB6FE86F1AD0B7FF00AD0BD2 /* FLSelectionCollectionEmptyMessageView.xib */ = {isa = PBXFileReference; fileEncoding = 4; lastKnownFileType = file.xib; path = FLSelectionCollectionEmptyMessageView.xib; sourceTree = "<group>"; };
		CB6FE8701AD0B7FF00AD0BD2 /* FLSettings.h */ = {isa = PBXFileReference; fileEncoding = 4; lastKnownFileType = sourcecode.c.h; path = FLSettings.h; sourceTree = "<group>"; };
		CB6FE8711AD0B7FF00AD0BD2 /* FLSettings.m */ = {isa = PBXFileReference; fileEncoding = 4; lastKnownFileType = sourcecode.c.objc; path = FLSettings.m; sourceTree = "<group>"; };
		CB6FE8721AD0B7FF00AD0BD2 /* FLSettingsViewController.h */ = {isa = PBXFileReference; fileEncoding = 4; lastKnownFileType = sourcecode.c.h; path = FLSettingsViewController.h; sourceTree = "<group>"; };
		CB6FE8731AD0B7FF00AD0BD2 /* FLSettingsViewController.m */ = {isa = PBXFileReference; fileEncoding = 4; lastKnownFileType = sourcecode.c.objc; path = FLSettingsViewController.m; sourceTree = "<group>"; };
		CB6FE8741AD0B7FF00AD0BD2 /* FLStyleConstants.h */ = {isa = PBXFileReference; fileEncoding = 4; lastKnownFileType = sourcecode.c.h; path = FLStyleConstants.h; sourceTree = "<group>"; };
		CB6FE8751AD0B7FF00AD0BD2 /* FLTabBarViewController.h */ = {isa = PBXFileReference; fileEncoding = 4; lastKnownFileType = sourcecode.c.h; path = FLTabBarViewController.h; sourceTree = "<group>"; };
		CB6FE8761AD0B7FF00AD0BD2 /* FLTabBarViewController.m */ = {isa = PBXFileReference; fileEncoding = 4; lastKnownFileType = sourcecode.c.objc; path = FLTabBarViewController.m; sourceTree = "<group>"; };
		CB6FE8771AD0B7FF00AD0BD2 /* FLToolsStore.h */ = {isa = PBXFileReference; fileEncoding = 4; lastKnownFileType = sourcecode.c.h; path = FLToolsStore.h; sourceTree = "<group>"; };
		CB6FE8781AD0B7FF00AD0BD2 /* FLToolsStore.m */ = {isa = PBXFileReference; fileEncoding = 4; lastKnownFileType = sourcecode.c.objc; path = FLToolsStore.m; sourceTree = "<group>"; };
		CB6FE8791AD0B7FF00AD0BD2 /* FLTOSViewController.h */ = {isa = PBXFileReference; fileEncoding = 4; lastKnownFileType = sourcecode.c.h; path = FLTOSViewController.h; sourceTree = "<group>"; };
		CB6FE87A1AD0B7FF00AD0BD2 /* FLTOSViewController.m */ = {isa = PBXFileReference; fileEncoding = 4; lastKnownFileType = sourcecode.c.objc; path = FLTOSViewController.m; sourceTree = "<group>"; };
		CB6FE87B1AD0B7FF00AD0BD2 /* FLTOSViewController.xib */ = {isa = PBXFileReference; fileEncoding = 4; lastKnownFileType = file.xib; path = FLTOSViewController.xib; sourceTree = "<group>"; };
		CB6FE87C1AD0B7FF00AD0BD2 /* FLTutorialHowView.h */ = {isa = PBXFileReference; fileEncoding = 4; lastKnownFileType = sourcecode.c.h; path = FLTutorialHowView.h; sourceTree = "<group>"; };
		CB6FE87D1AD0B7FF00AD0BD2 /* FLTutorialHowView.m */ = {isa = PBXFileReference; fileEncoding = 4; lastKnownFileType = sourcecode.c.objc; path = FLTutorialHowView.m; sourceTree = "<group>"; };
		CB6FE87E1AD0B7FF00AD0BD2 /* FLTutorialHowView.xib */ = {isa = PBXFileReference; fileEncoding = 4; lastKnownFileType = file.xib; path = FLTutorialHowView.xib; sourceTree = "<group>"; };
		CB6FE87F1AD0B7FF00AD0BD2 /* FLTutorialProcessView.h */ = {isa = PBXFileReference; fileEncoding = 4; lastKnownFileType = sourcecode.c.h; path = FLTutorialProcessView.h; sourceTree = "<group>"; };
		CB6FE8801AD0B7FF00AD0BD2 /* FLTutorialProcessView.m */ = {isa = PBXFileReference; fileEncoding = 4; lastKnownFileType = sourcecode.c.objc; path = FLTutorialProcessView.m; sourceTree = "<group>"; };
		CB6FE8811AD0B7FF00AD0BD2 /* FLTutorialProcessView.xib */ = {isa = PBXFileReference; fileEncoding = 4; lastKnownFileType = file.xib; path = FLTutorialProcessView.xib; sourceTree = "<group>"; };
		CB6FE8821AD0B7FF00AD0BD2 /* FLTutorialResultView.h */ = {isa = PBXFileReference; fileEncoding = 4; lastKnownFileType = sourcecode.c.h; path = FLTutorialResultView.h; sourceTree = "<group>"; };
		CB6FE8831AD0B7FF00AD0BD2 /* FLTutorialResultView.m */ = {isa = PBXFileReference; fileEncoding = 4; lastKnownFileType = sourcecode.c.objc; path = FLTutorialResultView.m; sourceTree = "<group>"; };
		CB6FE8841AD0B7FF00AD0BD2 /* FLTutorialResultView.xib */ = {isa = PBXFileReference; fileEncoding = 4; lastKnownFileType = file.xib; path = FLTutorialResultView.xib; sourceTree = "<group>"; };
		CB6FE8851AD0B7FF00AD0BD2 /* FLTutorialSolutionView.h */ = {isa = PBXFileReference; fileEncoding = 4; lastKnownFileType = sourcecode.c.h; path = FLTutorialSolutionView.h; sourceTree = "<group>"; };
		CB6FE8861AD0B7FF00AD0BD2 /* FLTutorialSolutionView.m */ = {isa = PBXFileReference; fileEncoding = 4; lastKnownFileType = sourcecode.c.objc; path = FLTutorialSolutionView.m; sourceTree = "<group>"; };
		CB6FE8871AD0B7FF00AD0BD2 /* FLTutorialSolutionView.xib */ = {isa = PBXFileReference; fileEncoding = 4; lastKnownFileType = file.xib; path = FLTutorialSolutionView.xib; sourceTree = "<group>"; };
		CB6FE8881AD0B7FF00AD0BD2 /* FLTutorialViewController.h */ = {isa = PBXFileReference; fileEncoding = 4; lastKnownFileType = sourcecode.c.h; path = FLTutorialViewController.h; sourceTree = "<group>"; };
		CB6FE8891AD0B7FF00AD0BD2 /* FLTutorialViewController.m */ = {isa = PBXFileReference; fileEncoding = 4; lastKnownFileType = sourcecode.c.objc; path = FLTutorialViewController.m; sourceTree = "<group>"; };
		CB6FE88A1AD0B7FF00AD0BD2 /* FLUser.h */ = {isa = PBXFileReference; fileEncoding = 4; lastKnownFileType = sourcecode.c.h; path = FLUser.h; sourceTree = "<group>"; };
		CB6FE88B1AD0B7FF00AD0BD2 /* FLUser.m */ = {isa = PBXFileReference; fileEncoding = 4; lastKnownFileType = sourcecode.c.objc; path = FLUser.m; sourceTree = "<group>"; };
		CB6FE88C1AD0B7FF00AD0BD2 /* FLViewHelpers.h */ = {isa = PBXFileReference; fileEncoding = 4; lastKnownFileType = sourcecode.c.h; path = FLViewHelpers.h; sourceTree = "<group>"; };
		CB6FE88D1AD0B7FF00AD0BD2 /* FLViewHelpers.m */ = {isa = PBXFileReference; fileEncoding = 4; lastKnownFileType = sourcecode.c.objc; path = FLViewHelpers.m; sourceTree = "<group>"; };
		CB6FE88E1AD0B7FF00AD0BD2 /* Images.xcassets */ = {isa = PBXFileReference; lastKnownFileType = folder.assetcatalog; path = Images.xcassets; sourceTree = "<group>"; };
		CB6FE88F1AD0B7FF00AD0BD2 /* Info.plist */ = {isa = PBXFileReference; fileEncoding = 4; lastKnownFileType = text.plist.xml; path = Info.plist; sourceTree = "<group>"; };
		CB6FE8901AD0B7FF00AD0BD2 /* main.m */ = {isa = PBXFileReference; fileEncoding = 4; lastKnownFileType = sourcecode.c.objc; path = main.m; sourceTree = "<group>"; };
		CB6FE8911AD0B7FF00AD0BD2 /* Rochester-Regular.ttf */ = {isa = PBXFileReference; lastKnownFileType = file; path = "Rochester-Regular.ttf"; sourceTree = "<group>"; };
		CB6FE8931AD0B7FF00AD0BD2 /* AsyncButton.swift */ = {isa = PBXFileReference; fileEncoding = 4; lastKnownFileType = sourcecode.swift; path = AsyncButton.swift; sourceTree = "<group>"; };
		CB6FE8941AD0B7FF00AD0BD2 /* AsyncImageView.swift */ = {isa = PBXFileReference; fileEncoding = 4; lastKnownFileType = sourcecode.swift; path = AsyncImageView.swift; sourceTree = "<group>"; };
		CB6FE8951AD0B7FF00AD0BD2 /* BlurView.swift */ = {isa = PBXFileReference; fileEncoding = 4; lastKnownFileType = sourcecode.swift; path = BlurView.swift; sourceTree = "<group>"; };
		CB6FE8961AD0B7FF00AD0BD2 /* DesignableButton.swift */ = {isa = PBXFileReference; fileEncoding = 4; lastKnownFileType = sourcecode.swift; path = DesignableButton.swift; sourceTree = "<group>"; };
		CB6FE8971AD0B7FF00AD0BD2 /* DesignableImageView.swift */ = {isa = PBXFileReference; fileEncoding = 4; lastKnownFileType = sourcecode.swift; path = DesignableImageView.swift; sourceTree = "<group>"; };
		CB6FE8981AD0B7FF00AD0BD2 /* DesignableLabel.swift */ = {isa = PBXFileReference; fileEncoding = 4; lastKnownFileType = sourcecode.swift; path = DesignableLabel.swift; sourceTree = "<group>"; };
		CB6FE8991AD0B7FF00AD0BD2 /* DesignableTabBarController.swift */ = {isa = PBXFileReference; fileEncoding = 4; lastKnownFileType = sourcecode.swift; path = DesignableTabBarController.swift; sourceTree = "<group>"; };
		CB6FE89A1AD0B7FF00AD0BD2 /* DesignableTextField.swift */ = {isa = PBXFileReference; fileEncoding = 4; lastKnownFileType = sourcecode.swift; path = DesignableTextField.swift; sourceTree = "<group>"; };
		CB6FE89B1AD0B7FF00AD0BD2 /* DesignableTextView.swift */ = {isa = PBXFileReference; fileEncoding = 4; lastKnownFileType = sourcecode.swift; path = DesignableTextView.swift; sourceTree = "<group>"; };
		CB6FE89C1AD0B7FF00AD0BD2 /* DesignableView.swift */ = {isa = PBXFileReference; fileEncoding = 4; lastKnownFileType = sourcecode.swift; path = DesignableView.swift; sourceTree = "<group>"; };
		CB6FE89D1AD0B7FF00AD0BD2 /* ImageLoader.swift */ = {isa = PBXFileReference; fileEncoding = 4; lastKnownFileType = sourcecode.swift; path = ImageLoader.swift; sourceTree = "<group>"; };
		CB6FE89E1AD0B7FF00AD0BD2 /* Info.plist */ = {isa = PBXFileReference; fileEncoding = 4; lastKnownFileType = text.plist.xml; path = Info.plist; sourceTree = "<group>"; };
		CB6FE89F1AD0B7FF00AD0BD2 /* KeyboardLayoutConstraint.swift */ = {isa = PBXFileReference; fileEncoding = 4; lastKnownFileType = sourcecode.swift; path = KeyboardLayoutConstraint.swift; sourceTree = "<group>"; };
		CB6FE8A01AD0B7FF00AD0BD2 /* LoadingView.swift */ = {isa = PBXFileReference; fileEncoding = 4; lastKnownFileType = sourcecode.swift; path = LoadingView.swift; sourceTree = "<group>"; };
		CB6FE8A11AD0B7FF00AD0BD2 /* LoadingView.xib */ = {isa = PBXFileReference; fileEncoding = 4; lastKnownFileType = file.xib; path = LoadingView.xib; sourceTree = "<group>"; };
		CB6FE8A21AD0B7FF00AD0BD2 /* Misc.swift */ = {isa = PBXFileReference; fileEncoding = 4; lastKnownFileType = sourcecode.swift; path = Misc.swift; sourceTree = "<group>"; };
		CB6FE8A31AD0B7FF00AD0BD2 /* SoundPlayer.swift */ = {isa = PBXFileReference; fileEncoding = 4; lastKnownFileType = sourcecode.swift; path = SoundPlayer.swift; sourceTree = "<group>"; };
		CB6FE8A41AD0B7FF00AD0BD2 /* Spring.h */ = {isa = PBXFileReference; fileEncoding = 4; lastKnownFileType = sourcecode.c.h; path = Spring.h; sourceTree = "<group>"; };
		CB6FE8A51AD0B7FF00AD0BD2 /* Spring.swift */ = {isa = PBXFileReference; fileEncoding = 4; lastKnownFileType = sourcecode.swift; path = Spring.swift; sourceTree = "<group>"; };
		CB6FE8A61AD0B7FF00AD0BD2 /* SpringAnimation.swift */ = {isa = PBXFileReference; fileEncoding = 4; lastKnownFileType = sourcecode.swift; path = SpringAnimation.swift; sourceTree = "<group>"; };
		CB6FE8A71AD0B7FF00AD0BD2 /* SpringButton.swift */ = {isa = PBXFileReference; fileEncoding = 4; lastKnownFileType = sourcecode.swift; path = SpringButton.swift; sourceTree = "<group>"; };
		CB6FE8A81AD0B7FF00AD0BD2 /* SpringImageView.swift */ = {isa = PBXFileReference; fileEncoding = 4; lastKnownFileType = sourcecode.swift; path = SpringImageView.swift; sourceTree = "<group>"; };
		CB6FE8A91AD0B7FF00AD0BD2 /* SpringLabel.swift */ = {isa = PBXFileReference; fileEncoding = 4; lastKnownFileType = sourcecode.swift; path = SpringLabel.swift; sourceTree = "<group>"; };
		CB6FE8AA1AD0B7FF00AD0BD2 /* SpringTextField.swift */ = {isa = PBXFileReference; fileEncoding = 4; lastKnownFileType = sourcecode.swift; path = SpringTextField.swift; sourceTree = "<group>"; };
		CB6FE8AB1AD0B7FF00AD0BD2 /* SpringTextView.swift */ = {isa = PBXFileReference; fileEncoding = 4; lastKnownFileType = sourcecode.swift; path = SpringTextView.swift; sourceTree = "<group>"; };
		CB6FE8AC1AD0B7FF00AD0BD2 /* SpringView.swift */ = {isa = PBXFileReference; fileEncoding = 4; lastKnownFileType = sourcecode.swift; path = SpringView.swift; sourceTree = "<group>"; };
		CB6FE8AD1AD0B7FF00AD0BD2 /* TransitionManager.swift */ = {isa = PBXFileReference; fileEncoding = 4; lastKnownFileType = sourcecode.swift; path = TransitionManager.swift; sourceTree = "<group>"; };
		CB6FE8AE1AD0B7FF00AD0BD2 /* TransitionZoom.swift */ = {isa = PBXFileReference; fileEncoding = 4; lastKnownFileType = sourcecode.swift; path = TransitionZoom.swift; sourceTree = "<group>"; };
		CB6FE8AF1AD0B7FF00AD0BD2 /* UnwindSegue.swift */ = {isa = PBXFileReference; fileEncoding = 4; lastKnownFileType = sourcecode.swift; path = UnwindSegue.swift; sourceTree = "<group>"; };
		CB6FE8B01AD0B7FF00AD0BD2 /* Walkway_Black.ttf */ = {isa = PBXFileReference; lastKnownFileType = file; path = Walkway_Black.ttf; sourceTree = "<group>"; };
		CB6FE8B11AD0B7FF00AD0BD2 /* Walkway_Bold.ttf */ = {isa = PBXFileReference; lastKnownFileType = file; path = Walkway_Bold.ttf; sourceTree = "<group>"; };
		CB6FE8B21AD0B7FF00AD0BD2 /* Walkway_Oblique.ttf */ = {isa = PBXFileReference; lastKnownFileType = file; path = Walkway_Oblique.ttf; sourceTree = "<group>"; };
		CB6FE8B31AD0B7FF00AD0BD2 /* Walkway_Oblique_Black.ttf */ = {isa = PBXFileReference; lastKnownFileType = file; path = Walkway_Oblique_Black.ttf; sourceTree = "<group>"; };
		CB6FE8B41AD0B7FF00AD0BD2 /* Walkway_Oblique_Bold.ttf */ = {isa = PBXFileReference; lastKnownFileType = file; path = Walkway_Oblique_Bold.ttf; sourceTree = "<group>"; };
		CB6FE8B51AD0B7FF00AD0BD2 /* Walkway_Oblique_SemiBold.ttf */ = {isa = PBXFileReference; lastKnownFileType = file; path = Walkway_Oblique_SemiBold.ttf; sourceTree = "<group>"; };
		CB6FE8B61AD0B7FF00AD0BD2 /* Walkway_Oblique_UltraBold.ttf */ = {isa = PBXFileReference; lastKnownFileType = file; path = Walkway_Oblique_UltraBold.ttf; sourceTree = "<group>"; };
		CB6FE8B71AD0B7FF00AD0BD2 /* Walkway_SemiBold.ttf */ = {isa = PBXFileReference; lastKnownFileType = file; path = Walkway_SemiBold.ttf; sourceTree = "<group>"; };
		CB6FE8B81AD0B7FF00AD0BD2 /* Walkway_UltraBold.ttf */ = {isa = PBXFileReference; lastKnownFileType = file; path = Walkway_UltraBold.ttf; sourceTree = "<group>"; };
		CB7BD8561AC86BB90088F22D /* MessageUI.framework */ = {isa = PBXFileReference; lastKnownFileType = wrapper.framework; name = MessageUI.framework; path = System/Library/Frameworks/MessageUI.framework; sourceTree = SDKROOT; };
		CBFBFE811A58826B006657CD /* Bolts.framework */ = {isa = PBXFileReference; lastKnownFileType = wrapper.framework; path = Bolts.framework; sourceTree = "<group>"; };
		CBFBFE821A58826B006657CD /* FacebookSDK.framework */ = {isa = PBXFileReference; lastKnownFileType = wrapper.framework; path = FacebookSDK.framework; sourceTree = "<group>"; };
		CBFBFE831A58826B006657CD /* FBAudienceNetwork.framework */ = {isa = PBXFileReference; lastKnownFileType = wrapper.framework; path = FBAudienceNetwork.framework; sourceTree = "<group>"; };
		CBFBFE841A58826B006657CD /* FBAudienceNetwork.README.txt */ = {isa = PBXFileReference; lastKnownFileType = text; path = FBAudienceNetwork.README.txt; sourceTree = "<group>"; };
		CBFBFE851A58826B006657CD /* LICENSE */ = {isa = PBXFileReference; lastKnownFileType = text; path = LICENSE; sourceTree = "<group>"; };
		CBFBFE861A58826B006657CD /* README.txt */ = {isa = PBXFileReference; lastKnownFileType = text; path = README.txt; sourceTree = "<group>"; };
		FBE3E9771FF341C28DF3B968 /* libPods-Flamey.a */ = {isa = PBXFileReference; explicitFileType = archive.ar; includeInIndex = 0; path = "libPods-Flamey.a"; sourceTree = BUILT_PRODUCTS_DIR; };
/* End PBXFileReference section */

/* Begin PBXFrameworksBuildPhase section */
		CB3B7CF61A58374B005F6402 /* Frameworks */ = {
			isa = PBXFrameworksBuildPhase;
			buildActionMask = 2147483647;
			files = (
				CB687A101ADA0FE800FCADA1 /* MobileCoreServices.framework in Frameworks */,
				CB7BD8571AC86BB90088F22D /* MessageUI.framework in Frameworks */,
				CB5972AE1AD1C6FF00DAE5A1 /* Crashlytics.framework in Frameworks */,
				105AA3A97C62B42D69A97607 /* libPods-Stndout.a in Frameworks */,
				CB5972AF1AD1C6FF00DAE5A1 /* Fabric.framework in Frameworks */,
			);
			runOnlyForDeploymentPostprocessing = 0;
		};
		CB3B7D121A58374B005F6402 /* Frameworks */ = {
			isa = PBXFrameworksBuildPhase;
			buildActionMask = 2147483647;
			files = (
			);
			runOnlyForDeploymentPostprocessing = 0;
		};
/* End PBXFrameworksBuildPhase section */

/* Begin PBXGroup section */
		103802F0C21E42BBE560C8C2 /* Pods */ = {
			isa = PBXGroup;
			children = (
				067A9FC38B3101CE4C8B6339 /* Pods-Stndout.debug.xcconfig */,
				3B003C3C13253F1D84B7E4B2 /* Pods-Stndout.release.xcconfig */,
			);
			name = Pods;
			sourceTree = "<group>";
		};
		8653CABC8D15495390A3E34D /* Frameworks */ = {
			isa = PBXGroup;
			children = (
				CB687A0F1ADA0FE800FCADA1 /* MobileCoreServices.framework */,
				CB7BD8561AC86BB90088F22D /* MessageUI.framework */,
				CBFBFE801A58826B006657CD /* FacebookSDK */,
				FBE3E9771FF341C28DF3B968 /* libPods-Flamey.a */,
				5B38E8EDA9FCF7C3A0052D93 /* libPods-Stndout.a */,
			);
			name = Frameworks;
			sourceTree = "<group>";
		};
		CB3B7CF01A58374B005F6402 = {
			isa = PBXGroup;
			children = (
				CB5972AC1AD1C6FF00DAE5A1 /* Crashlytics.framework */,
				CB5972AD1AD1C6FF00DAE5A1 /* Fabric.framework */,
				CB6FE8251AD0B7FF00AD0BD2 /* Stndout */,
				CB3B7D181A58374B005F6402 /* StndoutTests */,
				CB3B7CFA1A58374B005F6402 /* Products */,
				8653CABC8D15495390A3E34D /* Frameworks */,
				103802F0C21E42BBE560C8C2 /* Pods */,
			);
			sourceTree = "<group>";
		};
		CB3B7CFA1A58374B005F6402 /* Products */ = {
			isa = PBXGroup;
			children = (
				CB3B7CF91A58374B005F6402 /* Stndout.app */,
				CB3B7D151A58374B005F6402 /* StndoutTests.xctest */,
			);
			name = Products;
			sourceTree = "<group>";
		};
		CB3B7D181A58374B005F6402 /* StndoutTests */ = {
			isa = PBXGroup;
			children = (
				CB3B7D1B1A58374B005F6402 /* FlameyTests.m */,
				CB3B7D191A58374B005F6402 /* Supporting Files */,
			);
			name = StndoutTests;
			path = FlameyTests;
			sourceTree = "<group>";
		};
		CB3B7D191A58374B005F6402 /* Supporting Files */ = {
			isa = PBXGroup;
			children = (
				CB3B7D1A1A58374B005F6402 /* Info.plist */,
			);
			name = "Supporting Files";
			sourceTree = "<group>";
		};
		CB60BF1D1AD0DB10006D4EB7 /* LoginViewController */ = {
			isa = PBXGroup;
			children = (
				CB6FE8581AD0B7FF00AD0BD2 /* FLLoginSlide.h */,
				CB6FE8591AD0B7FF00AD0BD2 /* FLLoginSlide.m */,
				CB6FE85A1AD0B7FF00AD0BD2 /* FLLoginSlide.xib */,
				CB6FE85B1AD0B7FF00AD0BD2 /* FLLoginView.h */,
				CB6FE85C1AD0B7FF00AD0BD2 /* FLLoginView.m */,
				CB6FE85D1AD0B7FF00AD0BD2 /* FLLoginViewController.h */,
				CB6FE85E1AD0B7FF00AD0BD2 /* FLLoginViewController.m */,
			);
			name = LoginViewController;
			sourceTree = "<group>";
		};
		CB60BF1E1AD0DB36006D4EB7 /* AnnotationViewController */ = {
			isa = PBXGroup;
			children = (
				CB6FE8541AD0B7FF00AD0BD2 /* FLImageAnnotationViewController.h */,
				CB6FE8551AD0B7FF00AD0BD2 /* FLImageAnnotationViewController.m */,
				CB6FE8321AD0B7FF00AD0BD2 /* FLAnnotationTableEmptyMessageView.h */,
				CB6FE8331AD0B7FF00AD0BD2 /* FLAnnotationTableEmptyMessageView.m */,
				CB6FE8341AD0B7FF00AD0BD2 /* FLAnnotationTableEmptyMessageView.xib */,
				CB6FE8351AD0B7FF00AD0BD2 /* FLAnnotationTableViewCell.h */,
				CB6FE8361AD0B7FF00AD0BD2 /* FLAnnotationTableViewCell.m */,
				CB6FE8371AD0B7FF00AD0BD2 /* FLAnnotationTableViewCell.xib */,
				CB6FE82C1AD0B7FF00AD0BD2 /* FLAnnotationInstructionsViewController.h */,
				CB6FE82D1AD0B7FF00AD0BD2 /* FLAnnotationInstructionsViewController.m */,
				CB6FE82E1AD0B7FF00AD0BD2 /* FLAnnotationNavViewController.h */,
				CB6FE82F1AD0B7FF00AD0BD2 /* FLAnnotationNavViewController.m */,
			);
			name = AnnotationViewController;
			sourceTree = "<group>";
		};
		CB60BF1F1AD0DB51006D4EB7 /* Stores */ = {
			isa = PBXGroup;
			children = (
				CB6FE8771AD0B7FF00AD0BD2 /* FLToolsStore.h */,
				CB6FE8781AD0B7FF00AD0BD2 /* FLToolsStore.m */,
				CB6FE86B1AD0B7FF00AD0BD2 /* FLSelectedPhotoStore.h */,
				CB6FE86C1AD0B7FF00AD0BD2 /* FLSelectedPhotoStore.m */,
				CB6FE8671AD0B7FF00AD0BD2 /* FLProcessedImagesStore.h */,
				CB6FE8681AD0B7FF00AD0BD2 /* FLProcessedImagesStore.m */,
				CB6FE84E1AD0B7FF00AD0BD2 /* FLFiltersStore.h */,
				CB6FE84F1AD0B7FF00AD0BD2 /* FLFiltersStore.m */,
				CB6FE8301AD0B7FF00AD0BD2 /* FLAnnotationStore.h */,
				CB6FE8311AD0B7FF00AD0BD2 /* FLAnnotationStore.m */,
			);
			name = Stores;
			sourceTree = "<group>";
		};
		CB60BF201AD0DB62006D4EB7 /* Helpers */ = {
			isa = PBXGroup;
			children = (
				CB6FE88C1AD0B7FF00AD0BD2 /* FLViewHelpers.h */,
				CB6FE88D1AD0B7FF00AD0BD2 /* FLViewHelpers.m */,
				CB6FE8491AD0B7FF00AD0BD2 /* FLFilterHelpers.h */,
				CB6FE83E1AD0B7FF00AD0BD2 /* FLErrorHandler.h */,
				CB6FE83F1AD0B7FF00AD0BD2 /* FLErrorHandler.m */,
				CB6FE82A1AD0B7FF00AD0BD2 /* CollectionViewHelpers.h */,
				CB6FE82B1AD0B7FF00AD0BD2 /* CollectionViewHelpers.m */,
			);
			name = Helpers;
			sourceTree = "<group>";
		};
		CB60BF211AD0DB7D006D4EB7 /* Constants */ = {
			isa = PBXGroup;
			children = (
				CB6FE8741AD0B7FF00AD0BD2 /* FLStyleConstants.h */,
				CB6FE83A1AD0B7FF00AD0BD2 /* FLComponentConstants.h */,
			);
			name = Constants;
			sourceTree = "<group>";
		};
		CB60BF221AD0DB8C006D4EB7 /* SettingsViewController */ = {
			isa = PBXGroup;
			children = (
				CB6879DF1AD9D5A000FCADA1 /* FeedbackLoop */,
				CB6FE8721AD0B7FF00AD0BD2 /* FLSettingsViewController.h */,
				CB6FE8731AD0B7FF00AD0BD2 /* FLSettingsViewController.m */,
				CB6FE8641AD0B7FF00AD0BD2 /* FLPrivacyViewController.h */,
				CB6FE8651AD0B7FF00AD0BD2 /* FLPrivacyViewController.m */,
				CB6FE8661AD0B7FF00AD0BD2 /* FLPrivacyViewController.xib */,
				CB6FE83B1AD0B7FF00AD0BD2 /* FLContactViewController.h */,
				CB6FE83C1AD0B7FF00AD0BD2 /* FLContactViewController.m */,
				CB6FE8791AD0B7FF00AD0BD2 /* FLTOSViewController.h */,
				CB6FE87A1AD0B7FF00AD0BD2 /* FLTOSViewController.m */,
				CB6FE87B1AD0B7FF00AD0BD2 /* FLTOSViewController.xib */,
				CB6FE83D1AD0B7FF00AD0BD2 /* FLContactViewController.xib */,
			);
			name = SettingsViewController;
			sourceTree = "<group>";
		};
		CB60BF231AD0DBA0006D4EB7 /* FBAlbumViewController */ = {
			isa = PBXGroup;
			children = (
				CB6FE8401AD0B7FF00AD0BD2 /* FLFacebookAlbumTableViewController.h */,
				CB6FE8411AD0B7FF00AD0BD2 /* FLFacebookAlbumTableViewController.m */,
			);
			name = FBAlbumViewController;
			sourceTree = "<group>";
		};
		CB60BF241AD0DBB3006D4EB7 /* FBPhotoViewController */ = {
			isa = PBXGroup;
			children = (
				CB6FE8611AD0B7FF00AD0BD2 /* FLPhotoCollectionViewCell.h */,
				CB6FE8621AD0B7FF00AD0BD2 /* FLPhotoCollectionViewCell.m */,
				CB6FE8631AD0B7FF00AD0BD2 /* FLPhotoCollectionViewCell.xib */,
				CB6FE8421AD0B7FF00AD0BD2 /* FLFacebookPhotoCollectionViewCell.h */,
				CB6FE8431AD0B7FF00AD0BD2 /* FLFacebookPhotoCollectionViewCell.m */,
				CB6FE8441AD0B7FF00AD0BD2 /* FLFacebookPhotoCollectionViewCell.xib */,
				CB6FE8451AD0B7FF00AD0BD2 /* FLFacebookPhotoPickerViewController.h */,
				CB6FE8461AD0B7FF00AD0BD2 /* FLFacebookPhotoPickerViewController.m */,
			);
			name = FBPhotoViewController;
			sourceTree = "<group>";
		};
		CB60BF251AD0DBD3006D4EB7 /* UploadViewController */ = {
			isa = PBXGroup;
			children = (
				CB6FE8471AD0B7FF00AD0BD2 /* FLFacebookUploadModalViewController.h */,
				CB6FE8481AD0B7FF00AD0BD2 /* FLFacebookUploadModalViewController.m */,
			);
			name = UploadViewController;
			sourceTree = "<group>";
		};
		CB60BF261AD0DBE5006D4EB7 /* FiltersViewController */ = {
			isa = PBXGroup;
			children = (
				CB6FE8501AD0B7FF00AD0BD2 /* FLFilterTableViewCell.h */,
				CB6FE8511AD0B7FF00AD0BD2 /* FLFilterTableViewCell.m */,
				CB6FE8521AD0B7FF00AD0BD2 /* FLFilterTableViewCell.xib */,
				CB6FE8531AD0B7FF00AD0BD2 /* FLFilterViewHeader.xib */,
				CB6FE8561AD0B7FF00AD0BD2 /* FLImageFilterViewController.h */,
				CB6FE8571AD0B7FF00AD0BD2 /* FLImageFilterViewController.m */,
				CB6FE84A1AD0B7FF00AD0BD2 /* FLFilterSlider.h */,
				CB6FE84B1AD0B7FF00AD0BD2 /* FLFilterSlider.m */,
				CB6FE84C1AD0B7FF00AD0BD2 /* FLFiltersPromptViewController.h */,
				CB6FE84D1AD0B7FF00AD0BD2 /* FLFiltersPromptViewController.m */,
			);
			name = FiltersViewController;
			sourceTree = "<group>";
		};
		CB60BF271AD0DC31006D4EB7 /* Models */ = {
			isa = PBXGroup;
			children = (
				CB6FE88A1AD0B7FF00AD0BD2 /* FLUser.h */,
				CB6FE88B1AD0B7FF00AD0BD2 /* FLUser.m */,
				CB6FE8701AD0B7FF00AD0BD2 /* FLSettings.h */,
				CB6FE8711AD0B7FF00AD0BD2 /* FLSettings.m */,
				CB6FE85F1AD0B7FF00AD0BD2 /* FLPhoto.h */,
				CB6FE8601AD0B7FF00AD0BD2 /* FLPhoto.m */,
			);
			name = Models;
			sourceTree = "<group>";
		};
		CB60BF281AD0DC4A006D4EB7 /* SelectedPhotosViewController */ = {
			isa = PBXGroup;
			children = (
				CB6FE8691AD0B7FF00AD0BD2 /* FLSelectedPhotosCollectionViewController.h */,
				CB6FE86A1AD0B7FF00AD0BD2 /* FLSelectedPhotosCollectionViewController.m */,
				CB6FE86D1AD0B7FF00AD0BD2 /* FLSelectionCollectionEmptyMessageView.h */,
				CB6FE86E1AD0B7FF00AD0BD2 /* FLSelectionCollectionEmptyMessageView.m */,
				CB6FE86F1AD0B7FF00AD0BD2 /* FLSelectionCollectionEmptyMessageView.xib */,
			);
			name = SelectedPhotosViewController;
			sourceTree = "<group>";
		};
		CB60BF291AD0DC8F006D4EB7 /* TutorialViewController */ = {
			isa = PBXGroup;
			children = (
				CB6FE8891AD0B7FF00AD0BD2 /* FLTutorialViewController.m */,
				CB6FE87C1AD0B7FF00AD0BD2 /* FLTutorialHowView.h */,
				CB6FE87D1AD0B7FF00AD0BD2 /* FLTutorialHowView.m */,
				CB6FE87E1AD0B7FF00AD0BD2 /* FLTutorialHowView.xib */,
				CB6FE87F1AD0B7FF00AD0BD2 /* FLTutorialProcessView.h */,
				CB6FE8801AD0B7FF00AD0BD2 /* FLTutorialProcessView.m */,
				CB6FE8811AD0B7FF00AD0BD2 /* FLTutorialProcessView.xib */,
				CB6FE8821AD0B7FF00AD0BD2 /* FLTutorialResultView.h */,
				CB6FE8831AD0B7FF00AD0BD2 /* FLTutorialResultView.m */,
				CB6FE8841AD0B7FF00AD0BD2 /* FLTutorialResultView.xib */,
				CB6FE8851AD0B7FF00AD0BD2 /* FLTutorialSolutionView.h */,
				CB6FE8861AD0B7FF00AD0BD2 /* FLTutorialSolutionView.m */,
				CB6FE8871AD0B7FF00AD0BD2 /* FLTutorialSolutionView.xib */,
				CB6FE8881AD0B7FF00AD0BD2 /* FLTutorialViewController.h */,
			);
			name = TutorialViewController;
			sourceTree = "<group>";
		};
		CB60BF2A1AD0DCD3006D4EB7 /* Components */ = {
			isa = PBXGroup;
			children = (
				CB6FE8751AD0B7FF00AD0BD2 /* FLTabBarViewController.h */,
				CB6FE8761AD0B7FF00AD0BD2 /* FLTabBarViewController.m */,
			);
			name = Components;
			sourceTree = "<group>";
		};
		CB60BF2B1AD0DCF0006D4EB7 /* Assets */ = {
			isa = PBXGroup;
			children = (
				CB6FE8911AD0B7FF00AD0BD2 /* Rochester-Regular.ttf */,
				CB6FE8B01AD0B7FF00AD0BD2 /* Walkway_Black.ttf */,
				CB6FE8B11AD0B7FF00AD0BD2 /* Walkway_Bold.ttf */,
				CB6FE8B21AD0B7FF00AD0BD2 /* Walkway_Oblique.ttf */,
				CB6FE8B31AD0B7FF00AD0BD2 /* Walkway_Oblique_Black.ttf */,
				CB6FE8B41AD0B7FF00AD0BD2 /* Walkway_Oblique_Bold.ttf */,
				CB6FE8B51AD0B7FF00AD0BD2 /* Walkway_Oblique_SemiBold.ttf */,
				CB6FE8B61AD0B7FF00AD0BD2 /* Walkway_Oblique_UltraBold.ttf */,
				CB6FE8B71AD0B7FF00AD0BD2 /* Walkway_SemiBold.ttf */,
				CB6FE8B81AD0B7FF00AD0BD2 /* Walkway_UltraBold.ttf */,
			);
			name = Assets;
			sourceTree = "<group>";
		};
		CB6879DF1AD9D5A000FCADA1 /* FeedbackLoop */ = {
			isa = PBXGroup;
			children = (
				CB687A0B1ADA0E1600FCADA1 /* Utils */,
				CB687A041ADA070300FCADA1 /* Networking */,
				CB6879F91AD9DF0200FCADA1 /* Profile */,
				CB6879F01AD9DECA00FCADA1 /* Groups */,
				CB6879EA1AD9DEAD00FCADA1 /* Chats */,
				CB6879E51AD9D6FD00FCADA1 /* FBLFeedbackTabBarController.h */,
				CB6879E61AD9D6FD00FCADA1 /* FBLFeedbackTabBarController.m */,
				CB6879E71AD9D6FD00FCADA1 /* FBLFeedbackTabBarController.xib */,
				CB687A031ADA051600FCADA1 /* FBLAppConstants.h */,
			);
			name = FeedbackLoop;
			sourceTree = "<group>";
		};
		CB6879EA1AD9DEAD00FCADA1 /* Chats */ = {
			isa = PBXGroup;
			children = (
				CB6879FF1AD9FD7300FCADA1 /* Chat */,
				CB6879EB1AD9DEC400FCADA1 /* FBLChatsViewController.h */,
				CB6879EC1AD9DEC400FCADA1 /* FBLChatsViewController.m */,
				CB6879ED1AD9DEC400FCADA1 /* FBLChatsViewController.xib */,
			);
			name = Chats;
			sourceTree = "<group>";
		};
		CB6879F01AD9DECA00FCADA1 /* Groups */ = {
			isa = PBXGroup;
			children = (
				CB6879F11AD9DEDF00FCADA1 /* FBLGroupsViewController.h */,
				CB6879F21AD9DEDF00FCADA1 /* FBLGroupsViewController.m */,
				CB6879F31AD9DEDF00FCADA1 /* FBLGroupsViewController.xib */,
			);
			name = Groups;
			sourceTree = "<group>";
		};
		CB6879F91AD9DF0200FCADA1 /* Profile */ = {
			isa = PBXGroup;
			children = (
				CB6879FA1AD9DF1300FCADA1 /* FBLProfileViewController.h */,
				CB6879FB1AD9DF1300FCADA1 /* FBLProfileViewController.m */,
				CB6879FC1AD9DF1300FCADA1 /* FBLProfileViewController.xib */,
			);
			name = Profile;
			sourceTree = "<group>";
		};
		CB6879FF1AD9FD7300FCADA1 /* Chat */ = {
			isa = PBXGroup;
			children = (
				CB687A001AD9FDA800FCADA1 /* FBLChatViewController.h */,
				CB687A011AD9FDA800FCADA1 /* FBLChatViewController.m */,
			);
			name = Chat;
			sourceTree = "<group>";
		};
		CB687A041ADA070300FCADA1 /* Networking */ = {
			isa = PBXGroup;
			children = (
				CB687A051ADA076B00FCADA1 /* FBLMessageController.h */,
				CB687A061ADA079700FCADA1 /* FBLMessageController.m */,
				CB687A081ADA08A800FCADA1 /* FBLPushNotificationController.h */,
				CB687A091ADA08D500FCADA1 /* FBLPushNotificationController.m */,
			);
			name = Networking;
			sourceTree = "<group>";
		};
		CB687A0B1ADA0E1600FCADA1 /* Utils */ = {
			isa = PBXGroup;
			children = (
				CB687A0C1ADA0F1E00FCADA1 /* FBLCameraUtil.h */,
				CB687A0D1ADA0F2C00FCADA1 /* FBLCameraUtil.m */,
			);
			name = Utils;
			sourceTree = "<group>";
		};
		CB6FE8251AD0B7FF00AD0BD2 /* Stndout */ = {
			isa = PBXGroup;
			children = (
				CB60BF2B1AD0DCF0006D4EB7 /* Assets */,
				CB60BF2A1AD0DCD3006D4EB7 /* Components */,
				CB60BF291AD0DC8F006D4EB7 /* TutorialViewController */,
				CB60BF281AD0DC4A006D4EB7 /* SelectedPhotosViewController */,
				CB60BF271AD0DC31006D4EB7 /* Models */,
				CB60BF261AD0DBE5006D4EB7 /* FiltersViewController */,
				CB60BF251AD0DBD3006D4EB7 /* UploadViewController */,
				CB60BF241AD0DBB3006D4EB7 /* FBPhotoViewController */,
				CB60BF231AD0DBA0006D4EB7 /* FBAlbumViewController */,
				CB60BF221AD0DB8C006D4EB7 /* SettingsViewController */,
				CB60BF211AD0DB7D006D4EB7 /* Constants */,
				CB60BF201AD0DB62006D4EB7 /* Helpers */,
				CB60BF1F1AD0DB51006D4EB7 /* Stores */,
				CB60BF1E1AD0DB36006D4EB7 /* AnnotationViewController */,
				CB60BF1D1AD0DB10006D4EB7 /* LoginViewController */,
				CB6FE8261AD0B7FF00AD0BD2 /* LaunchScreen.xib */,
				CB6FE8281AD0B7FF00AD0BD2 /* Main.storyboard */,
				CB6FE8381AD0B7FF00AD0BD2 /* FLAppDelegate.h */,
				CB6FE8391AD0B7FF00AD0BD2 /* FLAppDelegate.m */,
				CB6FE88E1AD0B7FF00AD0BD2 /* Images.xcassets */,
				CB6FE88F1AD0B7FF00AD0BD2 /* Info.plist */,
				CB6FE8901AD0B7FF00AD0BD2 /* main.m */,
				CB6FE8921AD0B7FF00AD0BD2 /* Spring */,
			);
			path = Stndout;
			sourceTree = SOURCE_ROOT;
		};
		CB6FE8921AD0B7FF00AD0BD2 /* Spring */ = {
			isa = PBXGroup;
			children = (
				CB6FE8931AD0B7FF00AD0BD2 /* AsyncButton.swift */,
				CB6FE8941AD0B7FF00AD0BD2 /* AsyncImageView.swift */,
				CB6FE8951AD0B7FF00AD0BD2 /* BlurView.swift */,
				CB6FE8961AD0B7FF00AD0BD2 /* DesignableButton.swift */,
				CB6FE8971AD0B7FF00AD0BD2 /* DesignableImageView.swift */,
				CB6FE8981AD0B7FF00AD0BD2 /* DesignableLabel.swift */,
				CB6FE8991AD0B7FF00AD0BD2 /* DesignableTabBarController.swift */,
				CB6FE89A1AD0B7FF00AD0BD2 /* DesignableTextField.swift */,
				CB6FE89B1AD0B7FF00AD0BD2 /* DesignableTextView.swift */,
				CB6FE89C1AD0B7FF00AD0BD2 /* DesignableView.swift */,
				CB6FE89D1AD0B7FF00AD0BD2 /* ImageLoader.swift */,
				CB6FE89E1AD0B7FF00AD0BD2 /* Info.plist */,
				CB6FE89F1AD0B7FF00AD0BD2 /* KeyboardLayoutConstraint.swift */,
				CB6FE8A01AD0B7FF00AD0BD2 /* LoadingView.swift */,
				CB6FE8A11AD0B7FF00AD0BD2 /* LoadingView.xib */,
				CB6FE8A21AD0B7FF00AD0BD2 /* Misc.swift */,
				CB6FE8A31AD0B7FF00AD0BD2 /* SoundPlayer.swift */,
				CB6FE8A41AD0B7FF00AD0BD2 /* Spring.h */,
				CB6FE8A51AD0B7FF00AD0BD2 /* Spring.swift */,
				CB6FE8A61AD0B7FF00AD0BD2 /* SpringAnimation.swift */,
				CB6FE8A71AD0B7FF00AD0BD2 /* SpringButton.swift */,
				CB6FE8A81AD0B7FF00AD0BD2 /* SpringImageView.swift */,
				CB6FE8A91AD0B7FF00AD0BD2 /* SpringLabel.swift */,
				CB6FE8AA1AD0B7FF00AD0BD2 /* SpringTextField.swift */,
				CB6FE8AB1AD0B7FF00AD0BD2 /* SpringTextView.swift */,
				CB6FE8AC1AD0B7FF00AD0BD2 /* SpringView.swift */,
				CB6FE8AD1AD0B7FF00AD0BD2 /* TransitionManager.swift */,
				CB6FE8AE1AD0B7FF00AD0BD2 /* TransitionZoom.swift */,
				CB6FE8AF1AD0B7FF00AD0BD2 /* UnwindSegue.swift */,
			);
			path = Spring;
			sourceTree = "<group>";
		};
		CBFBFE801A58826B006657CD /* FacebookSDK */ = {
			isa = PBXGroup;
			children = (
				CBFBFE811A58826B006657CD /* Bolts.framework */,
				CBFBFE821A58826B006657CD /* FacebookSDK.framework */,
				CBFBFE831A58826B006657CD /* FBAudienceNetwork.framework */,
				CBFBFE841A58826B006657CD /* FBAudienceNetwork.README.txt */,
				CBFBFE851A58826B006657CD /* LICENSE */,
				CBFBFE861A58826B006657CD /* README.txt */,
			);
			name = FacebookSDK;
			path = ../../../../../../Documents/FacebookSDK;
			sourceTree = "<group>";
		};
/* End PBXGroup section */

/* Begin PBXNativeTarget section */
		CB3B7CF81A58374B005F6402 /* Stndout */ = {
			isa = PBXNativeTarget;
			buildConfigurationList = CB3B7D1F1A58374B005F6402 /* Build configuration list for PBXNativeTarget "Stndout" */;
			buildPhases = (
				76BD728EBF3041788079E323 /* Check Pods Manifest.lock */,
				CB3B7CF51A58374B005F6402 /* Sources */,
				CB3B7CF61A58374B005F6402 /* Frameworks */,
				CB3B7CF71A58374B005F6402 /* Resources */,
				D75166FA41094543B4615782 /* Copy Pods Resources */,
				CB5972AB1AD1C69600DAE5A1 /* ShellScript */,
			);
			buildRules = (
			);
			dependencies = (
			);
			name = Stndout;
			productName = Flamey;
			productReference = CB3B7CF91A58374B005F6402 /* Stndout.app */;
			productType = "com.apple.product-type.application";
		};
		CB3B7D141A58374B005F6402 /* StndoutTests */ = {
			isa = PBXNativeTarget;
			buildConfigurationList = CB3B7D221A58374B005F6402 /* Build configuration list for PBXNativeTarget "StndoutTests" */;
			buildPhases = (
				CB3B7D111A58374B005F6402 /* Sources */,
				CB3B7D121A58374B005F6402 /* Frameworks */,
				CB3B7D131A58374B005F6402 /* Resources */,
			);
			buildRules = (
			);
			dependencies = (
				CB3B7D171A58374B005F6402 /* PBXTargetDependency */,
			);
			name = StndoutTests;
			productName = FlameyTests;
			productReference = CB3B7D151A58374B005F6402 /* StndoutTests.xctest */;
			productType = "com.apple.product-type.bundle.unit-test";
		};
/* End PBXNativeTarget section */

/* Begin PBXProject section */
		CB3B7CF11A58374B005F6402 /* Project object */ = {
			isa = PBXProject;
			attributes = {
				LastUpgradeCheck = 0610;
				ORGANIZATIONNAME = REPL;
				TargetAttributes = {
					CB3B7CF81A58374B005F6402 = {
						CreatedOnToolsVersion = 6.1.1;
						DevelopmentTeam = C4NFUQ8T98;
					};
					CB3B7D141A58374B005F6402 = {
						CreatedOnToolsVersion = 6.1.1;
						TestTargetID = CB3B7CF81A58374B005F6402;
					};
				};
			};
			buildConfigurationList = CB3B7CF41A58374B005F6402 /* Build configuration list for PBXProject "Stndout" */;
			compatibilityVersion = "Xcode 3.2";
			developmentRegion = English;
			hasScannedForEncodings = 0;
			knownRegions = (
				en,
				Base,
			);
			mainGroup = CB3B7CF01A58374B005F6402;
			productRefGroup = CB3B7CFA1A58374B005F6402 /* Products */;
			projectDirPath = "";
			projectRoot = "";
			targets = (
				CB3B7CF81A58374B005F6402 /* Stndout */,
				CB3B7D141A58374B005F6402 /* StndoutTests */,
			);
		};
/* End PBXProject section */

/* Begin PBXResourcesBuildPhase section */
		CB3B7CF71A58374B005F6402 /* Resources */ = {
			isa = PBXResourcesBuildPhase;
			buildActionMask = 2147483647;
			files = (
				CB6FE8C91AD0B7FF00AD0BD2 /* FLFacebookPhotoCollectionViewCell.xib in Resources */,
				CB6879E91AD9D6FD00FCADA1 /* FBLFeedbackTabBarController.xib in Resources */,
				CB6FE8F31AD0B7FF00AD0BD2 /* Images.xcassets in Resources */,
				CB6FE9171AD0B7FF00AD0BD2 /* Walkway_Oblique_Bold.ttf in Resources */,
				CB6FE8C21AD0B7FF00AD0BD2 /* FLAnnotationTableViewCell.xib in Resources */,
				CB6FE8E91AD0B7FF00AD0BD2 /* FLTutorialHowView.xib in Resources */,
				CB6FE8D51AD0B7FF00AD0BD2 /* FLLoginSlide.xib in Resources */,
				CB6879FE1AD9DF1300FCADA1 /* FBLProfileViewController.xib in Resources */,
				CB6FE8D01AD0B7FF00AD0BD2 /* FLFilterTableViewCell.xib in Resources */,
				CB6FE8ED1AD0B7FF00AD0BD2 /* FLTutorialResultView.xib in Resources */,
				CB6FE91A1AD0B7FF00AD0BD2 /* Walkway_SemiBold.ttf in Resources */,
				CB6FE8EB1AD0B7FF00AD0BD2 /* FLTutorialProcessView.xib in Resources */,
				CB6FE9191AD0B7FF00AD0BD2 /* Walkway_Oblique_UltraBold.ttf in Resources */,
				CB6FE8E71AD0B7FF00AD0BD2 /* FLTOSViewController.xib in Resources */,
				CB6FE8E11AD0B7FF00AD0BD2 /* FLSelectionCollectionEmptyMessageView.xib in Resources */,
				CB6FE9021AD0B7FF00AD0BD2 /* Info.plist in Resources */,
				CB6FE8D11AD0B7FF00AD0BD2 /* FLFilterViewHeader.xib in Resources */,
				CB6FE91B1AD0B7FF00AD0BD2 /* Walkway_UltraBold.ttf in Resources */,
				CB6FE8C01AD0B7FF00AD0BD2 /* FLAnnotationTableEmptyMessageView.xib in Resources */,
				CB6FE9161AD0B7FF00AD0BD2 /* Walkway_Oblique_Black.ttf in Resources */,
				CB6FE8DA1AD0B7FF00AD0BD2 /* FLPhotoCollectionViewCell.xib in Resources */,
				CB6FE8BA1AD0B7FF00AD0BD2 /* Main.storyboard in Resources */,
				CB6FE9151AD0B7FF00AD0BD2 /* Walkway_Oblique.ttf in Resources */,
				CB6FE9131AD0B7FF00AD0BD2 /* Walkway_Black.ttf in Resources */,
				CB6FE8F61AD0B7FF00AD0BD2 /* Rochester-Regular.ttf in Resources */,
				CB6FE9141AD0B7FF00AD0BD2 /* Walkway_Bold.ttf in Resources */,
				CB6879EF1AD9DEC400FCADA1 /* FBLChatsViewController.xib in Resources */,
				CB6FE8EF1AD0B7FF00AD0BD2 /* FLTutorialSolutionView.xib in Resources */,
				CB6879F51AD9DEDF00FCADA1 /* FBLGroupsViewController.xib in Resources */,
				CB6FE8DC1AD0B7FF00AD0BD2 /* FLPrivacyViewController.xib in Resources */,
				CB6FE9181AD0B7FF00AD0BD2 /* Walkway_Oblique_SemiBold.ttf in Resources */,
				CB6FE8C51AD0B7FF00AD0BD2 /* FLContactViewController.xib in Resources */,
				CB6FE8B91AD0B7FF00AD0BD2 /* LaunchScreen.xib in Resources */,
				CB6FE9051AD0B7FF00AD0BD2 /* LoadingView.xib in Resources */,
			);
			runOnlyForDeploymentPostprocessing = 0;
		};
		CB3B7D131A58374B005F6402 /* Resources */ = {
			isa = PBXResourcesBuildPhase;
			buildActionMask = 2147483647;
			files = (
			);
			runOnlyForDeploymentPostprocessing = 0;
		};
/* End PBXResourcesBuildPhase section */

/* Begin PBXShellScriptBuildPhase section */
		76BD728EBF3041788079E323 /* Check Pods Manifest.lock */ = {
			isa = PBXShellScriptBuildPhase;
			buildActionMask = 2147483647;
			files = (
			);
			inputPaths = (
			);
			name = "Check Pods Manifest.lock";
			outputPaths = (
			);
			runOnlyForDeploymentPostprocessing = 0;
			shellPath = /bin/sh;
			shellScript = "diff \"${PODS_ROOT}/../Podfile.lock\" \"${PODS_ROOT}/Manifest.lock\" > /dev/null\nif [[ $? != 0 ]] ; then\n    cat << EOM\nerror: The sandbox is not in sync with the Podfile.lock. Run 'pod install' or update your CocoaPods installation.\nEOM\n    exit 1\nfi\n";
			showEnvVarsInLog = 0;
		};
		CB5972AB1AD1C69600DAE5A1 /* ShellScript */ = {
			isa = PBXShellScriptBuildPhase;
			buildActionMask = 2147483647;
			files = (
			);
			inputPaths = (
			);
			outputPaths = (
			);
			runOnlyForDeploymentPostprocessing = 0;
			shellPath = /bin/sh;
			shellScript = "./Fabric.framework/run 24bd4aa2965aa284c142d530705152b352c6f190 465a3707204e3ab4baf7f5fd8e449c5a8606ee001bb3fbd532465fabbd34bcd6";
		};
		D75166FA41094543B4615782 /* Copy Pods Resources */ = {
			isa = PBXShellScriptBuildPhase;
			buildActionMask = 2147483647;
			files = (
			);
			inputPaths = (
			);
			name = "Copy Pods Resources";
			outputPaths = (
			);
			runOnlyForDeploymentPostprocessing = 0;
			shellPath = /bin/sh;
			shellScript = "\"${SRCROOT}/Pods/Target Support Files/Pods-Stndout/Pods-Stndout-resources.sh\"\n";
			showEnvVarsInLog = 0;
		};
/* End PBXShellScriptBuildPhase section */

/* Begin PBXSourcesBuildPhase section */
		CB3B7CF51A58374B005F6402 /* Sources */ = {
			isa = PBXSourcesBuildPhase;
			buildActionMask = 2147483647;
			files = (
				CB6FE9071AD0B7FF00AD0BD2 /* SoundPlayer.swift in Sources */,
				CB6FE8E21AD0B7FF00AD0BD2 /* FLSettings.m in Sources */,
				CB6FE8FF1AD0B7FF00AD0BD2 /* DesignableTextView.swift in Sources */,
				CB6879F41AD9DEDF00FCADA1 /* FBLGroupsViewController.m in Sources */,
				CB6FE8BC1AD0B7FF00AD0BD2 /* FLAnnotationInstructionsViewController.m in Sources */,
				CB6FE90E1AD0B7FF00AD0BD2 /* SpringTextView.swift in Sources */,
				CB6FE8CE1AD0B7FF00AD0BD2 /* FLFiltersStore.m in Sources */,
				CB6FE8E61AD0B7FF00AD0BD2 /* FLTOSViewController.m in Sources */,
				CB6FE9001AD0B7FF00AD0BD2 /* DesignableView.swift in Sources */,
				CB6FE8C81AD0B7FF00AD0BD2 /* FLFacebookPhotoCollectionViewCell.m in Sources */,
				CB6FE90C1AD0B7FF00AD0BD2 /* SpringLabel.swift in Sources */,
				CB6FE8DE1AD0B7FF00AD0BD2 /* FLSelectedPhotosCollectionViewController.m in Sources */,
				CB6FE8F11AD0B7FF00AD0BD2 /* FLUser.m in Sources */,
				CB6FE8D81AD0B7FF00AD0BD2 /* FLPhoto.m in Sources */,
				CB6FE8EE1AD0B7FF00AD0BD2 /* FLTutorialSolutionView.m in Sources */,
				CB6FE8F51AD0B7FF00AD0BD2 /* main.m in Sources */,
				CB6FE8EC1AD0B7FF00AD0BD2 /* FLTutorialResultView.m in Sources */,
				CB687A0E1ADA0F2C00FCADA1 /* FBLCameraUtil.m in Sources */,
				CB6FE9041AD0B7FF00AD0BD2 /* LoadingView.swift in Sources */,
				CB6FE8C31AD0B7FF00AD0BD2 /* FLAppDelegate.m in Sources */,
				CB6FE8D71AD0B7FF00AD0BD2 /* FLLoginViewController.m in Sources */,
				CB687A071ADA079700FCADA1 /* FBLMessageController.m in Sources */,
				CB6FE8F81AD0B7FF00AD0BD2 /* AsyncImageView.swift in Sources */,
				CB6FE90B1AD0B7FF00AD0BD2 /* SpringImageView.swift in Sources */,
				CB6FE8E81AD0B7FF00AD0BD2 /* FLTutorialHowView.m in Sources */,
				CB6FE8E51AD0B7FF00AD0BD2 /* FLToolsStore.m in Sources */,
				CB6FE8FE1AD0B7FF00AD0BD2 /* DesignableTextField.swift in Sources */,
				CB6FE8CA1AD0B7FF00AD0BD2 /* FLFacebookPhotoPickerViewController.m in Sources */,
				CB6FE8FA1AD0B7FF00AD0BD2 /* DesignableButton.swift in Sources */,
				CB6FE8D61AD0B7FF00AD0BD2 /* FLLoginView.m in Sources */,
				CB6FE8D91AD0B7FF00AD0BD2 /* FLPhotoCollectionViewCell.m in Sources */,
				CB6FE8CB1AD0B7FF00AD0BD2 /* FLFacebookUploadModalViewController.m in Sources */,
				CB6FE8DF1AD0B7FF00AD0BD2 /* FLSelectedPhotoStore.m in Sources */,
				CB6FE8FC1AD0B7FF00AD0BD2 /* DesignableLabel.swift in Sources */,
				CB6FE9081AD0B7FF00AD0BD2 /* Spring.swift in Sources */,
				CB6FE9011AD0B7FF00AD0BD2 /* ImageLoader.swift in Sources */,
				CB6FE8DD1AD0B7FF00AD0BD2 /* FLProcessedImagesStore.m in Sources */,
				CB687A0A1ADA08D500FCADA1 /* FBLPushNotificationController.m in Sources */,
				CB6FE8FD1AD0B7FF00AD0BD2 /* DesignableTabBarController.swift in Sources */,
				CB6FE9031AD0B7FF00AD0BD2 /* KeyboardLayoutConstraint.swift in Sources */,
				CB6FE8F71AD0B7FF00AD0BD2 /* AsyncButton.swift in Sources */,
				CB6FE8BF1AD0B7FF00AD0BD2 /* FLAnnotationTableEmptyMessageView.m in Sources */,
				CB6FE8F21AD0B7FF00AD0BD2 /* FLViewHelpers.m in Sources */,
				CB6FE8FB1AD0B7FF00AD0BD2 /* DesignableImageView.swift in Sources */,
				CB6879FD1AD9DF1300FCADA1 /* FBLProfileViewController.m in Sources */,
				CB6FE8C11AD0B7FF00AD0BD2 /* FLAnnotationTableViewCell.m in Sources */,
				CB6FE9111AD0B7FF00AD0BD2 /* TransitionZoom.swift in Sources */,
				CB6FE8CC1AD0B7FF00AD0BD2 /* FLFilterSlider.m in Sources */,
				CB6FE8D21AD0B7FF00AD0BD2 /* FLImageAnnotationViewController.m in Sources */,
				CB6FE90D1AD0B7FF00AD0BD2 /* SpringTextField.swift in Sources */,
				CB6FE9091AD0B7FF00AD0BD2 /* SpringAnimation.swift in Sources */,
				CB6FE8BE1AD0B7FF00AD0BD2 /* FLAnnotationStore.m in Sources */,
				CB6FE8F91AD0B7FF00AD0BD2 /* BlurView.swift in Sources */,
				CB6FE90A1AD0B7FF00AD0BD2 /* SpringButton.swift in Sources */,
				CB6FE8E41AD0B7FF00AD0BD2 /* FLTabBarViewController.m in Sources */,
				CB6FE8D31AD0B7FF00AD0BD2 /* FLImageFilterViewController.m in Sources */,
				CB6FE8EA1AD0B7FF00AD0BD2 /* FLTutorialProcessView.m in Sources */,
				CB687A021AD9FDA800FCADA1 /* FBLChatViewController.m in Sources */,
				CB6FE9061AD0B7FF00AD0BD2 /* Misc.swift in Sources */,
				CB6FE8E01AD0B7FF00AD0BD2 /* FLSelectionCollectionEmptyMessageView.m in Sources */,
				CB6FE8C71AD0B7FF00AD0BD2 /* FLFacebookAlbumTableViewController.m in Sources */,
				CB6879EE1AD9DEC400FCADA1 /* FBLChatsViewController.m in Sources */,
				CB6FE8C41AD0B7FF00AD0BD2 /* FLContactViewController.m in Sources */,
				CB6879E81AD9D6FD00FCADA1 /* FBLFeedbackTabBarController.m in Sources */,
				CB6FE8E31AD0B7FF00AD0BD2 /* FLSettingsViewController.m in Sources */,
				CB6FE90F1AD0B7FF00AD0BD2 /* SpringView.swift in Sources */,
				CB6FE9101AD0B7FF00AD0BD2 /* TransitionManager.swift in Sources */,
				CB6FE8BB1AD0B7FF00AD0BD2 /* CollectionViewHelpers.m in Sources */,
				CB6FE8F01AD0B7FF00AD0BD2 /* FLTutorialViewController.m in Sources */,
				CB6FE9121AD0B7FF00AD0BD2 /* UnwindSegue.swift in Sources */,
				CB6FE8DB1AD0B7FF00AD0BD2 /* FLPrivacyViewController.m in Sources */,
				CB6FE8D41AD0B7FF00AD0BD2 /* FLLoginSlide.m in Sources */,
				CB6FE8CD1AD0B7FF00AD0BD2 /* FLFiltersPromptViewController.m in Sources */,
				CB6FE8C61AD0B7FF00AD0BD2 /* FLErrorHandler.m in Sources */,
				CB6FE8BD1AD0B7FF00AD0BD2 /* FLAnnotationNavViewController.m in Sources */,
				CB6FE8CF1AD0B7FF00AD0BD2 /* FLFilterTableViewCell.m in Sources */,
			);
			runOnlyForDeploymentPostprocessing = 0;
		};
		CB3B7D111A58374B005F6402 /* Sources */ = {
			isa = PBXSourcesBuildPhase;
			buildActionMask = 2147483647;
			files = (
				CB3B7D1C1A58374B005F6402 /* FlameyTests.m in Sources */,
			);
			runOnlyForDeploymentPostprocessing = 0;
		};
/* End PBXSourcesBuildPhase section */

/* Begin PBXTargetDependency section */
		CB3B7D171A58374B005F6402 /* PBXTargetDependency */ = {
			isa = PBXTargetDependency;
			target = CB3B7CF81A58374B005F6402 /* Stndout */;
			targetProxy = CB3B7D161A58374B005F6402 /* PBXContainerItemProxy */;
		};
/* End PBXTargetDependency section */

/* Begin PBXVariantGroup section */
		CB6FE8261AD0B7FF00AD0BD2 /* LaunchScreen.xib */ = {
			isa = PBXVariantGroup;
			children = (
				CB6FE8271AD0B7FF00AD0BD2 /* Base */,
			);
			name = LaunchScreen.xib;
			sourceTree = "<group>";
		};
		CB6FE8281AD0B7FF00AD0BD2 /* Main.storyboard */ = {
			isa = PBXVariantGroup;
			children = (
				CB6FE8291AD0B7FF00AD0BD2 /* Base */,
			);
			name = Main.storyboard;
			sourceTree = "<group>";
		};
/* End PBXVariantGroup section */

/* Begin XCBuildConfiguration section */
		CB3B7D1D1A58374B005F6402 /* Debug */ = {
			isa = XCBuildConfiguration;
			buildSettings = {
				ALWAYS_SEARCH_USER_PATHS = NO;
				CLANG_CXX_LANGUAGE_STANDARD = "gnu++0x";
				CLANG_CXX_LIBRARY = "libc++";
				CLANG_ENABLE_MODULES = YES;
				CLANG_ENABLE_OBJC_ARC = YES;
				CLANG_WARN_BOOL_CONVERSION = YES;
				CLANG_WARN_CONSTANT_CONVERSION = YES;
				CLANG_WARN_DIRECT_OBJC_ISA_USAGE = YES_ERROR;
				CLANG_WARN_EMPTY_BODY = YES;
				CLANG_WARN_ENUM_CONVERSION = YES;
				CLANG_WARN_INT_CONVERSION = YES;
				CLANG_WARN_OBJC_ROOT_CLASS = YES_ERROR;
				CLANG_WARN_UNREACHABLE_CODE = YES;
				CLANG_WARN__DUPLICATE_METHOD_MATCH = YES;
				CODE_SIGN_IDENTITY = "iPhone Developer: Shane Rogers (AAA27M4R82)";
				"CODE_SIGN_IDENTITY[sdk=iphoneos*]" = "iPhone Developer: Shane Rogers (AAA27M4R82)";
				COPY_PHASE_STRIP = NO;
				ENABLE_STRICT_OBJC_MSGSEND = YES;
				GCC_C_LANGUAGE_STANDARD = gnu99;
				GCC_DYNAMIC_NO_PIC = NO;
				GCC_OPTIMIZATION_LEVEL = 0;
				GCC_PREPROCESSOR_DEFINITIONS = (
					"DEBUG=1",
					"$(inherited)",
				);
				GCC_SYMBOLS_PRIVATE_EXTERN = NO;
				GCC_WARN_64_TO_32_BIT_CONVERSION = YES;
				GCC_WARN_ABOUT_RETURN_TYPE = YES_ERROR;
				GCC_WARN_UNDECLARED_SELECTOR = YES;
				GCC_WARN_UNINITIALIZED_AUTOS = YES_AGGRESSIVE;
				GCC_WARN_UNUSED_FUNCTION = YES;
				GCC_WARN_UNUSED_VARIABLE = YES;
				IPHONEOS_DEPLOYMENT_TARGET = 8.1;
				MTL_ENABLE_DEBUG_INFO = YES;
				ONLY_ACTIVE_ARCH = YES;
				PROVISIONING_PROFILE = "1703d8b8-398f-4d80-bff9-e4d7db41ce11";
				SDKROOT = iphoneos;
			};
			name = Debug;
		};
		CB3B7D1E1A58374B005F6402 /* Release */ = {
			isa = XCBuildConfiguration;
			buildSettings = {
				ALWAYS_SEARCH_USER_PATHS = NO;
				CLANG_CXX_LANGUAGE_STANDARD = "gnu++0x";
				CLANG_CXX_LIBRARY = "libc++";
				CLANG_ENABLE_MODULES = YES;
				CLANG_ENABLE_OBJC_ARC = YES;
				CLANG_WARN_BOOL_CONVERSION = YES;
				CLANG_WARN_CONSTANT_CONVERSION = YES;
				CLANG_WARN_DIRECT_OBJC_ISA_USAGE = YES_ERROR;
				CLANG_WARN_EMPTY_BODY = YES;
				CLANG_WARN_ENUM_CONVERSION = YES;
				CLANG_WARN_INT_CONVERSION = YES;
				CLANG_WARN_OBJC_ROOT_CLASS = YES_ERROR;
				CLANG_WARN_UNREACHABLE_CODE = YES;
				CLANG_WARN__DUPLICATE_METHOD_MATCH = YES;
				CODE_SIGN_IDENTITY = "iPhone Developer: Shane Rogers (AAA27M4R82)";
				"CODE_SIGN_IDENTITY[sdk=iphoneos*]" = "iPhone Developer: Shane Rogers (AAA27M4R82)";
				COPY_PHASE_STRIP = YES;
				ENABLE_NS_ASSERTIONS = NO;
				ENABLE_STRICT_OBJC_MSGSEND = YES;
				GCC_C_LANGUAGE_STANDARD = gnu99;
				GCC_WARN_64_TO_32_BIT_CONVERSION = YES;
				GCC_WARN_ABOUT_RETURN_TYPE = YES_ERROR;
				GCC_WARN_UNDECLARED_SELECTOR = YES;
				GCC_WARN_UNINITIALIZED_AUTOS = YES_AGGRESSIVE;
				GCC_WARN_UNUSED_FUNCTION = YES;
				GCC_WARN_UNUSED_VARIABLE = YES;
				IPHONEOS_DEPLOYMENT_TARGET = 8.1;
				MTL_ENABLE_DEBUG_INFO = NO;
				PROVISIONING_PROFILE = "1703d8b8-398f-4d80-bff9-e4d7db41ce11";
				SDKROOT = iphoneos;
				VALIDATE_PRODUCT = YES;
			};
			name = Release;
		};
		CB3B7D201A58374B005F6402 /* Debug */ = {
			isa = XCBuildConfiguration;
			baseConfigurationReference = 067A9FC38B3101CE4C8B6339 /* Pods-Stndout.debug.xcconfig */;
			buildSettings = {
				ASSETCATALOG_COMPILER_APPICON_NAME = AppIcon;
				CODE_SIGN_IDENTITY = "iPhone Developer: Shane Rogers (AAA27M4R82)";
				"CODE_SIGN_IDENTITY[sdk=iphoneos*]" = "iPhone Developer: Shane Rogers (AAA27M4R82)";
				FRAMEWORK_SEARCH_PATHS = (
					"$(inherited)",
					/Users/shanerogers/Documents/FacebookSDK,
					"$(PROJECT_DIR)",
				);
				INFOPLIST_FILE = "$(SRCROOT)/Stndout/Info.plist";
				IPHONEOS_DEPLOYMENT_TARGET = 8.1;
				LD_RUNPATH_SEARCH_PATHS = "$(inherited) @executable_path/Frameworks";
				PRODUCT_NAME = Stndout;
				PROVISIONING_PROFILE = "1703d8b8-398f-4d80-bff9-e4d7db41ce11";
			};
			name = Debug;
		};
		CB3B7D211A58374B005F6402 /* Release */ = {
			isa = XCBuildConfiguration;
			baseConfigurationReference = 3B003C3C13253F1D84B7E4B2 /* Pods-Stndout.release.xcconfig */;
			buildSettings = {
				ASSETCATALOG_COMPILER_APPICON_NAME = AppIcon;
				CODE_SIGN_IDENTITY = "iPhone Developer: Shane Rogers (AAA27M4R82)";
				"CODE_SIGN_IDENTITY[sdk=iphoneos*]" = "iPhone Developer: Shane Rogers (AAA27M4R82)";
				FRAMEWORK_SEARCH_PATHS = (
					"$(inherited)",
					/Users/shanerogers/Documents/FacebookSDK,
					"$(PROJECT_DIR)",
				);
				INFOPLIST_FILE = "$(SRCROOT)/Stndout/Info.plist";
				IPHONEOS_DEPLOYMENT_TARGET = 8.1;
				LD_RUNPATH_SEARCH_PATHS = "$(inherited) @executable_path/Frameworks";
				PRODUCT_NAME = Stndout;
				PROVISIONING_PROFILE = "1703d8b8-398f-4d80-bff9-e4d7db41ce11";
			};
			name = Release;
		};
		CB3B7D231A58374B005F6402 /* Debug */ = {
			isa = XCBuildConfiguration;
			buildSettings = {
				BUNDLE_LOADER = "$(TEST_HOST)";
				FRAMEWORK_SEARCH_PATHS = (
					"$(SDKROOT)/Developer/Library/Frameworks",
					"$(inherited)",
				);
				GCC_PREPROCESSOR_DEFINITIONS = (
					"DEBUG=1",
					"$(inherited)",
				);
				INFOPLIST_FILE = FlameyTests/Info.plist;
				LD_RUNPATH_SEARCH_PATHS = "$(inherited) @executable_path/Frameworks @loader_path/Frameworks";
				PRODUCT_NAME = StndoutTests;
				TEST_HOST = "$(BUILT_PRODUCTS_DIR)/Flamey.app/Flamey";
			};
			name = Debug;
		};
		CB3B7D241A58374B005F6402 /* Release */ = {
			isa = XCBuildConfiguration;
			buildSettings = {
				BUNDLE_LOADER = "$(TEST_HOST)";
				FRAMEWORK_SEARCH_PATHS = (
					"$(SDKROOT)/Developer/Library/Frameworks",
					"$(inherited)",
				);
				INFOPLIST_FILE = FlameyTests/Info.plist;
				LD_RUNPATH_SEARCH_PATHS = "$(inherited) @executable_path/Frameworks @loader_path/Frameworks";
				PRODUCT_NAME = StndoutTests;
				TEST_HOST = "$(BUILT_PRODUCTS_DIR)/Flamey.app/Flamey";
			};
			name = Release;
		};
/* End XCBuildConfiguration section */

/* Begin XCConfigurationList section */
		CB3B7CF41A58374B005F6402 /* Build configuration list for PBXProject "Stndout" */ = {
			isa = XCConfigurationList;
			buildConfigurations = (
				CB3B7D1D1A58374B005F6402 /* Debug */,
				CB3B7D1E1A58374B005F6402 /* Release */,
			);
			defaultConfigurationIsVisible = 0;
			defaultConfigurationName = Release;
		};
		CB3B7D1F1A58374B005F6402 /* Build configuration list for PBXNativeTarget "Stndout" */ = {
			isa = XCConfigurationList;
			buildConfigurations = (
				CB3B7D201A58374B005F6402 /* Debug */,
				CB3B7D211A58374B005F6402 /* Release */,
			);
			defaultConfigurationIsVisible = 0;
			defaultConfigurationName = Release;
		};
		CB3B7D221A58374B005F6402 /* Build configuration list for PBXNativeTarget "StndoutTests" */ = {
			isa = XCConfigurationList;
			buildConfigurations = (
				CB3B7D231A58374B005F6402 /* Debug */,
				CB3B7D241A58374B005F6402 /* Release */,
			);
			defaultConfigurationIsVisible = 0;
			defaultConfigurationName = Release;
		};
/* End XCConfigurationList section */
	};
	rootObject = CB3B7CF11A58374B005F6402 /* Project object */;
}
